// !$*UTF8*$!
{
	archiveVersion = 1;
	classes = {
	};
	objectVersion = 46;
	objects = {

/* Begin PBXBuildFile section */
		5600BB831B58DF0100092FD3 /* DetailWebViewController.m in Sources */ = {isa = PBXBuildFile; fileRef = 562821611B4A47B10044B4A9 /* DetailWebViewController.m */; };
		5600BB841B58DF0100092FD3 /* VDLPlaybackViewController.m in Sources */ = {isa = PBXBuildFile; fileRef = 56D4377F1B56645B0010CFB2 /* VDLPlaybackViewController.m */; };
		562EEF6B1B45166C006ADF6D /* Security.framework in Frameworks */ = {isa = PBXBuildFile; fileRef = 562EEF6A1B45166C006ADF6D /* Security.framework */; };
		562EEF6D1B45167B006ADF6D /* MediaPlayer.framework in Frameworks */ = {isa = PBXBuildFile; fileRef = 562EEF6C1B45167B006ADF6D /* MediaPlayer.framework */; };
		562EEF6F1B45168A006ADF6D /* CoreGraphics.framework in Frameworks */ = {isa = PBXBuildFile; fileRef = 562EEF6E1B45168A006ADF6D /* CoreGraphics.framework */; };
		562EEF711B451710006ADF6D /* QuartzCore.framework in Frameworks */ = {isa = PBXBuildFile; fileRef = 562EEF701B451710006ADF6D /* QuartzCore.framework */; };
		562EEF731B451727006ADF6D /* libstdc++.dylib in Frameworks */ = {isa = PBXBuildFile; fileRef = 562EEF721B451727006ADF6D /* libstdc++.dylib */; };
		562EEF771B45197B006ADF6D /* libiconv.dylib in Frameworks */ = {isa = PBXBuildFile; fileRef = 562EEF761B45197B006ADF6D /* libiconv.dylib */; };
		562EEF791B4519A3006ADF6D /* libbz2.dylib in Frameworks */ = {isa = PBXBuildFile; fileRef = 562EEF781B4519A3006ADF6D /* libbz2.dylib */; };
		562EEF7B1B451C5E006ADF6D /* CoreText.framework in Frameworks */ = {isa = PBXBuildFile; fileRef = 562EEF7A1B451C5E006ADF6D /* CoreText.framework */; };
		562EEF7D1B451C68006ADF6D /* CFNetwork.framework in Frameworks */ = {isa = PBXBuildFile; fileRef = 562EEF7C1B451C68006ADF6D /* CFNetwork.framework */; };
		562EEF7F1B451C76006ADF6D /* OpenGLES.framework in Frameworks */ = {isa = PBXBuildFile; fileRef = 562EEF7E1B451C76006ADF6D /* OpenGLES.framework */; };
		562EEF811B451C83006ADF6D /* AudioToolbox.framework in Frameworks */ = {isa = PBXBuildFile; fileRef = 562EEF801B451C83006ADF6D /* AudioToolbox.framework */; };
		562EEF831B451C8E006ADF6D /* UIKit.framework in Frameworks */ = {isa = PBXBuildFile; fileRef = 562EEF821B451C8E006ADF6D /* UIKit.framework */; };
		562EEF851B451CA6006ADF6D /* Foundation.framework in Frameworks */ = {isa = PBXBuildFile; fileRef = 562EEF841B451CA6006ADF6D /* Foundation.framework */; };
		5645C55A1B4669AB0037C505 /* VDLViewController.m in Sources */ = {isa = PBXBuildFile; fileRef = 5645C5581B4669AB0037C505 /* VDLViewController.m */; };
		5645C55B1B4669AB0037C505 /* VDLViewController.xib in Resources */ = {isa = PBXBuildFile; fileRef = 5645C5591B4669AB0037C505 /* VDLViewController.xib */; };
		5645C55D1B466A8C0037C505 /* MobileVLCKit.framework in Frameworks */ = {isa = PBXBuildFile; fileRef = 5645C55C1B466A8C0037C505 /* MobileVLCKit.framework */; };
		564B56251B43E78F003A4A14 /* main.m in Sources */ = {isa = PBXBuildFile; fileRef = 564B56241B43E78F003A4A14 /* main.m */; };
		564B56301B43E78F003A4A14 /* Images.xcassets in Resources */ = {isa = PBXBuildFile; fileRef = 564B562F1B43E78F003A4A14 /* Images.xcassets */; };
		564B563F1B43E78F003A4A14 /* PZHTests.m in Sources */ = {isa = PBXBuildFile; fileRef = 564B563E1B43E78F003A4A14 /* PZHTests.m */; };
		564B56561B43E823003A4A14 /* AppDelegate.m in Sources */ = {isa = PBXBuildFile; fileRef = 564B56491B43E823003A4A14 /* AppDelegate.m */; };
		564B56571B43E823003A4A14 /* ConnectionAPI.m in Sources */ = {isa = PBXBuildFile; fileRef = 564B564B1B43E823003A4A14 /* ConnectionAPI.m */; };
		564B56581B43E823003A4A14 /* IntoPZHViewController.m in Sources */ = {isa = PBXBuildFile; fileRef = 564B564D1B43E823003A4A14 /* IntoPZHViewController.m */; };
		564B56591B43E823003A4A14 /* MainViewController.m in Sources */ = {isa = PBXBuildFile; fileRef = 564B564F1B43E823003A4A14 /* MainViewController.m */; };
		564B565A1B43E823003A4A14 /* PicForPZHViewController.m in Sources */ = {isa = PBXBuildFile; fileRef = 564B56511B43E823003A4A14 /* PicForPZHViewController.m */; };
		564B565B1B43E823003A4A14 /* VideoForPZHViewController.m in Sources */ = {isa = PBXBuildFile; fileRef = 564B56531B43E823003A4A14 /* VideoForPZHViewController.m */; };
		565B48711B68CD020012C7F6 /* AnnouncementOfWorkViewController.m in Sources */ = {isa = PBXBuildFile; fileRef = 565B48701B68CD020012C7F6 /* AnnouncementOfWorkViewController.m */; };
		565B48741B68D5F20012C7F6 /* OnlineBusinessSearchViewController.m in Sources */ = {isa = PBXBuildFile; fileRef = 565B48731B68D5F20012C7F6 /* OnlineBusinessSearchViewController.m */; };
		565B48771B68D6D40012C7F6 /* StatisticsOfWorkViewController.m in Sources */ = {isa = PBXBuildFile; fileRef = 565B48761B68D6D40012C7F6 /* StatisticsOfWorkViewController.m */; };
		565B48B61B68D77E0012C7F6 /* bjan.png in Resources */ = {isa = PBXBuildFile; fileRef = 565B48791B68D77E0012C7F6 /* bjan.png */; };
		565B48B71B68D77E0012C7F6 /* bs.png in Resources */ = {isa = PBXBuildFile; fileRef = 565B487A1B68D77E0012C7F6 /* bs.png */; };
		565B48B81B68D77E0012C7F6 /* bsgg.png in Resources */ = {isa = PBXBuildFile; fileRef = 565B487B1B68D77E0012C7F6 /* bsgg.png */; };
		565B48B91B68D77E0012C7F6 /* ls.png in Resources */ = {isa = PBXBuildFile; fileRef = 565B487C1B68D77E0012C7F6 /* ls.png */; };
		565B48BA1B68D77E0012C7F6 /* lstd.png in Resources */ = {isa = PBXBuildFile; fileRef = 565B487D1B68D77E0012C7F6 /* lstd.png */; };
		565B48BB1B68D77E0012C7F6 /* mxqy.png in Resources */ = {isa = PBXBuildFile; fileRef = 565B487E1B68D77E0012C7F6 /* mxqy.png */; };
		565B48BC1B68D77E0012C7F6 /* mxsm.png in Resources */ = {isa = PBXBuildFile; fileRef = 565B487F1B68D77E0012C7F6 /* mxsm.png */; };
		565B48BD1B68D77E0012C7F6 /* qy.png in Resources */ = {isa = PBXBuildFile; fileRef = 565B48801B68D77E0012C7F6 /* qy.png */; };
		565B48BE1B68D77E0012C7F6 /* sm.png in Resources */ = {isa = PBXBuildFile; fileRef = 565B48811B68D77E0012C7F6 /* sm.png */; };
		565B48BF1B68D77E0012C7F6 /* bjtj.png in Resources */ = {isa = PBXBuildFile; fileRef = 565B48831B68D77E0012C7F6 /* bjtj.png */; };
		565B48C01B68D77E0012C7F6 /* bsggicon.png in Resources */ = {isa = PBXBuildFile; fileRef = 565B48841B68D77E0012C7F6 /* bsggicon.png */; };
		565B48C11B68D77E0012C7F6 /* rdbssx.png in Resources */ = {isa = PBXBuildFile; fileRef = 565B48851B68D77E0012C7F6 /* rdbssx.png */; };
		565B48C21B68D77E0012C7F6 /* zxbscx.png in Resources */ = {isa = PBXBuildFile; fileRef = 565B48861B68D77E0012C7F6 /* zxbscx.png */; };
		565B48C31B68D77E0012C7F6 /* bm.png in Resources */ = {isa = PBXBuildFile; fileRef = 565B48881B68D77E0012C7F6 /* bm.png */; };
		565B48C41B68D77E0012C7F6 /* cjr.png in Resources */ = {isa = PBXBuildFile; fileRef = 565B48891B68D77E0012C7F6 /* cjr.png */; };
		565B48C51B68D77E0012C7F6 /* et.png in Resources */ = {isa = PBXBuildFile; fileRef = 565B488A1B68D77E0012C7F6 /* et.png */; };
		565B48C61B68D77E0012C7F6 /* fl.png in Resources */ = {isa = PBXBuildFile; fileRef = 565B488B1B68D77E0012C7F6 /* fl.png */; };
		565B48C71B68D77E0012C7F6 /* tzz.png in Resources */ = {isa = PBXBuildFile; fileRef = 565B488C1B68D77E0012C7F6 /* tzz.png */; };
		565B48C81B68D77E0012C7F6 /* xs.png in Resources */ = {isa = PBXBuildFile; fileRef = 565B488D1B68D77E0012C7F6 /* xs.png */; };
		565B48C91B68D77E0012C7F6 /* aqfh.png in Resources */ = {isa = PBXBuildFile; fileRef = 565B488F1B68D77E0012C7F6 /* aqfh.png */; };
		565B48CA1B68D77E0012C7F6 /* cssw.png in Resources */ = {isa = PBXBuildFile; fileRef = 565B48901B68D77E0012C7F6 /* cssw.png */; };
		565B48CB1B68D77E0012C7F6 /* dwmy.png in Resources */ = {isa = PBXBuildFile; fileRef = 565B48911B68D77E0012C7F6 /* dwmy.png */; };
		565B48CC1B68D77E0012C7F6 /* flsf.png in Resources */ = {isa = PBXBuildFile; fileRef = 565B48921B68D77E0012C7F6 /* flsf.png */; };
		565B48CD1B68D77E0012C7F6 /* gcjs.png in Resources */ = {isa = PBXBuildFile; fileRef = 565B48931B68D77E0012C7F6 /* gcjs.png */; };
		565B48CE1B68D77E0012C7F6 /* hblh.png in Resources */ = {isa = PBXBuildFile; fileRef = 565B48941B68D77E0012C7F6 /* hblh.png */; };
		565B48CF1B68D77E0012C7F6 /* jrbx.png in Resources */ = {isa = PBXBuildFile; fileRef = 565B48951B68D77E0012C7F6 /* jrbx.png */; };
		565B48D01B68D77E0012C7F6 /* jygl.png in Resources */ = {isa = PBXBuildFile; fileRef = 565B48961B68D77E0012C7F6 /* jygl.png */; };
		565B48D11B68D77E0012C7F6 /* ldbz.png in Resources */ = {isa = PBXBuildFile; fileRef = 565B48971B68D77E0012C7F6 /* ldbz.png */; };
		565B48D21B68D77E0012C7F6 /* njbl.png in Resources */ = {isa = PBXBuildFile; fileRef = 565B48981B68D77E0012C7F6 /* njbl.png */; };
		565B48D31B68D77E0012C7F6 /* pcsb.png in Resources */ = {isa = PBXBuildFile; fileRef = 565B48991B68D77E0012C7F6 /* pcsb.png */; };
		565B48D41B68D77E0012C7F6 /* rlzy.png in Resources */ = {isa = PBXBuildFile; fileRef = 565B489A1B68D77E0012C7F6 /* rlzy.png */; };
		565B48D51B68D77E0012C7F6 /* tdfc.png in Resources */ = {isa = PBXBuildFile; fileRef = 565B489B1B68D77E0012C7F6 /* tdfc.png */; };
		565B48D61B68D77E0012C7F6 /* xwcb.png in Resources */ = {isa = PBXBuildFile; fileRef = 565B489C1B68D77E0012C7F6 /* xwcb.png */; };
		565B48D71B68D77E0012C7F6 /* zhqt.png in Resources */ = {isa = PBXBuildFile; fileRef = 565B489D1B68D77E0012C7F6 /* zhqt.png */; };
		565B48D81B68D77E0012C7F6 /* zljd.png in Resources */ = {isa = PBXBuildFile; fileRef = 565B489E1B68D77E0012C7F6 /* zljd.png */; };
		565B48D91B68D77E0012C7F6 /* zscq.png in Resources */ = {isa = PBXBuildFile; fileRef = 565B489F1B68D77E0012C7F6 /* zscq.png */; };
		565B48DA1B68D77E0012C7F6 /* byfw.png in Resources */ = {isa = PBXBuildFile; fileRef = 565B48A11B68D77E0012C7F6 /* byfw.png */; };
		565B48DB1B68D77E0012C7F6 /* cxly.png in Resources */ = {isa = PBXBuildFile; fileRef = 565B48A21B68D77E0012C7F6 /* cxly.png */; };
		565B48DC1B68D77E0012C7F6 /* cyzs.png in Resources */ = {isa = PBXBuildFile; fileRef = 565B48A31B68D77E0012C7F6 /* cyzs.png */; };
		565B48DD1B68D77E0012C7F6 /* etfw.png in Resources */ = {isa = PBXBuildFile; fileRef = 565B48A41B68D77E0012C7F6 /* etfw.png */; };
		565B48DE1B68D77E0012C7F6 /* flsfsm.png in Resources */ = {isa = PBXBuildFile; fileRef = 565B48A51B68D77E0012C7F6 /* flsfsm.png */; };
		565B48DF1B68D77E0012C7F6 /* ggsy.png in Resources */ = {isa = PBXBuildFile; fileRef = 565B48A61B68D77E0012C7F6 /* ggsy.png */; };
		565B48E01B68D77E0012C7F6 /* gwyl.png in Resources */ = {isa = PBXBuildFile; fileRef = 565B48A71B68D77E0012C7F6 /* gwyl.png */; };
		565B48E11B68D77E0012C7F6 /* hyfw.png in Resources */ = {isa = PBXBuildFile; fileRef = 565B48A81B68D77E0012C7F6 /* hyfw.png */; };
		565B48E21B68D77E0012C7F6 /* jrfw.png in Resources */ = {isa = PBXBuildFile; fileRef = 565B48A91B68D77E0012C7F6 /* jrfw.png */; };
		565B48E31B68D77E0012C7F6 /* jtcl.png in Resources */ = {isa = PBXBuildFile; fileRef = 565B48AA1B68D77E0012C7F6 /* jtcl.png */; };
		565B48E41B68D77E0012C7F6 /* jtsq.png in Resources */ = {isa = PBXBuildFile; fileRef = 565B48AB1B68D77E0012C7F6 /* jtsq.png */; };
		565B48E51B68D77E0012C7F6 /* jypx.png in Resources */ = {isa = PBXBuildFile; fileRef = 565B48AC1B68D77E0012C7F6 /* jypx.png */; };
		565B48E61B68D77E0012C7F6 /* jyqz.png in Resources */ = {isa = PBXBuildFile; fileRef = 565B48AD1B68D77E0012C7F6 /* jyqz.png */; };
		565B48E71B68D77E0012C7F6 /* lnsh.png in Resources */ = {isa = PBXBuildFile; fileRef = 565B48AE1B68D77E0012C7F6 /* lnsh.png */; };
		565B48E81B68D77E0012C7F6 /* shbz.png in Resources */ = {isa = PBXBuildFile; fileRef = 565B48AF1B68D77E0012C7F6 /* shbz.png */; };
		565B48E91B68D77E0012C7F6 /* shqz.png in Resources */ = {isa = PBXBuildFile; fileRef = 565B48B01B68D77E0012C7F6 /* shqz.png */; };
		565B48EA1B68D77E0012C7F6 /* syfw.png in Resources */ = {isa = PBXBuildFile; fileRef = 565B48B11B68D77E0012C7F6 /* syfw.png */; };
		565B48EB1B68D77E0012C7F6 /* tdzf.png in Resources */ = {isa = PBXBuildFile; fileRef = 565B48B21B68D77E0012C7F6 /* tdzf.png */; };
		565B48EC1B68D77E0012C7F6 /* xfqy.png in Resources */ = {isa = PBXBuildFile; fileRef = 565B48B31B68D77E0012C7F6 /* xfqy.png */; };
		565B48ED1B68D77E0012C7F6 /* ylbx.png in Resources */ = {isa = PBXBuildFile; fileRef = 565B48B41B68D77E0012C7F6 /* ylbx.png */; };
		565B48EE1B68D77E0012C7F6 /* zjbl.png in Resources */ = {isa = PBXBuildFile; fileRef = 565B48B51B68D77E0012C7F6 /* zjbl.png */; };
		56858B751B43ED93007873FE /* AVFoundation.framework in Frameworks */ = {isa = PBXBuildFile; fileRef = 56858B741B43ED93007873FE /* AVFoundation.framework */; };
		56B1BFA21B6215B000A844CF /* OpenGovernmentAffairsViewController.m in Sources */ = {isa = PBXBuildFile; fileRef = 56B1BFA11B6215B000A844CF /* OpenGovernmentAffairsViewController.m */; };
		56B1C0561B6230B300A844CF /* dj_1.png in Resources */ = {isa = PBXBuildFile; fileRef = 56B1C0141B6230B300A844CF /* dj_1.png */; };
		56B1C05F1B6230B300A844CF /* zi_1.png in Resources */ = {isa = PBXBuildFile; fileRef = 56B1C01E1B6230B300A844CF /* zi_1.png */; };
		56B1C0601B6230B300A844CF /* zi_2.png in Resources */ = {isa = PBXBuildFile; fileRef = 56B1C01F1B6230B300A844CF /* zi_2.png */; };
		56B1C0611B6230B300A844CF /* zi_3.png in Resources */ = {isa = PBXBuildFile; fileRef = 56B1C0201B6230B300A844CF /* zi_3.png */; };
		56B1C0621B6230B300A844CF /* zi_4.png in Resources */ = {isa = PBXBuildFile; fileRef = 56B1C0211B6230B300A844CF /* zi_4.png */; };
		56B1C0631B6230B300A844CF /* zi_5.png in Resources */ = {isa = PBXBuildFile; fileRef = 56B1C0221B6230B300A844CF /* zi_5.png */; };
		56B1C0641B6230B300A844CF /* sq.png in Resources */ = {isa = PBXBuildFile; fileRef = 56B1C0241B6230B300A844CF /* sq.png */; };
		56B1C0651B6230B300A844CF /* zr.png in Resources */ = {isa = PBXBuildFile; fileRef = 56B1C0251B6230B300A844CF /* zr.png */; };
		56B1C0661B6230B300A844CF /* gm.png in Resources */ = {isa = PBXBuildFile; fileRef = 56B1C0261B6230B300A844CF /* gm.png */; };
		56B1C0671B6230B300A844CF /* tk.png in Resources */ = {isa = PBXBuildFile; fileRef = 56B1C0271B6230B300A844CF /* tk.png */; };
		56B1C0681B6230B300A844CF /* sp.png in Resources */ = {isa = PBXBuildFile; fileRef = 56B1C0281B6230B300A844CF /* sp.png */; };
		56B1C06B1B6230B300A844CF /* sqgk.png in Resources */ = {isa = PBXBuildFile; fileRef = 56B1C02B1B6230B300A844CF /* sqgk.png */; };
		56B1C06C1B6230B300A844CF /* zrgk.png in Resources */ = {isa = PBXBuildFile; fileRef = 56B1C02C1B6230B300A844CF /* zrgk.png */; };
		56B1C06D1B6230B300A844CF /* gmjj.png in Resources */ = {isa = PBXBuildFile; fileRef = 56B1C02D1B6230B300A844CF /* gmjj.png */; };
		56B1C06E1B6230B300A844CF /* tkpzh.png in Resources */ = {isa = PBXBuildFile; fileRef = 56B1C02E1B6230B300A844CF /* tkpzh.png */; };
		56B1C06F1B6230B300A844CF /* sppzh.png in Resources */ = {isa = PBXBuildFile; fileRef = 56B1C02F1B6230B300A844CF /* sppzh.png */; };
		56B1C0701B6230B300A844CF /* iconBackground.png in Resources */ = {isa = PBXBuildFile; fileRef = 56B1C0311B6230B300A844CF /* iconBackground.png */; };
		56B1C0711B6230B300A844CF /* tb_1.png in Resources */ = {isa = PBXBuildFile; fileRef = 56B1C0321B6230B300A844CF /* tb_1.png */; };
		56B1C0721B6230B300A844CF /* tb_10.png in Resources */ = {isa = PBXBuildFile; fileRef = 56B1C0331B6230B300A844CF /* tb_10.png */; };
		56B1C0731B6230B300A844CF /* tb_11.png in Resources */ = {isa = PBXBuildFile; fileRef = 56B1C0341B6230B300A844CF /* tb_11.png */; };
		56B1C0741B6230B300A844CF /* tb_2.png in Resources */ = {isa = PBXBuildFile; fileRef = 56B1C0351B6230B300A844CF /* tb_2.png */; };
		56B1C0751B6230B300A844CF /* tb_3.png in Resources */ = {isa = PBXBuildFile; fileRef = 56B1C0361B6230B300A844CF /* tb_3.png */; };
		56B1C0761B6230B300A844CF /* tb_4.png in Resources */ = {isa = PBXBuildFile; fileRef = 56B1C0371B6230B300A844CF /* tb_4.png */; };
		56B1C0771B6230B300A844CF /* tb_5.png in Resources */ = {isa = PBXBuildFile; fileRef = 56B1C0381B6230B300A844CF /* tb_5.png */; };
		56B1C0781B6230B300A844CF /* tb_6.png in Resources */ = {isa = PBXBuildFile; fileRef = 56B1C0391B6230B300A844CF /* tb_6.png */; };
		56B1C0791B6230B300A844CF /* tb_7.png in Resources */ = {isa = PBXBuildFile; fileRef = 56B1C03A1B6230B300A844CF /* tb_7.png */; };
		56B1C07A1B6230B300A844CF /* tb_8.png in Resources */ = {isa = PBXBuildFile; fileRef = 56B1C03B1B6230B300A844CF /* tb_8.png */; };
		56B1C07B1B6230B300A844CF /* tb_9.png in Resources */ = {isa = PBXBuildFile; fileRef = 56B1C03C1B6230B300A844CF /* tb_9.png */; };
		56B1C0881B6230B300A844CF /* hd1.png in Resources */ = {isa = PBXBuildFile; fileRef = 56B1C04B1B6230B300A844CF /* hd1.png */; };
		56B1C0891B6230B300A844CF /* hd2.png in Resources */ = {isa = PBXBuildFile; fileRef = 56B1C04C1B6230B300A844CF /* hd2.png */; };
		56B1C08A1B6230B300A844CF /* hd3.png in Resources */ = {isa = PBXBuildFile; fileRef = 56B1C04D1B6230B300A844CF /* hd3.png */; };
		56B1C08B1B6230B300A844CF /* ph.png in Resources */ = {isa = PBXBuildFile; fileRef = 56B1C04E1B6230B300A844CF /* ph.png */; };
		56B1C08C1B6230B300A844CF /* zjpzh.png in Resources */ = {isa = PBXBuildFile; fileRef = 56B1C04F1B6230B300A844CF /* zjpzh.png */; };
		56B1C08D1B6230B300A844CF /* zwgk.png in Resources */ = {isa = PBXBuildFile; fileRef = 56B1C0501B6230B300A844CF /* zwgk.png */; };
		56B1C08E1B6230B300A844CF /* wsbs.png in Resources */ = {isa = PBXBuildFile; fileRef = 56B1C0511B6230B300A844CF /* wsbs.png */; };
		56B1C08F1B6230B300A844CF /* ggfw.png in Resources */ = {isa = PBXBuildFile; fileRef = 56B1C0521B6230B300A844CF /* ggfw.png */; };
		56B1C0901B6230B300A844CF /* xw_bj.png in Resources */ = {isa = PBXBuildFile; fileRef = 56B1C0531B6230B300A844CF /* xw_bj.png */; };
		56B1C0971B6232B500A844CF /* bmdt.png in Resources */ = {isa = PBXBuildFile; fileRef = 56B1C0921B6232B500A844CF /* bmdt.png */; };
		56B1C0981B6232B500A844CF /* gggs.png in Resources */ = {isa = PBXBuildFile; fileRef = 56B1C0931B6232B500A844CF /* gggs.png */; };
		56B1C0991B6232B500A844CF /* gzhy.png in Resources */ = {isa = PBXBuildFile; fileRef = 56B1C0941B6232B500A844CF /* gzhy.png */; };
		56B1C09A1B6232B500A844CF /* ldhd.png in Resources */ = {isa = PBXBuildFile; fileRef = 56B1C0951B6232B500A844CF /* ldhd.png */; };
		56B1C09B1B6232B500A844CF /* qxkx.png in Resources */ = {isa = PBXBuildFile; fileRef = 56B1C0961B6232B500A844CF /* qxkx.png */; };
		56BAB2231B4D093700E3CE50 /* AdScrollView.m in Sources */ = {isa = PBXBuildFile; fileRef = 56BAB21F1B4D093700E3CE50 /* AdScrollView.m */; };
		56BAB2241B4D093700E3CE50 /* AdDataModel.m in Sources */ = {isa = PBXBuildFile; fileRef = 56BAB2211B4D093700E3CE50 /* AdDataModel.m */; };
		56BAB2251B4D093700E3CE50 /* AdDataPlist.plist in Resources */ = {isa = PBXBuildFile; fileRef = 56BAB2221B4D093700E3CE50 /* AdDataPlist.plist */; };
		56C064631B5397820054D8C4 /* HYSegmentedControl.m in Sources */ = {isa = PBXBuildFile; fileRef = 56C064621B5397820054D8C4 /* HYSegmentedControl.m */; };
		56C1B0951B65D2AB00370975 /* CustomTableViewCell.m in Sources */ = {isa = PBXBuildFile; fileRef = 56C1B0941B65D2AB00370975 /* CustomTableViewCell.m */; };
		56C1B0971B661F1400370975 /* jzsb.png in Resources */ = {isa = PBXBuildFile; fileRef = 56C1B0961B661F1400370975 /* jzsb.png */; };
		56C33B781B7050E90025952F /* ForTheCitizensViewController.m in Sources */ = {isa = PBXBuildFile; fileRef = 56C33B771B7050E90025952F /* ForTheCitizensViewController.m */; };
		56C33B7B1B70650B0025952F /* DetailCellViewController.m in Sources */ = {isa = PBXBuildFile; fileRef = 56C33B7A1B70650B0025952F /* DetailCellViewController.m */; };
		56C33B7E1B708DEA0025952F /* CustomBtnTableViewCell.m in Sources */ = {isa = PBXBuildFile; fileRef = 56C33B7D1B708DEA0025952F /* CustomBtnTableViewCell.m */; };
		56C99EA31B631B2A0046EABC /* hd.png in Resources */ = {isa = PBXBuildFile; fileRef = 56C99E9D1B631B2A0046EABC /* hd.png */; };
		56C99EA41B631B2A0046EABC /* hy.png in Resources */ = {isa = PBXBuildFile; fileRef = 56C99E9E1B631B2A0046EABC /* hy.png */; };
		56C99EA51B631B2A0046EABC /* jh.png in Resources */ = {isa = PBXBuildFile; fileRef = 56C99E9F1B631B2A0046EABC /* jh.png */; };
		56C99EA61B631B2A0046EABC /* qt.png in Resources */ = {isa = PBXBuildFile; fileRef = 56C99EA01B631B2A0046EABC /* qt.png */; };
		56C99EA71B631B2A0046EABC /* ty.png in Resources */ = {isa = PBXBuildFile; fileRef = 56C99EA11B631B2A0046EABC /* ty.png */; };
		56C99EA81B631B2A0046EABC /* bg.png in Resources */ = {isa = PBXBuildFile; fileRef = 56C99EA21B631B2A0046EABC /* bg.png */; };
		56C99EAB1B631F690046EABC /* sppzh_1.png in Resources */ = {isa = PBXBuildFile; fileRef = 56C99EA91B631F690046EABC /* sppzh_1.png */; };
		56C99EAC1B631F690046EABC /* tkpzh_1.png in Resources */ = {isa = PBXBuildFile; fileRef = 56C99EAA1B631F690046EABC /* tkpzh_1.png */; };
		56C99EAE1B6321890046EABC /* jz.png in Resources */ = {isa = PBXBuildFile; fileRef = 56C99EAD1B6321890046EABC /* jz.png */; };
		56C99EB71B6322430046EABC /* ghp_1.png in Resources */ = {isa = PBXBuildFile; fileRef = 56C99EAF1B6322430046EABC /* ghp_1.png */; };
		56C99EB81B6322430046EABC /* ghp.png in Resources */ = {isa = PBXBuildFile; fileRef = 56C99EB01B6322430046EABC /* ghp.png */; };
		56C99EB91B6322430046EABC /* ycdmm_1.png in Resources */ = {isa = PBXBuildFile; fileRef = 56C99EB11B6322430046EABC /* ycdmm_1.png */; };
		56C99EBA1B6322430046EABC /* xxp_1.png in Resources */ = {isa = PBXBuildFile; fileRef = 56C99EB21B6322430046EABC /* xxp_1.png */; };
		56C99EBB1B6322430046EABC /* xxp.png in Resources */ = {isa = PBXBuildFile; fileRef = 56C99EB31B6322430046EABC /* xxp.png */; };
		56C99EBC1B6322430046EABC /* ycdmm.png in Resources */ = {isa = PBXBuildFile; fileRef = 56C99EB41B6322430046EABC /* ycdmm.png */; };
		56C99EBD1B6322430046EABC /* yjzm_1.png in Resources */ = {isa = PBXBuildFile; fileRef = 56C99EB51B6322430046EABC /* yjzm_1.png */; };
		56C99EBE1B6322430046EABC /* yjzm.png in Resources */ = {isa = PBXBuildFile; fileRef = 56C99EB61B6322430046EABC /* yjzm.png */; };
		56C99EC21B6326C80046EABC /* bdj_bj.png in Resources */ = {isa = PBXBuildFile; fileRef = 56C99EBF1B6326C80046EABC /* bdj_bj.png */; };
		56C99EC31B6326C80046EABC /* dj_bj.png in Resources */ = {isa = PBXBuildFile; fileRef = 56C99EC01B6326C80046EABC /* dj_bj.png */; };
		56C99EC41B6326C80046EABC /* xian.png in Resources */ = {isa = PBXBuildFile; fileRef = 56C99EC11B6326C80046EABC /* xian.png */; };
		56C99F531B632E4D0046EABC /* NewsViewController.m in Sources */ = {isa = PBXBuildFile; fileRef = 56C99F521B632E4D0046EABC /* NewsViewController.m */; };
		56C99F5D1B632EFE0046EABC /* DJRefreshProgressView.m in Sources */ = {isa = PBXBuildFile; fileRef = 56C99F561B632EFE0046EABC /* DJRefreshProgressView.m */; };
		56C99F5E1B632EFE0046EABC /* pull_loading@2x.png in Resources */ = {isa = PBXBuildFile; fileRef = 56C99F571B632EFE0046EABC /* pull_loading@2x.png */; };
		56C99F5F1B632EFE0046EABC /* pull_loading@3x.png in Resources */ = {isa = PBXBuildFile; fileRef = 56C99F581B632EFE0046EABC /* pull_loading@3x.png */; };
		56C99F601B632EFE0046EABC /* pull_refresh@2x.png in Resources */ = {isa = PBXBuildFile; fileRef = 56C99F591B632EFE0046EABC /* pull_refresh@2x.png */; };
		56C99F611B632EFE0046EABC /* pull_refresh@3x.png in Resources */ = {isa = PBXBuildFile; fileRef = 56C99F5A1B632EFE0046EABC /* pull_refresh@3x.png */; };
		56C99F621B632EFE0046EABC /* SampleRefreshView.m in Sources */ = {isa = PBXBuildFile; fileRef = 56C99F5C1B632EFE0046EABC /* SampleRefreshView.m */; };
		56CD31BD1B68793800D5F35B /* OnlineBusinessViewController.m in Sources */ = {isa = PBXBuildFile; fileRef = 56CD31BC1B68793800D5F35B /* OnlineBusinessViewController.m */; };
		56D437821B56645B0010CFB2 /* VDLPlaybackViewController.xib in Resources */ = {isa = PBXBuildFile; fileRef = 56D437801B56645B0010CFB2 /* VDLPlaybackViewController.xib */; };
		56D68EA31B4B6DF800C1F60C /* GMDCircleLoader.m in Sources */ = {isa = PBXBuildFile; fileRef = 56D68EA21B4B6DF800C1F60C /* GMDCircleLoader.m */; };
		56DAE2F81B5E1A8C0003C44E /* DJRefresh.bundle in Resources */ = {isa = PBXBuildFile; fileRef = 56DAE2ED1B5E1A8C0003C44E /* DJRefresh.bundle */; };
		56DAE2F91B5E1A8C0003C44E /* DJRefresh.m in Sources */ = {isa = PBXBuildFile; fileRef = 56DAE2EF1B5E1A8C0003C44E /* DJRefresh.m */; };
		56DAE2FA1B5E1A8C0003C44E /* DJRefreshBottomView.m in Sources */ = {isa = PBXBuildFile; fileRef = 56DAE2F21B5E1A8C0003C44E /* DJRefreshBottomView.m */; };
		56DAE2FB1B5E1A8C0003C44E /* DJRefreshTopView.m in Sources */ = {isa = PBXBuildFile; fileRef = 56DAE2F51B5E1A8C0003C44E /* DJRefreshTopView.m */; };
		56DAE2FC1B5E1A8C0003C44E /* DJRefreshView.m in Sources */ = {isa = PBXBuildFile; fileRef = 56DAE2F71B5E1A8C0003C44E /* DJRefreshView.m */; };
		56ECAAB61B54EBCD004480BC /* EconomyViewController.m in Sources */ = {isa = PBXBuildFile; fileRef = 56ECAAB51B54EBCD004480BC /* EconomyViewController.m */; };
/* End PBXBuildFile section */

/* Begin PBXContainerItemProxy section */
		564B56391B43E78F003A4A14 /* PBXContainerItemProxy */ = {
			isa = PBXContainerItemProxy;
			containerPortal = 564B56171B43E78F003A4A14 /* Project object */;
			proxyType = 1;
			remoteGlobalIDString = 564B561E1B43E78F003A4A14;
			remoteInfo = PZH;
		};
/* End PBXContainerItemProxy section */

/* Begin PBXCopyFilesBuildPhase section */
		5600BB811B58D9CC00092FD3 /* CopyFiles */ = {
			isa = PBXCopyFilesBuildPhase;
			buildActionMask = 2147483647;
			dstPath = "";
			dstSubfolderSpec = 7;
			files = (
			);
			runOnlyForDeploymentPostprocessing = 0;
		};
/* End PBXCopyFilesBuildPhase section */

/* Begin PBXFileReference section */
		562821601B4A47B10044B4A9 /* DetailWebViewController.h */ = {isa = PBXFileReference; fileEncoding = 4; lastKnownFileType = sourcecode.c.h; path = DetailWebViewController.h; sourceTree = "<group>"; };
		562821611B4A47B10044B4A9 /* DetailWebViewController.m */ = {isa = PBXFileReference; fileEncoding = 4; lastKnownFileType = sourcecode.c.objc; path = DetailWebViewController.m; sourceTree = "<group>"; };
		562EEF6A1B45166C006ADF6D /* Security.framework */ = {isa = PBXFileReference; lastKnownFileType = wrapper.framework; name = Security.framework; path = System/Library/Frameworks/Security.framework; sourceTree = SDKROOT; };
		562EEF6C1B45167B006ADF6D /* MediaPlayer.framework */ = {isa = PBXFileReference; lastKnownFileType = wrapper.framework; name = MediaPlayer.framework; path = System/Library/Frameworks/MediaPlayer.framework; sourceTree = SDKROOT; };
		562EEF6E1B45168A006ADF6D /* CoreGraphics.framework */ = {isa = PBXFileReference; lastKnownFileType = wrapper.framework; name = CoreGraphics.framework; path = System/Library/Frameworks/CoreGraphics.framework; sourceTree = SDKROOT; };
		562EEF701B451710006ADF6D /* QuartzCore.framework */ = {isa = PBXFileReference; lastKnownFileType = wrapper.framework; name = QuartzCore.framework; path = System/Library/Frameworks/QuartzCore.framework; sourceTree = SDKROOT; };
		562EEF721B451727006ADF6D /* libstdc++.dylib */ = {isa = PBXFileReference; lastKnownFileType = "compiled.mach-o.dylib"; name = "libstdc++.dylib"; path = "usr/lib/libstdc++.dylib"; sourceTree = SDKROOT; };
		562EEF761B45197B006ADF6D /* libiconv.dylib */ = {isa = PBXFileReference; lastKnownFileType = "compiled.mach-o.dylib"; name = libiconv.dylib; path = usr/lib/libiconv.dylib; sourceTree = SDKROOT; };
		562EEF781B4519A3006ADF6D /* libbz2.dylib */ = {isa = PBXFileReference; lastKnownFileType = "compiled.mach-o.dylib"; name = libbz2.dylib; path = usr/lib/libbz2.dylib; sourceTree = SDKROOT; };
		562EEF7A1B451C5E006ADF6D /* CoreText.framework */ = {isa = PBXFileReference; lastKnownFileType = wrapper.framework; name = CoreText.framework; path = System/Library/Frameworks/CoreText.framework; sourceTree = SDKROOT; };
		562EEF7C1B451C68006ADF6D /* CFNetwork.framework */ = {isa = PBXFileReference; lastKnownFileType = wrapper.framework; name = CFNetwork.framework; path = System/Library/Frameworks/CFNetwork.framework; sourceTree = SDKROOT; };
		562EEF7E1B451C76006ADF6D /* OpenGLES.framework */ = {isa = PBXFileReference; lastKnownFileType = wrapper.framework; name = OpenGLES.framework; path = System/Library/Frameworks/OpenGLES.framework; sourceTree = SDKROOT; };
		562EEF801B451C83006ADF6D /* AudioToolbox.framework */ = {isa = PBXFileReference; lastKnownFileType = wrapper.framework; name = AudioToolbox.framework; path = System/Library/Frameworks/AudioToolbox.framework; sourceTree = SDKROOT; };
		562EEF821B451C8E006ADF6D /* UIKit.framework */ = {isa = PBXFileReference; lastKnownFileType = wrapper.framework; name = UIKit.framework; path = System/Library/Frameworks/UIKit.framework; sourceTree = SDKROOT; };
		562EEF841B451CA6006ADF6D /* Foundation.framework */ = {isa = PBXFileReference; lastKnownFileType = wrapper.framework; name = Foundation.framework; path = System/Library/Frameworks/Foundation.framework; sourceTree = SDKROOT; };
		5645C5571B4669AB0037C505 /* VDLViewController.h */ = {isa = PBXFileReference; fileEncoding = 4; lastKnownFileType = sourcecode.c.h; path = VDLViewController.h; sourceTree = "<group>"; };
		5645C5581B4669AB0037C505 /* VDLViewController.m */ = {isa = PBXFileReference; fileEncoding = 4; lastKnownFileType = sourcecode.c.objc; path = VDLViewController.m; sourceTree = "<group>"; };
		5645C5591B4669AB0037C505 /* VDLViewController.xib */ = {isa = PBXFileReference; fileEncoding = 4; lastKnownFileType = file.xib; path = VDLViewController.xib; sourceTree = "<group>"; };
		5645C55C1B466A8C0037C505 /* MobileVLCKit.framework */ = {isa = PBXFileReference; lastKnownFileType = wrapper.framework; name = MobileVLCKit.framework; path = ../../VLC/VLC/MobileVLCKit.framework; sourceTree = "<group>"; };
		564B561F1B43E78F003A4A14 /* PZH.app */ = {isa = PBXFileReference; explicitFileType = wrapper.application; includeInIndex = 0; path = PZH.app; sourceTree = BUILT_PRODUCTS_DIR; };
		564B56231B43E78F003A4A14 /* Info.plist */ = {isa = PBXFileReference; lastKnownFileType = text.plist.xml; path = Info.plist; sourceTree = "<group>"; };
		564B56241B43E78F003A4A14 /* main.m */ = {isa = PBXFileReference; lastKnownFileType = sourcecode.c.objc; path = main.m; sourceTree = "<group>"; };
		564B562F1B43E78F003A4A14 /* Images.xcassets */ = {isa = PBXFileReference; lastKnownFileType = folder.assetcatalog; path = Images.xcassets; sourceTree = "<group>"; };
		564B56381B43E78F003A4A14 /* PZHTests.xctest */ = {isa = PBXFileReference; explicitFileType = wrapper.cfbundle; includeInIndex = 0; path = PZHTests.xctest; sourceTree = BUILT_PRODUCTS_DIR; };
		564B563D1B43E78F003A4A14 /* Info.plist */ = {isa = PBXFileReference; lastKnownFileType = text.plist.xml; path = Info.plist; sourceTree = "<group>"; };
		564B563E1B43E78F003A4A14 /* PZHTests.m */ = {isa = PBXFileReference; lastKnownFileType = sourcecode.c.objc; path = PZHTests.m; sourceTree = "<group>"; };
		564B56481B43E823003A4A14 /* AppDelegate.h */ = {isa = PBXFileReference; fileEncoding = 4; lastKnownFileType = sourcecode.c.h; path = AppDelegate.h; sourceTree = "<group>"; };
		564B56491B43E823003A4A14 /* AppDelegate.m */ = {isa = PBXFileReference; fileEncoding = 4; lastKnownFileType = sourcecode.c.objc; path = AppDelegate.m; sourceTree = "<group>"; };
		564B564A1B43E823003A4A14 /* ConnectionAPI.h */ = {isa = PBXFileReference; fileEncoding = 4; lastKnownFileType = sourcecode.c.h; path = ConnectionAPI.h; sourceTree = "<group>"; };
		564B564B1B43E823003A4A14 /* ConnectionAPI.m */ = {isa = PBXFileReference; fileEncoding = 4; lastKnownFileType = sourcecode.c.objc; path = ConnectionAPI.m; sourceTree = "<group>"; };
		564B564C1B43E823003A4A14 /* IntoPZHViewController.h */ = {isa = PBXFileReference; fileEncoding = 4; lastKnownFileType = sourcecode.c.h; path = IntoPZHViewController.h; sourceTree = "<group>"; };
		564B564D1B43E823003A4A14 /* IntoPZHViewController.m */ = {isa = PBXFileReference; fileEncoding = 4; lastKnownFileType = sourcecode.c.objc; path = IntoPZHViewController.m; sourceTree = "<group>"; };
		564B564E1B43E823003A4A14 /* MainViewController.h */ = {isa = PBXFileReference; fileEncoding = 4; lastKnownFileType = sourcecode.c.h; path = MainViewController.h; sourceTree = "<group>"; };
		564B564F1B43E823003A4A14 /* MainViewController.m */ = {isa = PBXFileReference; fileEncoding = 4; lastKnownFileType = sourcecode.c.objc; path = MainViewController.m; sourceTree = "<group>"; };
		564B56501B43E823003A4A14 /* PicForPZHViewController.h */ = {isa = PBXFileReference; fileEncoding = 4; lastKnownFileType = sourcecode.c.h; path = PicForPZHViewController.h; sourceTree = "<group>"; };
		564B56511B43E823003A4A14 /* PicForPZHViewController.m */ = {isa = PBXFileReference; fileEncoding = 4; lastKnownFileType = sourcecode.c.objc; path = PicForPZHViewController.m; sourceTree = "<group>"; };
		564B56521B43E823003A4A14 /* VideoForPZHViewController.h */ = {isa = PBXFileReference; fileEncoding = 4; lastKnownFileType = sourcecode.c.h; path = VideoForPZHViewController.h; sourceTree = "<group>"; };
		564B56531B43E823003A4A14 /* VideoForPZHViewController.m */ = {isa = PBXFileReference; fileEncoding = 4; lastKnownFileType = sourcecode.c.objc; path = VideoForPZHViewController.m; sourceTree = "<group>"; };
		565B486F1B68CD020012C7F6 /* AnnouncementOfWorkViewController.h */ = {isa = PBXFileReference; fileEncoding = 4; lastKnownFileType = sourcecode.c.h; path = AnnouncementOfWorkViewController.h; sourceTree = "<group>"; };
		565B48701B68CD020012C7F6 /* AnnouncementOfWorkViewController.m */ = {isa = PBXFileReference; fileEncoding = 4; lastKnownFileType = sourcecode.c.objc; path = AnnouncementOfWorkViewController.m; sourceTree = "<group>"; };
		565B48721B68D5F20012C7F6 /* OnlineBusinessSearchViewController.h */ = {isa = PBXFileReference; fileEncoding = 4; lastKnownFileType = sourcecode.c.h; path = OnlineBusinessSearchViewController.h; sourceTree = "<group>"; };
		565B48731B68D5F20012C7F6 /* OnlineBusinessSearchViewController.m */ = {isa = PBXFileReference; fileEncoding = 4; lastKnownFileType = sourcecode.c.objc; path = OnlineBusinessSearchViewController.m; sourceTree = "<group>"; };
		565B48751B68D6D40012C7F6 /* StatisticsOfWorkViewController.h */ = {isa = PBXFileReference; fileEncoding = 4; lastKnownFileType = sourcecode.c.h; path = StatisticsOfWorkViewController.h; sourceTree = "<group>"; };
		565B48761B68D6D40012C7F6 /* StatisticsOfWorkViewController.m */ = {isa = PBXFileReference; fileEncoding = 4; lastKnownFileType = sourcecode.c.objc; path = StatisticsOfWorkViewController.m; sourceTree = "<group>"; };
		565B48791B68D77E0012C7F6 /* bjan.png */ = {isa = PBXFileReference; lastKnownFileType = image.png; path = bjan.png; sourceTree = "<group>"; };
		565B487A1B68D77E0012C7F6 /* bs.png */ = {isa = PBXFileReference; lastKnownFileType = image.png; path = bs.png; sourceTree = "<group>"; };
		565B487B1B68D77E0012C7F6 /* bsgg.png */ = {isa = PBXFileReference; lastKnownFileType = image.png; path = bsgg.png; sourceTree = "<group>"; };
		565B487C1B68D77E0012C7F6 /* ls.png */ = {isa = PBXFileReference; lastKnownFileType = image.png; path = ls.png; sourceTree = "<group>"; };
		565B487D1B68D77E0012C7F6 /* lstd.png */ = {isa = PBXFileReference; lastKnownFileType = image.png; path = lstd.png; sourceTree = "<group>"; };
		565B487E1B68D77E0012C7F6 /* mxqy.png */ = {isa = PBXFileReference; lastKnownFileType = image.png; path = mxqy.png; sourceTree = "<group>"; };
		565B487F1B68D77E0012C7F6 /* mxsm.png */ = {isa = PBXFileReference; lastKnownFileType = image.png; path = mxsm.png; sourceTree = "<group>"; };
		565B48801B68D77E0012C7F6 /* qy.png */ = {isa = PBXFileReference; lastKnownFileType = image.png; path = qy.png; sourceTree = "<group>"; };
		565B48811B68D77E0012C7F6 /* sm.png */ = {isa = PBXFileReference; lastKnownFileType = image.png; path = sm.png; sourceTree = "<group>"; };
		565B48831B68D77E0012C7F6 /* bjtj.png */ = {isa = PBXFileReference; lastKnownFileType = image.png; path = bjtj.png; sourceTree = "<group>"; };
		565B48841B68D77E0012C7F6 /* bsggicon.png */ = {isa = PBXFileReference; lastKnownFileType = image.png; path = bsggicon.png; sourceTree = "<group>"; };
		565B48851B68D77E0012C7F6 /* rdbssx.png */ = {isa = PBXFileReference; lastKnownFileType = image.png; path = rdbssx.png; sourceTree = "<group>"; };
		565B48861B68D77E0012C7F6 /* zxbscx.png */ = {isa = PBXFileReference; lastKnownFileType = image.png; path = zxbscx.png; sourceTree = "<group>"; };
		565B48881B68D77E0012C7F6 /* bm.png */ = {isa = PBXFileReference; lastKnownFileType = image.png; path = bm.png; sourceTree = "<group>"; };
		565B48891B68D77E0012C7F6 /* cjr.png */ = {isa = PBXFileReference; lastKnownFileType = image.png; path = cjr.png; sourceTree = "<group>"; };
		565B488A1B68D77E0012C7F6 /* et.png */ = {isa = PBXFileReference; lastKnownFileType = image.png; path = et.png; sourceTree = "<group>"; };
		565B488B1B68D77E0012C7F6 /* fl.png */ = {isa = PBXFileReference; lastKnownFileType = image.png; path = fl.png; sourceTree = "<group>"; };
		565B488C1B68D77E0012C7F6 /* tzz.png */ = {isa = PBXFileReference; lastKnownFileType = image.png; path = tzz.png; sourceTree = "<group>"; };
		565B488D1B68D77E0012C7F6 /* xs.png */ = {isa = PBXFileReference; lastKnownFileType = image.png; path = xs.png; sourceTree = "<group>"; };
		565B488F1B68D77E0012C7F6 /* aqfh.png */ = {isa = PBXFileReference; lastKnownFileType = image.png; path = aqfh.png; sourceTree = "<group>"; };
		565B48901B68D77E0012C7F6 /* cssw.png */ = {isa = PBXFileReference; lastKnownFileType = image.png; path = cssw.png; sourceTree = "<group>"; };
		565B48911B68D77E0012C7F6 /* dwmy.png */ = {isa = PBXFileReference; lastKnownFileType = image.png; path = dwmy.png; sourceTree = "<group>"; };
		565B48921B68D77E0012C7F6 /* flsf.png */ = {isa = PBXFileReference; lastKnownFileType = image.png; path = flsf.png; sourceTree = "<group>"; };
		565B48931B68D77E0012C7F6 /* gcjs.png */ = {isa = PBXFileReference; lastKnownFileType = image.png; path = gcjs.png; sourceTree = "<group>"; };
		565B48941B68D77E0012C7F6 /* hblh.png */ = {isa = PBXFileReference; lastKnownFileType = image.png; path = hblh.png; sourceTree = "<group>"; };
		565B48951B68D77E0012C7F6 /* jrbx.png */ = {isa = PBXFileReference; lastKnownFileType = image.png; path = jrbx.png; sourceTree = "<group>"; };
		565B48961B68D77E0012C7F6 /* jygl.png */ = {isa = PBXFileReference; lastKnownFileType = image.png; path = jygl.png; sourceTree = "<group>"; };
		565B48971B68D77E0012C7F6 /* ldbz.png */ = {isa = PBXFileReference; lastKnownFileType = image.png; path = ldbz.png; sourceTree = "<group>"; };
		565B48981B68D77E0012C7F6 /* njbl.png */ = {isa = PBXFileReference; lastKnownFileType = image.png; path = njbl.png; sourceTree = "<group>"; };
		565B48991B68D77E0012C7F6 /* pcsb.png */ = {isa = PBXFileReference; lastKnownFileType = image.png; path = pcsb.png; sourceTree = "<group>"; };
		565B489A1B68D77E0012C7F6 /* rlzy.png */ = {isa = PBXFileReference; lastKnownFileType = image.png; path = rlzy.png; sourceTree = "<group>"; };
		565B489B1B68D77E0012C7F6 /* tdfc.png */ = {isa = PBXFileReference; lastKnownFileType = image.png; path = tdfc.png; sourceTree = "<group>"; };
		565B489C1B68D77E0012C7F6 /* xwcb.png */ = {isa = PBXFileReference; lastKnownFileType = image.png; path = xwcb.png; sourceTree = "<group>"; };
		565B489D1B68D77E0012C7F6 /* zhqt.png */ = {isa = PBXFileReference; lastKnownFileType = image.png; path = zhqt.png; sourceTree = "<group>"; };
		565B489E1B68D77E0012C7F6 /* zljd.png */ = {isa = PBXFileReference; lastKnownFileType = image.png; path = zljd.png; sourceTree = "<group>"; };
		565B489F1B68D77E0012C7F6 /* zscq.png */ = {isa = PBXFileReference; lastKnownFileType = image.png; path = zscq.png; sourceTree = "<group>"; };
		565B48A11B68D77E0012C7F6 /* byfw.png */ = {isa = PBXFileReference; lastKnownFileType = image.png; path = byfw.png; sourceTree = "<group>"; };
		565B48A21B68D77E0012C7F6 /* cxly.png */ = {isa = PBXFileReference; lastKnownFileType = image.png; path = cxly.png; sourceTree = "<group>"; };
		565B48A31B68D77E0012C7F6 /* cyzs.png */ = {isa = PBXFileReference; lastKnownFileType = image.png; path = cyzs.png; sourceTree = "<group>"; };
		565B48A41B68D77E0012C7F6 /* etfw.png */ = {isa = PBXFileReference; lastKnownFileType = image.png; path = etfw.png; sourceTree = "<group>"; };
		565B48A51B68D77E0012C7F6 /* flsfsm.png */ = {isa = PBXFileReference; lastKnownFileType = image.png; path = flsfsm.png; sourceTree = "<group>"; };
		565B48A61B68D77E0012C7F6 /* ggsy.png */ = {isa = PBXFileReference; lastKnownFileType = image.png; path = ggsy.png; sourceTree = "<group>"; };
		565B48A71B68D77E0012C7F6 /* gwyl.png */ = {isa = PBXFileReference; lastKnownFileType = image.png; path = gwyl.png; sourceTree = "<group>"; };
		565B48A81B68D77E0012C7F6 /* hyfw.png */ = {isa = PBXFileReference; lastKnownFileType = image.png; path = hyfw.png; sourceTree = "<group>"; };
		565B48A91B68D77E0012C7F6 /* jrfw.png */ = {isa = PBXFileReference; lastKnownFileType = image.png; path = jrfw.png; sourceTree = "<group>"; };
		565B48AA1B68D77E0012C7F6 /* jtcl.png */ = {isa = PBXFileReference; lastKnownFileType = image.png; path = jtcl.png; sourceTree = "<group>"; };
		565B48AB1B68D77E0012C7F6 /* jtsq.png */ = {isa = PBXFileReference; lastKnownFileType = image.png; path = jtsq.png; sourceTree = "<group>"; };
		565B48AC1B68D77E0012C7F6 /* jypx.png */ = {isa = PBXFileReference; lastKnownFileType = image.png; path = jypx.png; sourceTree = "<group>"; };
		565B48AD1B68D77E0012C7F6 /* jyqz.png */ = {isa = PBXFileReference; lastKnownFileType = image.png; path = jyqz.png; sourceTree = "<group>"; };
		565B48AE1B68D77E0012C7F6 /* lnsh.png */ = {isa = PBXFileReference; lastKnownFileType = image.png; path = lnsh.png; sourceTree = "<group>"; };
		565B48AF1B68D77E0012C7F6 /* shbz.png */ = {isa = PBXFileReference; lastKnownFileType = image.png; path = shbz.png; sourceTree = "<group>"; };
		565B48B01B68D77E0012C7F6 /* shqz.png */ = {isa = PBXFileReference; lastKnownFileType = image.png; path = shqz.png; sourceTree = "<group>"; };
		565B48B11B68D77E0012C7F6 /* syfw.png */ = {isa = PBXFileReference; lastKnownFileType = image.png; path = syfw.png; sourceTree = "<group>"; };
		565B48B21B68D77E0012C7F6 /* tdzf.png */ = {isa = PBXFileReference; lastKnownFileType = image.png; path = tdzf.png; sourceTree = "<group>"; };
		565B48B31B68D77E0012C7F6 /* xfqy.png */ = {isa = PBXFileReference; lastKnownFileType = image.png; path = xfqy.png; sourceTree = "<group>"; };
		565B48B41B68D77E0012C7F6 /* ylbx.png */ = {isa = PBXFileReference; lastKnownFileType = image.png; path = ylbx.png; sourceTree = "<group>"; };
		565B48B51B68D77E0012C7F6 /* zjbl.png */ = {isa = PBXFileReference; lastKnownFileType = image.png; path = zjbl.png; sourceTree = "<group>"; };
		56858B741B43ED93007873FE /* AVFoundation.framework */ = {isa = PBXFileReference; lastKnownFileType = wrapper.framework; name = AVFoundation.framework; path = System/Library/Frameworks/AVFoundation.framework; sourceTree = SDKROOT; };
		56B1BFA01B6215B000A844CF /* OpenGovernmentAffairsViewController.h */ = {isa = PBXFileReference; fileEncoding = 4; lastKnownFileType = sourcecode.c.h; path = OpenGovernmentAffairsViewController.h; sourceTree = "<group>"; };
		56B1BFA11B6215B000A844CF /* OpenGovernmentAffairsViewController.m */ = {isa = PBXFileReference; fileEncoding = 4; lastKnownFileType = sourcecode.c.objc; path = OpenGovernmentAffairsViewController.m; sourceTree = "<group>"; };
		56B1C0141B6230B300A844CF /* dj_1.png */ = {isa = PBXFileReference; lastKnownFileType = image.png; path = dj_1.png; sourceTree = "<group>"; };
		56B1C01E1B6230B300A844CF /* zi_1.png */ = {isa = PBXFileReference; lastKnownFileType = image.png; path = zi_1.png; sourceTree = "<group>"; };
		56B1C01F1B6230B300A844CF /* zi_2.png */ = {isa = PBXFileReference; lastKnownFileType = image.png; path = zi_2.png; sourceTree = "<group>"; };
		56B1C0201B6230B300A844CF /* zi_3.png */ = {isa = PBXFileReference; lastKnownFileType = image.png; path = zi_3.png; sourceTree = "<group>"; };
		56B1C0211B6230B300A844CF /* zi_4.png */ = {isa = PBXFileReference; lastKnownFileType = image.png; path = zi_4.png; sourceTree = "<group>"; };
		56B1C0221B6230B300A844CF /* zi_5.png */ = {isa = PBXFileReference; lastKnownFileType = image.png; path = zi_5.png; sourceTree = "<group>"; };
		56B1C0241B6230B300A844CF /* sq.png */ = {isa = PBXFileReference; lastKnownFileType = image.png; path = sq.png; sourceTree = "<group>"; };
		56B1C0251B6230B300A844CF /* zr.png */ = {isa = PBXFileReference; lastKnownFileType = image.png; path = zr.png; sourceTree = "<group>"; };
		56B1C0261B6230B300A844CF /* gm.png */ = {isa = PBXFileReference; lastKnownFileType = image.png; path = gm.png; sourceTree = "<group>"; };
		56B1C0271B6230B300A844CF /* tk.png */ = {isa = PBXFileReference; lastKnownFileType = image.png; path = tk.png; sourceTree = "<group>"; };
		56B1C0281B6230B300A844CF /* sp.png */ = {isa = PBXFileReference; lastKnownFileType = image.png; path = sp.png; sourceTree = "<group>"; };
		56B1C02B1B6230B300A844CF /* sqgk.png */ = {isa = PBXFileReference; lastKnownFileType = image.png; path = sqgk.png; sourceTree = "<group>"; };
		56B1C02C1B6230B300A844CF /* zrgk.png */ = {isa = PBXFileReference; lastKnownFileType = image.png; path = zrgk.png; sourceTree = "<group>"; };
		56B1C02D1B6230B300A844CF /* gmjj.png */ = {isa = PBXFileReference; lastKnownFileType = image.png; path = gmjj.png; sourceTree = "<group>"; };
		56B1C02E1B6230B300A844CF /* tkpzh.png */ = {isa = PBXFileReference; lastKnownFileType = image.png; path = tkpzh.png; sourceTree = "<group>"; };
		56B1C02F1B6230B300A844CF /* sppzh.png */ = {isa = PBXFileReference; lastKnownFileType = image.png; path = sppzh.png; sourceTree = "<group>"; };
		56B1C0311B6230B300A844CF /* iconBackground.png */ = {isa = PBXFileReference; lastKnownFileType = image.png; path = iconBackground.png; sourceTree = "<group>"; };
		56B1C0321B6230B300A844CF /* tb_1.png */ = {isa = PBXFileReference; lastKnownFileType = image.png; path = tb_1.png; sourceTree = "<group>"; };
		56B1C0331B6230B300A844CF /* tb_10.png */ = {isa = PBXFileReference; lastKnownFileType = image.png; path = tb_10.png; sourceTree = "<group>"; };
		56B1C0341B6230B300A844CF /* tb_11.png */ = {isa = PBXFileReference; lastKnownFileType = image.png; path = tb_11.png; sourceTree = "<group>"; };
		56B1C0351B6230B300A844CF /* tb_2.png */ = {isa = PBXFileReference; lastKnownFileType = image.png; path = tb_2.png; sourceTree = "<group>"; };
		56B1C0361B6230B300A844CF /* tb_3.png */ = {isa = PBXFileReference; lastKnownFileType = image.png; path = tb_3.png; sourceTree = "<group>"; };
		56B1C0371B6230B300A844CF /* tb_4.png */ = {isa = PBXFileReference; lastKnownFileType = image.png; path = tb_4.png; sourceTree = "<group>"; };
		56B1C0381B6230B300A844CF /* tb_5.png */ = {isa = PBXFileReference; lastKnownFileType = image.png; path = tb_5.png; sourceTree = "<group>"; };
		56B1C0391B6230B300A844CF /* tb_6.png */ = {isa = PBXFileReference; lastKnownFileType = image.png; path = tb_6.png; sourceTree = "<group>"; };
		56B1C03A1B6230B300A844CF /* tb_7.png */ = {isa = PBXFileReference; lastKnownFileType = image.png; path = tb_7.png; sourceTree = "<group>"; };
		56B1C03B1B6230B300A844CF /* tb_8.png */ = {isa = PBXFileReference; lastKnownFileType = image.png; path = tb_8.png; sourceTree = "<group>"; };
		56B1C03C1B6230B300A844CF /* tb_9.png */ = {isa = PBXFileReference; lastKnownFileType = image.png; path = tb_9.png; sourceTree = "<group>"; };
		56B1C04B1B6230B300A844CF /* hd1.png */ = {isa = PBXFileReference; lastKnownFileType = image.png; path = hd1.png; sourceTree = "<group>"; };
		56B1C04C1B6230B300A844CF /* hd2.png */ = {isa = PBXFileReference; lastKnownFileType = image.png; path = hd2.png; sourceTree = "<group>"; };
		56B1C04D1B6230B300A844CF /* hd3.png */ = {isa = PBXFileReference; lastKnownFileType = image.png; path = hd3.png; sourceTree = "<group>"; };
		56B1C04E1B6230B300A844CF /* ph.png */ = {isa = PBXFileReference; lastKnownFileType = image.png; path = ph.png; sourceTree = "<group>"; };
		56B1C04F1B6230B300A844CF /* zjpzh.png */ = {isa = PBXFileReference; lastKnownFileType = image.png; path = zjpzh.png; sourceTree = "<group>"; };
		56B1C0501B6230B300A844CF /* zwgk.png */ = {isa = PBXFileReference; lastKnownFileType = image.png; path = zwgk.png; sourceTree = "<group>"; };
		56B1C0511B6230B300A844CF /* wsbs.png */ = {isa = PBXFileReference; lastKnownFileType = image.png; path = wsbs.png; sourceTree = "<group>"; };
		56B1C0521B6230B300A844CF /* ggfw.png */ = {isa = PBXFileReference; lastKnownFileType = image.png; path = ggfw.png; sourceTree = "<group>"; };
		56B1C0531B6230B300A844CF /* xw_bj.png */ = {isa = PBXFileReference; lastKnownFileType = image.png; path = xw_bj.png; sourceTree = "<group>"; };
		56B1C0921B6232B500A844CF /* bmdt.png */ = {isa = PBXFileReference; lastKnownFileType = image.png; path = bmdt.png; sourceTree = "<group>"; };
		56B1C0931B6232B500A844CF /* gggs.png */ = {isa = PBXFileReference; lastKnownFileType = image.png; path = gggs.png; sourceTree = "<group>"; };
		56B1C0941B6232B500A844CF /* gzhy.png */ = {isa = PBXFileReference; lastKnownFileType = image.png; path = gzhy.png; sourceTree = "<group>"; };
		56B1C0951B6232B500A844CF /* ldhd.png */ = {isa = PBXFileReference; lastKnownFileType = image.png; path = ldhd.png; sourceTree = "<group>"; };
		56B1C0961B6232B500A844CF /* qxkx.png */ = {isa = PBXFileReference; lastKnownFileType = image.png; path = qxkx.png; sourceTree = "<group>"; };
		56B972451B4FC1A3009CFE8D /* PrefixHeader.pch */ = {isa = PBXFileReference; lastKnownFileType = sourcecode.c.h; path = PrefixHeader.pch; sourceTree = "<group>"; };
		56BAB21E1B4D093700E3CE50 /* AdScrollView.h */ = {isa = PBXFileReference; fileEncoding = 4; lastKnownFileType = sourcecode.c.h; path = AdScrollView.h; sourceTree = "<group>"; };
		56BAB21F1B4D093700E3CE50 /* AdScrollView.m */ = {isa = PBXFileReference; fileEncoding = 4; lastKnownFileType = sourcecode.c.objc; path = AdScrollView.m; sourceTree = "<group>"; };
		56BAB2201B4D093700E3CE50 /* AdDataModel.h */ = {isa = PBXFileReference; fileEncoding = 4; lastKnownFileType = sourcecode.c.h; path = AdDataModel.h; sourceTree = "<group>"; };
		56BAB2211B4D093700E3CE50 /* AdDataModel.m */ = {isa = PBXFileReference; fileEncoding = 4; lastKnownFileType = sourcecode.c.objc; path = AdDataModel.m; sourceTree = "<group>"; };
		56BAB2221B4D093700E3CE50 /* AdDataPlist.plist */ = {isa = PBXFileReference; fileEncoding = 4; lastKnownFileType = text.plist.xml; path = AdDataPlist.plist; sourceTree = "<group>"; };
		56C064611B5397820054D8C4 /* HYSegmentedControl.h */ = {isa = PBXFileReference; fileEncoding = 4; lastKnownFileType = sourcecode.c.h; path = HYSegmentedControl.h; sourceTree = "<group>"; };
		56C064621B5397820054D8C4 /* HYSegmentedControl.m */ = {isa = PBXFileReference; fileEncoding = 4; lastKnownFileType = sourcecode.c.objc; path = HYSegmentedControl.m; sourceTree = "<group>"; };
		56C1B0931B65D2AB00370975 /* CustomTableViewCell.h */ = {isa = PBXFileReference; fileEncoding = 4; lastKnownFileType = sourcecode.c.h; path = CustomTableViewCell.h; sourceTree = "<group>"; };
		56C1B0941B65D2AB00370975 /* CustomTableViewCell.m */ = {isa = PBXFileReference; fileEncoding = 4; lastKnownFileType = sourcecode.c.objc; path = CustomTableViewCell.m; sourceTree = "<group>"; };
		56C1B0961B661F1400370975 /* jzsb.png */ = {isa = PBXFileReference; lastKnownFileType = image.png; name = jzsb.png; path = "图看攀枝花/jzsb.png"; sourceTree = "<group>"; };
		56C33B761B7050E90025952F /* ForTheCitizensViewController.h */ = {isa = PBXFileReference; fileEncoding = 4; lastKnownFileType = sourcecode.c.h; path = ForTheCitizensViewController.h; sourceTree = "<group>"; };
		56C33B771B7050E90025952F /* ForTheCitizensViewController.m */ = {isa = PBXFileReference; fileEncoding = 4; lastKnownFileType = sourcecode.c.objc; path = ForTheCitizensViewController.m; sourceTree = "<group>"; };
		56C33B791B70650B0025952F /* DetailCellViewController.h */ = {isa = PBXFileReference; fileEncoding = 4; lastKnownFileType = sourcecode.c.h; path = DetailCellViewController.h; sourceTree = "<group>"; };
		56C33B7A1B70650B0025952F /* DetailCellViewController.m */ = {isa = PBXFileReference; fileEncoding = 4; lastKnownFileType = sourcecode.c.objc; path = DetailCellViewController.m; sourceTree = "<group>"; };
		56C33B7C1B708DEA0025952F /* CustomBtnTableViewCell.h */ = {isa = PBXFileReference; fileEncoding = 4; lastKnownFileType = sourcecode.c.h; path = CustomBtnTableViewCell.h; sourceTree = "<group>"; };
		56C33B7D1B708DEA0025952F /* CustomBtnTableViewCell.m */ = {isa = PBXFileReference; fileEncoding = 4; lastKnownFileType = sourcecode.c.objc; path = CustomBtnTableViewCell.m; sourceTree = "<group>"; };
		56C99E9D1B631B2A0046EABC /* hd.png */ = {isa = PBXFileReference; lastKnownFileType = image.png; path = hd.png; sourceTree = "<group>"; };
		56C99E9E1B631B2A0046EABC /* hy.png */ = {isa = PBXFileReference; lastKnownFileType = image.png; path = hy.png; sourceTree = "<group>"; };
		56C99E9F1B631B2A0046EABC /* jh.png */ = {isa = PBXFileReference; lastKnownFileType = image.png; path = jh.png; sourceTree = "<group>"; };
		56C99EA01B631B2A0046EABC /* qt.png */ = {isa = PBXFileReference; lastKnownFileType = image.png; path = qt.png; sourceTree = "<group>"; };
		56C99EA11B631B2A0046EABC /* ty.png */ = {isa = PBXFileReference; lastKnownFileType = image.png; path = ty.png; sourceTree = "<group>"; };
		56C99EA21B631B2A0046EABC /* bg.png */ = {isa = PBXFileReference; lastKnownFileType = image.png; path = bg.png; sourceTree = "<group>"; };
		56C99EA91B631F690046EABC /* sppzh_1.png */ = {isa = PBXFileReference; lastKnownFileType = image.png; path = sppzh_1.png; sourceTree = "<group>"; };
		56C99EAA1B631F690046EABC /* tkpzh_1.png */ = {isa = PBXFileReference; lastKnownFileType = image.png; path = tkpzh_1.png; sourceTree = "<group>"; };
		56C99EAD1B6321890046EABC /* jz.png */ = {isa = PBXFileReference; lastKnownFileType = image.png; name = jz.png; path = "图看攀枝花/jz.png"; sourceTree = "<group>"; };
		56C99EAF1B6322430046EABC /* ghp_1.png */ = {isa = PBXFileReference; lastKnownFileType = image.png; path = ghp_1.png; sourceTree = "<group>"; };
		56C99EB01B6322430046EABC /* ghp.png */ = {isa = PBXFileReference; lastKnownFileType = image.png; path = ghp.png; sourceTree = "<group>"; };
		56C99EB11B6322430046EABC /* ycdmm_1.png */ = {isa = PBXFileReference; lastKnownFileType = image.png; path = ycdmm_1.png; sourceTree = "<group>"; };
		56C99EB21B6322430046EABC /* xxp_1.png */ = {isa = PBXFileReference; lastKnownFileType = image.png; path = xxp_1.png; sourceTree = "<group>"; };
		56C99EB31B6322430046EABC /* xxp.png */ = {isa = PBXFileReference; lastKnownFileType = image.png; path = xxp.png; sourceTree = "<group>"; };
		56C99EB41B6322430046EABC /* ycdmm.png */ = {isa = PBXFileReference; lastKnownFileType = image.png; path = ycdmm.png; sourceTree = "<group>"; };
		56C99EB51B6322430046EABC /* yjzm_1.png */ = {isa = PBXFileReference; lastKnownFileType = image.png; path = yjzm_1.png; sourceTree = "<group>"; };
		56C99EB61B6322430046EABC /* yjzm.png */ = {isa = PBXFileReference; lastKnownFileType = image.png; path = yjzm.png; sourceTree = "<group>"; };
		56C99EBF1B6326C80046EABC /* bdj_bj.png */ = {isa = PBXFileReference; lastKnownFileType = image.png; path = bdj_bj.png; sourceTree = "<group>"; };
		56C99EC01B6326C80046EABC /* dj_bj.png */ = {isa = PBXFileReference; lastKnownFileType = image.png; path = dj_bj.png; sourceTree = "<group>"; };
		56C99EC11B6326C80046EABC /* xian.png */ = {isa = PBXFileReference; lastKnownFileType = image.png; path = xian.png; sourceTree = "<group>"; };
		56C99F511B632E4D0046EABC /* NewsViewController.h */ = {isa = PBXFileReference; fileEncoding = 4; lastKnownFileType = sourcecode.c.h; path = NewsViewController.h; sourceTree = "<group>"; };
		56C99F521B632E4D0046EABC /* NewsViewController.m */ = {isa = PBXFileReference; fileEncoding = 4; lastKnownFileType = sourcecode.c.objc; path = NewsViewController.m; sourceTree = "<group>"; };
		56C99F551B632EFE0046EABC /* DJRefreshProgressView.h */ = {isa = PBXFileReference; fileEncoding = 4; lastKnownFileType = sourcecode.c.h; path = DJRefreshProgressView.h; sourceTree = "<group>"; };
		56C99F561B632EFE0046EABC /* DJRefreshProgressView.m */ = {isa = PBXFileReference; fileEncoding = 4; lastKnownFileType = sourcecode.c.objc; path = DJRefreshProgressView.m; sourceTree = "<group>"; };
		56C99F571B632EFE0046EABC /* pull_loading@2x.png */ = {isa = PBXFileReference; lastKnownFileType = image.png; path = "pull_loading@2x.png"; sourceTree = "<group>"; };
		56C99F581B632EFE0046EABC /* pull_loading@3x.png */ = {isa = PBXFileReference; lastKnownFileType = image.png; path = "pull_loading@3x.png"; sourceTree = "<group>"; };
		56C99F591B632EFE0046EABC /* pull_refresh@2x.png */ = {isa = PBXFileReference; lastKnownFileType = image.png; path = "pull_refresh@2x.png"; sourceTree = "<group>"; };
		56C99F5A1B632EFE0046EABC /* pull_refresh@3x.png */ = {isa = PBXFileReference; lastKnownFileType = image.png; path = "pull_refresh@3x.png"; sourceTree = "<group>"; };
		56C99F5B1B632EFE0046EABC /* SampleRefreshView.h */ = {isa = PBXFileReference; fileEncoding = 4; lastKnownFileType = sourcecode.c.h; path = SampleRefreshView.h; sourceTree = "<group>"; };
		56C99F5C1B632EFE0046EABC /* SampleRefreshView.m */ = {isa = PBXFileReference; fileEncoding = 4; lastKnownFileType = sourcecode.c.objc; path = SampleRefreshView.m; sourceTree = "<group>"; };
		56CD31BB1B68793800D5F35B /* OnlineBusinessViewController.h */ = {isa = PBXFileReference; fileEncoding = 4; lastKnownFileType = sourcecode.c.h; path = OnlineBusinessViewController.h; sourceTree = "<group>"; };
		56CD31BC1B68793800D5F35B /* OnlineBusinessViewController.m */ = {isa = PBXFileReference; fileEncoding = 4; lastKnownFileType = sourcecode.c.objc; path = OnlineBusinessViewController.m; sourceTree = "<group>"; };
		56D4377E1B56645B0010CFB2 /* VDLPlaybackViewController.h */ = {isa = PBXFileReference; fileEncoding = 4; lastKnownFileType = sourcecode.c.h; path = VDLPlaybackViewController.h; sourceTree = "<group>"; };
		56D4377F1B56645B0010CFB2 /* VDLPlaybackViewController.m */ = {isa = PBXFileReference; fileEncoding = 4; lastKnownFileType = sourcecode.c.objc; path = VDLPlaybackViewController.m; sourceTree = "<group>"; };
		56D437801B56645B0010CFB2 /* VDLPlaybackViewController.xib */ = {isa = PBXFileReference; fileEncoding = 4; lastKnownFileType = file.xib; path = VDLPlaybackViewController.xib; sourceTree = "<group>"; };
		56D437831B5665720010CFB2 /* AudioUnit.framework */ = {isa = PBXFileReference; lastKnownFileType = wrapper.framework; name = AudioUnit.framework; path = System/Library/Frameworks/AudioUnit.framework; sourceTree = SDKROOT; };
		56D68EA11B4B6DF800C1F60C /* GMDCircleLoader.h */ = {isa = PBXFileReference; fileEncoding = 4; lastKnownFileType = sourcecode.c.h; path = GMDCircleLoader.h; sourceTree = "<group>"; };
		56D68EA21B4B6DF800C1F60C /* GMDCircleLoader.m */ = {isa = PBXFileReference; fileEncoding = 4; lastKnownFileType = sourcecode.c.objc; path = GMDCircleLoader.m; sourceTree = "<group>"; };
		56DAE2ED1B5E1A8C0003C44E /* DJRefresh.bundle */ = {isa = PBXFileReference; lastKnownFileType = "wrapper.plug-in"; path = DJRefresh.bundle; sourceTree = "<group>"; };
		56DAE2EE1B5E1A8C0003C44E /* DJRefresh.h */ = {isa = PBXFileReference; fileEncoding = 4; lastKnownFileType = sourcecode.c.h; path = DJRefresh.h; sourceTree = "<group>"; };
		56DAE2EF1B5E1A8C0003C44E /* DJRefresh.m */ = {isa = PBXFileReference; fileEncoding = 4; lastKnownFileType = sourcecode.c.objc; path = DJRefresh.m; sourceTree = "<group>"; };
		56DAE2F11B5E1A8C0003C44E /* DJRefreshBottomView.h */ = {isa = PBXFileReference; fileEncoding = 4; lastKnownFileType = sourcecode.c.h; path = DJRefreshBottomView.h; sourceTree = "<group>"; };
		56DAE2F21B5E1A8C0003C44E /* DJRefreshBottomView.m */ = {isa = PBXFileReference; fileEncoding = 4; lastKnownFileType = sourcecode.c.objc; path = DJRefreshBottomView.m; sourceTree = "<group>"; };
		56DAE2F31B5E1A8C0003C44E /* DJRefreshMacro.h */ = {isa = PBXFileReference; fileEncoding = 4; lastKnownFileType = sourcecode.c.h; path = DJRefreshMacro.h; sourceTree = "<group>"; };
		56DAE2F41B5E1A8C0003C44E /* DJRefreshTopView.h */ = {isa = PBXFileReference; fileEncoding = 4; lastKnownFileType = sourcecode.c.h; path = DJRefreshTopView.h; sourceTree = "<group>"; };
		56DAE2F51B5E1A8C0003C44E /* DJRefreshTopView.m */ = {isa = PBXFileReference; fileEncoding = 4; lastKnownFileType = sourcecode.c.objc; path = DJRefreshTopView.m; sourceTree = "<group>"; };
		56DAE2F61B5E1A8C0003C44E /* DJRefreshView.h */ = {isa = PBXFileReference; fileEncoding = 4; lastKnownFileType = sourcecode.c.h; path = DJRefreshView.h; sourceTree = "<group>"; };
		56DAE2F71B5E1A8C0003C44E /* DJRefreshView.m */ = {isa = PBXFileReference; fileEncoding = 4; lastKnownFileType = sourcecode.c.objc; path = DJRefreshView.m; sourceTree = "<group>"; };
		56ECAAB41B54EBCD004480BC /* EconomyViewController.h */ = {isa = PBXFileReference; fileEncoding = 4; lastKnownFileType = sourcecode.c.h; path = EconomyViewController.h; sourceTree = "<group>"; };
		56ECAAB51B54EBCD004480BC /* EconomyViewController.m */ = {isa = PBXFileReference; fileEncoding = 4; lastKnownFileType = sourcecode.c.objc; path = EconomyViewController.m; sourceTree = "<group>"; };
/* End PBXFileReference section */

/* Begin PBXFrameworksBuildPhase section */
		564B561C1B43E78F003A4A14 /* Frameworks */ = {
			isa = PBXFrameworksBuildPhase;
			buildActionMask = 2147483647;
			files = (
				5645C55D1B466A8C0037C505 /* MobileVLCKit.framework in Frameworks */,
				562EEF851B451CA6006ADF6D /* Foundation.framework in Frameworks */,
				562EEF831B451C8E006ADF6D /* UIKit.framework in Frameworks */,
				562EEF811B451C83006ADF6D /* AudioToolbox.framework in Frameworks */,
				562EEF7F1B451C76006ADF6D /* OpenGLES.framework in Frameworks */,
				562EEF7D1B451C68006ADF6D /* CFNetwork.framework in Frameworks */,
				562EEF7B1B451C5E006ADF6D /* CoreText.framework in Frameworks */,
				562EEF791B4519A3006ADF6D /* libbz2.dylib in Frameworks */,
				562EEF771B45197B006ADF6D /* libiconv.dylib in Frameworks */,
				562EEF731B451727006ADF6D /* libstdc++.dylib in Frameworks */,
				562EEF711B451710006ADF6D /* QuartzCore.framework in Frameworks */,
				562EEF6F1B45168A006ADF6D /* CoreGraphics.framework in Frameworks */,
				562EEF6D1B45167B006ADF6D /* MediaPlayer.framework in Frameworks */,
				562EEF6B1B45166C006ADF6D /* Security.framework in Frameworks */,
				56858B751B43ED93007873FE /* AVFoundation.framework in Frameworks */,
			);
			runOnlyForDeploymentPostprocessing = 0;
		};
		564B56351B43E78F003A4A14 /* Frameworks */ = {
			isa = PBXFrameworksBuildPhase;
			buildActionMask = 2147483647;
			files = (
			);
			runOnlyForDeploymentPostprocessing = 0;
		};
/* End PBXFrameworksBuildPhase section */

/* Begin PBXGroup section */
		5628215F1B4A477A0044B4A9 /* IntoPZH */ = {
			isa = PBXGroup;
			children = (
				564B564C1B43E823003A4A14 /* IntoPZHViewController.h */,
				564B564D1B43E823003A4A14 /* IntoPZHViewController.m */,
				56ECAAB41B54EBCD004480BC /* EconomyViewController.h */,
				56ECAAB51B54EBCD004480BC /* EconomyViewController.m */,
				564B56501B43E823003A4A14 /* PicForPZHViewController.h */,
				564B56511B43E823003A4A14 /* PicForPZHViewController.m */,
				564B56521B43E823003A4A14 /* VideoForPZHViewController.h */,
				564B56531B43E823003A4A14 /* VideoForPZHViewController.m */,
			);
			name = IntoPZH;
			sourceTree = "<group>";
		};
		564B56161B43E78F003A4A14 = {
			isa = PBXGroup;
			children = (
				564B56211B43E78F003A4A14 /* PZH */,
				564B565D1B43E867003A4A14 /* Frameworks */,
				564B563B1B43E78F003A4A14 /* PZHTests */,
				564B56201B43E78F003A4A14 /* Products */,
			);
			sourceTree = "<group>";
		};
		564B56201B43E78F003A4A14 /* Products */ = {
			isa = PBXGroup;
			children = (
				564B561F1B43E78F003A4A14 /* PZH.app */,
				564B56381B43E78F003A4A14 /* PZHTests.xctest */,
			);
			name = Products;
			sourceTree = "<group>";
		};
		564B56211B43E78F003A4A14 /* PZH */ = {
			isa = PBXGroup;
			children = (
				564B56481B43E823003A4A14 /* AppDelegate.h */,
				564B56491B43E823003A4A14 /* AppDelegate.m */,
				564B564E1B43E823003A4A14 /* MainViewController.h */,
				564B564F1B43E823003A4A14 /* MainViewController.m */,
				562821601B4A47B10044B4A9 /* DetailWebViewController.h */,
				562821611B4A47B10044B4A9 /* DetailWebViewController.m */,
				56CD31BA1B68788500D5F35B /* OnlineBusiness */,
				56B1BF9F1B6214D400A844CF /* openGovernmentAffairs */,
				5628215F1B4A477A0044B4A9 /* IntoPZH */,
				564B562F1B43E78F003A4A14 /* Images.xcassets */,
				564B56221B43E78F003A4A14 /* Supporting Files */,
			);
			path = PZH;
			sourceTree = "<group>";
		};
		564B56221B43E78F003A4A14 /* Supporting Files */ = {
			isa = PBXGroup;
			children = (
				56B1C0121B6230B300A844CF /* Resource */,
				56BAB2261B4D094000E3CE50 /* ScrollVIew */,
				56BAB2271B4D095300E3CE50 /* Player */,
				56BAB2281B4D096700E3CE50 /* NetWork */,
				56B972441B4FC059009CFE8D /* Indicator */,
				56C064641B539DF50054D8C4 /* segment */,
				56DAE2EC1B5E1A8C0003C44E /* DJRefresh */,
				564B56231B43E78F003A4A14 /* Info.plist */,
				56B972451B4FC1A3009CFE8D /* PrefixHeader.pch */,
				564B56241B43E78F003A4A14 /* main.m */,
			);
			name = "Supporting Files";
			sourceTree = "<group>";
		};
		564B563B1B43E78F003A4A14 /* PZHTests */ = {
			isa = PBXGroup;
			children = (
				564B563E1B43E78F003A4A14 /* PZHTests.m */,
				564B563C1B43E78F003A4A14 /* Supporting Files */,
			);
			path = PZHTests;
			sourceTree = "<group>";
		};
		564B563C1B43E78F003A4A14 /* Supporting Files */ = {
			isa = PBXGroup;
			children = (
				564B563D1B43E78F003A4A14 /* Info.plist */,
			);
			name = "Supporting Files";
			sourceTree = "<group>";
		};
		564B565D1B43E867003A4A14 /* Frameworks */ = {
			isa = PBXGroup;
			children = (
				56D437831B5665720010CFB2 /* AudioUnit.framework */,
				5645C55C1B466A8C0037C505 /* MobileVLCKit.framework */,
				562EEF841B451CA6006ADF6D /* Foundation.framework */,
				562EEF821B451C8E006ADF6D /* UIKit.framework */,
				562EEF801B451C83006ADF6D /* AudioToolbox.framework */,
				562EEF7E1B451C76006ADF6D /* OpenGLES.framework */,
				562EEF7C1B451C68006ADF6D /* CFNetwork.framework */,
				562EEF7A1B451C5E006ADF6D /* CoreText.framework */,
				562EEF781B4519A3006ADF6D /* libbz2.dylib */,
				562EEF761B45197B006ADF6D /* libiconv.dylib */,
				562EEF721B451727006ADF6D /* libstdc++.dylib */,
				562EEF701B451710006ADF6D /* QuartzCore.framework */,
				562EEF6E1B45168A006ADF6D /* CoreGraphics.framework */,
				562EEF6C1B45167B006ADF6D /* MediaPlayer.framework */,
				562EEF6A1B45166C006ADF6D /* Security.framework */,
				56858B741B43ED93007873FE /* AVFoundation.framework */,
			);
			name = Frameworks;
			path = PZHTests;
			sourceTree = "<group>";
		};
		565B48781B68D77E0012C7F6 /* 网上办事 */ = {
			isa = PBXGroup;
			children = (
				565B48791B68D77E0012C7F6 /* bjan.png */,
				565B487A1B68D77E0012C7F6 /* bs.png */,
				565B487B1B68D77E0012C7F6 /* bsgg.png */,
				565B487C1B68D77E0012C7F6 /* ls.png */,
				565B487D1B68D77E0012C7F6 /* lstd.png */,
				565B487E1B68D77E0012C7F6 /* mxqy.png */,
				565B487F1B68D77E0012C7F6 /* mxsm.png */,
				565B48801B68D77E0012C7F6 /* qy.png */,
				565B48811B68D77E0012C7F6 /* sm.png */,
				565B48821B68D77E0012C7F6 /* 办事公告 */,
				565B48871B68D77E0012C7F6 /* 绿色通道 */,
				565B488E1B68D77E0012C7F6 /* 面向企业 */,
				565B48A01B68D77E0012C7F6 /* 面向市民 */,
			);
			path = "网上办事";
			sourceTree = "<group>";
		};
		565B48821B68D77E0012C7F6 /* 办事公告 */ = {
			isa = PBXGroup;
			children = (
				565B48831B68D77E0012C7F6 /* bjtj.png */,
				565B48841B68D77E0012C7F6 /* bsggicon.png */,
				565B48851B68D77E0012C7F6 /* rdbssx.png */,
				565B48861B68D77E0012C7F6 /* zxbscx.png */,
			);
			path = "办事公告";
			sourceTree = "<group>";
		};
		565B48871B68D77E0012C7F6 /* 绿色通道 */ = {
			isa = PBXGroup;
			children = (
				565B48881B68D77E0012C7F6 /* bm.png */,
				565B48891B68D77E0012C7F6 /* cjr.png */,
				565B488A1B68D77E0012C7F6 /* et.png */,
				565B488B1B68D77E0012C7F6 /* fl.png */,
				565B488C1B68D77E0012C7F6 /* tzz.png */,
				565B488D1B68D77E0012C7F6 /* xs.png */,
			);
			path = "绿色通道";
			sourceTree = "<group>";
		};
		565B488E1B68D77E0012C7F6 /* 面向企业 */ = {
			isa = PBXGroup;
			children = (
				565B488F1B68D77E0012C7F6 /* aqfh.png */,
				565B48901B68D77E0012C7F6 /* cssw.png */,
				565B48911B68D77E0012C7F6 /* dwmy.png */,
				565B48921B68D77E0012C7F6 /* flsf.png */,
				565B48931B68D77E0012C7F6 /* gcjs.png */,
				565B48941B68D77E0012C7F6 /* hblh.png */,
				565B48951B68D77E0012C7F6 /* jrbx.png */,
				565B48961B68D77E0012C7F6 /* jygl.png */,
				565B48971B68D77E0012C7F6 /* ldbz.png */,
				565B48981B68D77E0012C7F6 /* njbl.png */,
				565B48991B68D77E0012C7F6 /* pcsb.png */,
				565B489A1B68D77E0012C7F6 /* rlzy.png */,
				565B489B1B68D77E0012C7F6 /* tdfc.png */,
				565B489C1B68D77E0012C7F6 /* xwcb.png */,
				565B489D1B68D77E0012C7F6 /* zhqt.png */,
				565B489E1B68D77E0012C7F6 /* zljd.png */,
				565B489F1B68D77E0012C7F6 /* zscq.png */,
			);
			path = "面向企业";
			sourceTree = "<group>";
		};
		565B48A01B68D77E0012C7F6 /* 面向市民 */ = {
			isa = PBXGroup;
			children = (
				565B48A11B68D77E0012C7F6 /* byfw.png */,
				565B48A21B68D77E0012C7F6 /* cxly.png */,
				565B48A31B68D77E0012C7F6 /* cyzs.png */,
				565B48A41B68D77E0012C7F6 /* etfw.png */,
				565B48A51B68D77E0012C7F6 /* flsfsm.png */,
				565B48A61B68D77E0012C7F6 /* ggsy.png */,
				565B48A71B68D77E0012C7F6 /* gwyl.png */,
				565B48A81B68D77E0012C7F6 /* hyfw.png */,
				565B48A91B68D77E0012C7F6 /* jrfw.png */,
				565B48AA1B68D77E0012C7F6 /* jtcl.png */,
				565B48AB1B68D77E0012C7F6 /* jtsq.png */,
				565B48AC1B68D77E0012C7F6 /* jypx.png */,
				565B48AD1B68D77E0012C7F6 /* jyqz.png */,
				565B48AE1B68D77E0012C7F6 /* lnsh.png */,
				565B48AF1B68D77E0012C7F6 /* shbz.png */,
				565B48B01B68D77E0012C7F6 /* shqz.png */,
				565B48B11B68D77E0012C7F6 /* syfw.png */,
				565B48B21B68D77E0012C7F6 /* tdzf.png */,
				565B48B31B68D77E0012C7F6 /* xfqy.png */,
				565B48B41B68D77E0012C7F6 /* ylbx.png */,
				565B48B51B68D77E0012C7F6 /* zjbl.png */,
			);
			path = "面向市民";
			sourceTree = "<group>";
		};
		56B1BF9F1B6214D400A844CF /* openGovernmentAffairs */ = {
			isa = PBXGroup;
			children = (
				56B1BFA01B6215B000A844CF /* OpenGovernmentAffairsViewController.h */,
				56B1BFA11B6215B000A844CF /* OpenGovernmentAffairsViewController.m */,
				56C99F511B632E4D0046EABC /* NewsViewController.h */,
				56C99F521B632E4D0046EABC /* NewsViewController.m */,
				56C1B0931B65D2AB00370975 /* CustomTableViewCell.h */,
				56C1B0941B65D2AB00370975 /* CustomTableViewCell.m */,
			);
			name = openGovernmentAffairs;
			sourceTree = "<group>";
		};
		56B1C0121B6230B300A844CF /* Resource */ = {
			isa = PBXGroup;
			children = (
				56B1C0141B6230B300A844CF /* dj_1.png */,
				565B48781B68D77E0012C7F6 /* 网上办事 */,
				56B1C0181B6230B300A844CF /* 政务公开 */,
				56B1C0231B6230B300A844CF /* 走进攀枝花 */,
				56B1C04A1B6230B300A844CF /* 首页 */,
			);
			path = Resource;
			sourceTree = SOURCE_ROOT;
		};
		56B1C0181B6230B300A844CF /* 政务公开 */ = {
			isa = PBXGroup;
			children = (
				56C99E9C1B631B2A0046EABC /* 领导活动 */,
				56C99EA21B631B2A0046EABC /* bg.png */,
				56B1C0921B6232B500A844CF /* bmdt.png */,
				56B1C0931B6232B500A844CF /* gggs.png */,
				56B1C0941B6232B500A844CF /* gzhy.png */,
				56B1C0951B6232B500A844CF /* ldhd.png */,
				56B1C0961B6232B500A844CF /* qxkx.png */,
				56B1C01E1B6230B300A844CF /* zi_1.png */,
				56B1C01F1B6230B300A844CF /* zi_2.png */,
				56B1C0201B6230B300A844CF /* zi_3.png */,
				56B1C0211B6230B300A844CF /* zi_4.png */,
				56B1C0221B6230B300A844CF /* zi_5.png */,
			);
			path = "政务公开";
			sourceTree = "<group>";
		};
		56B1C0231B6230B300A844CF /* 走进攀枝花 */ = {
			isa = PBXGroup;
			children = (
				56B1C0241B6230B300A844CF /* sq.png */,
				56B1C0251B6230B300A844CF /* zr.png */,
				56B1C0261B6230B300A844CF /* gm.png */,
				56B1C0271B6230B300A844CF /* tk.png */,
				56B1C0281B6230B300A844CF /* sp.png */,
				56B1C02B1B6230B300A844CF /* sqgk.png */,
				56B1C02C1B6230B300A844CF /* zrgk.png */,
				56B1C02D1B6230B300A844CF /* gmjj.png */,
				56B1C02E1B6230B300A844CF /* tkpzh.png */,
				56B1C02F1B6230B300A844CF /* sppzh.png */,
				56C99EA91B631F690046EABC /* sppzh_1.png */,
				56C99EAA1B631F690046EABC /* tkpzh_1.png */,
				56C99E9B1B631ACB0046EABC /* 图看攀枝花 */,
				56B1C0301B6230B300A844CF /* 国民经济 */,
				56B1C03D1B6230B300A844CF /* 视频攀枝花 */,
			);
			path = "走进攀枝花";
			sourceTree = "<group>";
		};
		56B1C0301B6230B300A844CF /* 国民经济 */ = {
			isa = PBXGroup;
			children = (
				56B1C0311B6230B300A844CF /* iconBackground.png */,
				56B1C0321B6230B300A844CF /* tb_1.png */,
				56B1C0331B6230B300A844CF /* tb_10.png */,
				56B1C0341B6230B300A844CF /* tb_11.png */,
				56B1C0351B6230B300A844CF /* tb_2.png */,
				56B1C0361B6230B300A844CF /* tb_3.png */,
				56B1C0371B6230B300A844CF /* tb_4.png */,
				56B1C0381B6230B300A844CF /* tb_5.png */,
				56B1C0391B6230B300A844CF /* tb_6.png */,
				56B1C03A1B6230B300A844CF /* tb_7.png */,
				56B1C03B1B6230B300A844CF /* tb_8.png */,
				56B1C03C1B6230B300A844CF /* tb_9.png */,
			);
			path = "国民经济";
			sourceTree = "<group>";
		};
		56B1C03D1B6230B300A844CF /* 视频攀枝花 */ = {
			isa = PBXGroup;
			children = (
				56C99EAF1B6322430046EABC /* ghp_1.png */,
				56C99EB01B6322430046EABC /* ghp.png */,
				56C99EB11B6322430046EABC /* ycdmm_1.png */,
				56C99EB21B6322430046EABC /* xxp_1.png */,
				56C99EB31B6322430046EABC /* xxp.png */,
				56C99EB41B6322430046EABC /* ycdmm.png */,
				56C99EB51B6322430046EABC /* yjzm_1.png */,
				56C99EB61B6322430046EABC /* yjzm.png */,
			);
			path = "视频攀枝花";
			sourceTree = "<group>";
		};
		56B1C04A1B6230B300A844CF /* 首页 */ = {
			isa = PBXGroup;
			children = (
				56C99EBF1B6326C80046EABC /* bdj_bj.png */,
				56C99EC01B6326C80046EABC /* dj_bj.png */,
				56C99EC11B6326C80046EABC /* xian.png */,
				56B1C04B1B6230B300A844CF /* hd1.png */,
				56B1C04C1B6230B300A844CF /* hd2.png */,
				56B1C04D1B6230B300A844CF /* hd3.png */,
				56B1C04E1B6230B300A844CF /* ph.png */,
				56B1C04F1B6230B300A844CF /* zjpzh.png */,
				56B1C0501B6230B300A844CF /* zwgk.png */,
				56B1C0511B6230B300A844CF /* wsbs.png */,
				56B1C0521B6230B300A844CF /* ggfw.png */,
				56B1C0531B6230B300A844CF /* xw_bj.png */,
			);
			path = "首页";
			sourceTree = "<group>";
		};
		56B972441B4FC059009CFE8D /* Indicator */ = {
			isa = PBXGroup;
			children = (
				56D68EA11B4B6DF800C1F60C /* GMDCircleLoader.h */,
				56D68EA21B4B6DF800C1F60C /* GMDCircleLoader.m */,
			);
			name = Indicator;
			sourceTree = "<group>";
		};
		56BAB2261B4D094000E3CE50 /* ScrollVIew */ = {
			isa = PBXGroup;
			children = (
				56BAB21E1B4D093700E3CE50 /* AdScrollView.h */,
				56BAB21F1B4D093700E3CE50 /* AdScrollView.m */,
				56BAB2201B4D093700E3CE50 /* AdDataModel.h */,
				56BAB2211B4D093700E3CE50 /* AdDataModel.m */,
				56BAB2221B4D093700E3CE50 /* AdDataPlist.plist */,
			);
			name = ScrollVIew;
			sourceTree = "<group>";
		};
		56BAB2271B4D095300E3CE50 /* Player */ = {
			isa = PBXGroup;
			children = (
				5645C5571B4669AB0037C505 /* VDLViewController.h */,
				5645C5581B4669AB0037C505 /* VDLViewController.m */,
				5645C5591B4669AB0037C505 /* VDLViewController.xib */,
				56D4377E1B56645B0010CFB2 /* VDLPlaybackViewController.h */,
				56D4377F1B56645B0010CFB2 /* VDLPlaybackViewController.m */,
				56D437801B56645B0010CFB2 /* VDLPlaybackViewController.xib */,
			);
			name = Player;
			sourceTree = "<group>";
		};
		56BAB2281B4D096700E3CE50 /* NetWork */ = {
			isa = PBXGroup;
			children = (
				564B564A1B43E823003A4A14 /* ConnectionAPI.h */,
				564B564B1B43E823003A4A14 /* ConnectionAPI.m */,
			);
			name = NetWork;
			sourceTree = "<group>";
		};
		56C064641B539DF50054D8C4 /* segment */ = {
			isa = PBXGroup;
			children = (
				56C064611B5397820054D8C4 /* HYSegmentedControl.h */,
				56C064621B5397820054D8C4 /* HYSegmentedControl.m */,
			);
			name = segment;
			sourceTree = "<group>";
		};
		56C99E9B1B631ACB0046EABC /* 图看攀枝花 */ = {
			isa = PBXGroup;
			children = (
				56C1B0961B661F1400370975 /* jzsb.png */,
				56C99EAD1B6321890046EABC /* jz.png */,
			);
			name = "图看攀枝花";
			sourceTree = "<group>";
		};
		56C99E9C1B631B2A0046EABC /* 领导活动 */ = {
			isa = PBXGroup;
			children = (
				56C99E9D1B631B2A0046EABC /* hd.png */,
				56C99E9E1B631B2A0046EABC /* hy.png */,
				56C99E9F1B631B2A0046EABC /* jh.png */,
				56C99EA01B631B2A0046EABC /* qt.png */,
				56C99EA11B631B2A0046EABC /* ty.png */,
			);
			path = "领导活动";
			sourceTree = "<group>";
		};
		56C99F541B632EFE0046EABC /* CustomRefreshView */ = {
			isa = PBXGroup;
			children = (
				56C99F551B632EFE0046EABC /* DJRefreshProgressView.h */,
				56C99F561B632EFE0046EABC /* DJRefreshProgressView.m */,
				56C99F571B632EFE0046EABC /* pull_loading@2x.png */,
				56C99F581B632EFE0046EABC /* pull_loading@3x.png */,
				56C99F591B632EFE0046EABC /* pull_refresh@2x.png */,
				56C99F5A1B632EFE0046EABC /* pull_refresh@3x.png */,
				56C99F5B1B632EFE0046EABC /* SampleRefreshView.h */,
				56C99F5C1B632EFE0046EABC /* SampleRefreshView.m */,
			);
			path = CustomRefreshView;
			sourceTree = "<group>";
		};
		56CD31BA1B68788500D5F35B /* OnlineBusiness */ = {
			isa = PBXGroup;
			children = (
				56CD31BB1B68793800D5F35B /* OnlineBusinessViewController.h */,
				56CD31BC1B68793800D5F35B /* OnlineBusinessViewController.m */,
				565B486F1B68CD020012C7F6 /* AnnouncementOfWorkViewController.h */,
				565B48701B68CD020012C7F6 /* AnnouncementOfWorkViewController.m */,
				565B48721B68D5F20012C7F6 /* OnlineBusinessSearchViewController.h */,
				565B48731B68D5F20012C7F6 /* OnlineBusinessSearchViewController.m */,
				565B48751B68D6D40012C7F6 /* StatisticsOfWorkViewController.h */,
				565B48761B68D6D40012C7F6 /* StatisticsOfWorkViewController.m */,
				56C33B761B7050E90025952F /* ForTheCitizensViewController.h */,
				56C33B771B7050E90025952F /* ForTheCitizensViewController.m */,
				56C33B791B70650B0025952F /* DetailCellViewController.h */,
				56C33B7A1B70650B0025952F /* DetailCellViewController.m */,
				56C33B7C1B708DEA0025952F /* CustomBtnTableViewCell.h */,
				56C33B7D1B708DEA0025952F /* CustomBtnTableViewCell.m */,
			);
			name = OnlineBusiness;
			sourceTree = "<group>";
		};
		56DAE2EC1B5E1A8C0003C44E /* DJRefresh */ = {
			isa = PBXGroup;
			children = (
				56DAE2ED1B5E1A8C0003C44E /* DJRefresh.bundle */,
				56DAE2EE1B5E1A8C0003C44E /* DJRefresh.h */,
				56DAE2EF1B5E1A8C0003C44E /* DJRefresh.m */,
				56C99F541B632EFE0046EABC /* CustomRefreshView */,
				56DAE2F01B5E1A8C0003C44E /* DJRefreshView */,
			);
			path = DJRefresh;
			sourceTree = "<group>";
		};
		56DAE2F01B5E1A8C0003C44E /* DJRefreshView */ = {
			isa = PBXGroup;
			children = (
				56DAE2F11B5E1A8C0003C44E /* DJRefreshBottomView.h */,
				56DAE2F21B5E1A8C0003C44E /* DJRefreshBottomView.m */,
				56DAE2F31B5E1A8C0003C44E /* DJRefreshMacro.h */,
				56DAE2F41B5E1A8C0003C44E /* DJRefreshTopView.h */,
				56DAE2F51B5E1A8C0003C44E /* DJRefreshTopView.m */,
				56DAE2F61B5E1A8C0003C44E /* DJRefreshView.h */,
				56DAE2F71B5E1A8C0003C44E /* DJRefreshView.m */,
			);
			path = DJRefreshView;
			sourceTree = "<group>";
		};
/* End PBXGroup section */

/* Begin PBXNativeTarget section */
		564B561E1B43E78F003A4A14 /* PZH */ = {
			isa = PBXNativeTarget;
			buildConfigurationList = 564B56421B43E78F003A4A14 /* Build configuration list for PBXNativeTarget "PZH" */;
			buildPhases = (
				564B561B1B43E78F003A4A14 /* Sources */,
				564B561C1B43E78F003A4A14 /* Frameworks */,
				564B561D1B43E78F003A4A14 /* Resources */,
				5600BB811B58D9CC00092FD3 /* CopyFiles */,
			);
			buildRules = (
			);
			dependencies = (
			);
			name = PZH;
			productName = PZH;
			productReference = 564B561F1B43E78F003A4A14 /* PZH.app */;
			productType = "com.apple.product-type.application";
		};
		564B56371B43E78F003A4A14 /* PZHTests */ = {
			isa = PBXNativeTarget;
			buildConfigurationList = 564B56451B43E78F003A4A14 /* Build configuration list for PBXNativeTarget "PZHTests" */;
			buildPhases = (
				564B56341B43E78F003A4A14 /* Sources */,
				564B56351B43E78F003A4A14 /* Frameworks */,
				564B56361B43E78F003A4A14 /* Resources */,
			);
			buildRules = (
			);
			dependencies = (
				564B563A1B43E78F003A4A14 /* PBXTargetDependency */,
			);
			name = PZHTests;
			productName = PZHTests;
			productReference = 564B56381B43E78F003A4A14 /* PZHTests.xctest */;
			productType = "com.apple.product-type.bundle.unit-test";
		};
/* End PBXNativeTarget section */

/* Begin PBXProject section */
		564B56171B43E78F003A4A14 /* Project object */ = {
			isa = PBXProject;
			attributes = {
				LastUpgradeCheck = 0640;
				ORGANIZATIONNAME = "IOS-developer";
				TargetAttributes = {
					564B561E1B43E78F003A4A14 = {
						CreatedOnToolsVersion = 6.4;
						DevelopmentTeam = 2FQ7N87PG5;
					};
					564B56371B43E78F003A4A14 = {
						CreatedOnToolsVersion = 6.4;
						TestTargetID = 564B561E1B43E78F003A4A14;
					};
				};
			};
			buildConfigurationList = 564B561A1B43E78F003A4A14 /* Build configuration list for PBXProject "PZH" */;
			compatibilityVersion = "Xcode 3.2";
			developmentRegion = English;
			hasScannedForEncodings = 0;
			knownRegions = (
				en,
				Base,
			);
			mainGroup = 564B56161B43E78F003A4A14;
			productRefGroup = 564B56201B43E78F003A4A14 /* Products */;
			projectDirPath = "";
			projectRoot = "";
			targets = (
				564B561E1B43E78F003A4A14 /* PZH */,
				564B56371B43E78F003A4A14 /* PZHTests */,
			);
		};
/* End PBXProject section */

/* Begin PBXResourcesBuildPhase section */
		564B561D1B43E78F003A4A14 /* Resources */ = {
			isa = PBXResourcesBuildPhase;
			buildActionMask = 2147483647;
			files = (
				565B48CB1B68D77E0012C7F6 /* dwmy.png in Resources */,
				565B48C01B68D77E0012C7F6 /* bsggicon.png in Resources */,
				565B48CD1B68D77E0012C7F6 /* gcjs.png in Resources */,
				56B1C0651B6230B300A844CF /* zr.png in Resources */,
				565B48E41B68D77E0012C7F6 /* jtsq.png in Resources */,
				565B48D81B68D77E0012C7F6 /* zljd.png in Resources */,
				565B48D71B68D77E0012C7F6 /* zhqt.png in Resources */,
				56C99EC31B6326C80046EABC /* dj_bj.png in Resources */,
				564B56301B43E78F003A4A14 /* Images.xcassets in Resources */,
				56C99EA81B631B2A0046EABC /* bg.png in Resources */,
				56B1C06E1B6230B300A844CF /* tkpzh.png in Resources */,
				565B48E51B68D77E0012C7F6 /* jypx.png in Resources */,
				56B1C0611B6230B300A844CF /* zi_3.png in Resources */,
				56B1C08E1B6230B300A844CF /* wsbs.png in Resources */,
				56B1C0701B6230B300A844CF /* iconBackground.png in Resources */,
				565B48D11B68D77E0012C7F6 /* ldbz.png in Resources */,
				56B1C0741B6230B300A844CF /* tb_2.png in Resources */,
				565B48E61B68D77E0012C7F6 /* jyqz.png in Resources */,
				56DAE2F81B5E1A8C0003C44E /* DJRefresh.bundle in Resources */,
				565B48D41B68D77E0012C7F6 /* rlzy.png in Resources */,
				56D437821B56645B0010CFB2 /* VDLPlaybackViewController.xib in Resources */,
				565B48BA1B68D77E0012C7F6 /* lstd.png in Resources */,
				56C99EC21B6326C80046EABC /* bdj_bj.png in Resources */,
				565B48B61B68D77E0012C7F6 /* bjan.png in Resources */,
				565B48BB1B68D77E0012C7F6 /* mxqy.png in Resources */,
				56B1C0641B6230B300A844CF /* sq.png in Resources */,
				56C99EAB1B631F690046EABC /* sppzh_1.png in Resources */,
				56B1C08A1B6230B300A844CF /* hd3.png in Resources */,
				56B1C0631B6230B300A844CF /* zi_5.png in Resources */,
				56C99F611B632EFE0046EABC /* pull_refresh@3x.png in Resources */,
				565B48BC1B68D77E0012C7F6 /* mxsm.png in Resources */,
				56C99EA71B631B2A0046EABC /* ty.png in Resources */,
				56B1C0971B6232B500A844CF /* bmdt.png in Resources */,
				56C99F5E1B632EFE0046EABC /* pull_loading@2x.png in Resources */,
				56B1C0561B6230B300A844CF /* dj_1.png in Resources */,
				56C99F5F1B632EFE0046EABC /* pull_loading@3x.png in Resources */,
				565B48EA1B68D77E0012C7F6 /* syfw.png in Resources */,
				565B48DD1B68D77E0012C7F6 /* etfw.png in Resources */,
				565B48D01B68D77E0012C7F6 /* jygl.png in Resources */,
				56C99EA61B631B2A0046EABC /* qt.png in Resources */,
				565B48E01B68D77E0012C7F6 /* gwyl.png in Resources */,
				565B48E11B68D77E0012C7F6 /* hyfw.png in Resources */,
				56C1B0971B661F1400370975 /* jzsb.png in Resources */,
				565B48DA1B68D77E0012C7F6 /* byfw.png in Resources */,
				565B48ED1B68D77E0012C7F6 /* ylbx.png in Resources */,
				56B1C08C1B6230B300A844CF /* zjpzh.png in Resources */,
				565B48CC1B68D77E0012C7F6 /* flsf.png in Resources */,
				565B48C61B68D77E0012C7F6 /* fl.png in Resources */,
				565B48B71B68D77E0012C7F6 /* bs.png in Resources */,
				565B48C11B68D77E0012C7F6 /* rdbssx.png in Resources */,
				56B1C0681B6230B300A844CF /* sp.png in Resources */,
				56B1C0791B6230B300A844CF /* tb_7.png in Resources */,
				565B48EC1B68D77E0012C7F6 /* xfqy.png in Resources */,
				56C99EBD1B6322430046EABC /* yjzm_1.png in Resources */,
				56B1C0661B6230B300A844CF /* gm.png in Resources */,
				56C99EBC1B6322430046EABC /* ycdmm.png in Resources */,
				565B48D51B68D77E0012C7F6 /* tdfc.png in Resources */,
				565B48BD1B68D77E0012C7F6 /* qy.png in Resources */,
				565B48B91B68D77E0012C7F6 /* ls.png in Resources */,
				56C99EA41B631B2A0046EABC /* hy.png in Resources */,
				56B1C08D1B6230B300A844CF /* zwgk.png in Resources */,
				565B48BF1B68D77E0012C7F6 /* bjtj.png in Resources */,
				56B1C0671B6230B300A844CF /* tk.png in Resources */,
				5645C55B1B4669AB0037C505 /* VDLViewController.xib in Resources */,
				56C99EBB1B6322430046EABC /* xxp.png in Resources */,
				565B48CE1B68D77E0012C7F6 /* hblh.png in Resources */,
				565B48D91B68D77E0012C7F6 /* zscq.png in Resources */,
				56B1C07B1B6230B300A844CF /* tb_9.png in Resources */,
				56B1C06C1B6230B300A844CF /* zrgk.png in Resources */,
				56B1C08F1B6230B300A844CF /* ggfw.png in Resources */,
				56B1C0771B6230B300A844CF /* tb_5.png in Resources */,
				56C99EA31B631B2A0046EABC /* hd.png in Resources */,
				56C99EA51B631B2A0046EABC /* jh.png in Resources */,
				56B1C0881B6230B300A844CF /* hd1.png in Resources */,
				565B48D31B68D77E0012C7F6 /* pcsb.png in Resources */,
				56B1C0981B6232B500A844CF /* gggs.png in Resources */,
				56B1C0621B6230B300A844CF /* zi_4.png in Resources */,
				56B1C0721B6230B300A844CF /* tb_10.png in Resources */,
				56C99EBA1B6322430046EABC /* xxp_1.png in Resources */,
				56B1C06F1B6230B300A844CF /* sppzh.png in Resources */,
				565B48DC1B68D77E0012C7F6 /* cyzs.png in Resources */,
				56B1C09A1B6232B500A844CF /* ldhd.png in Resources */,
				56C99EAC1B631F690046EABC /* tkpzh_1.png in Resources */,
				56B1C0601B6230B300A844CF /* zi_2.png in Resources */,
				56B1C08B1B6230B300A844CF /* ph.png in Resources */,
				565B48D61B68D77E0012C7F6 /* xwcb.png in Resources */,
				56B1C06B1B6230B300A844CF /* sqgk.png in Resources */,
				56C99EB81B6322430046EABC /* ghp.png in Resources */,
				56B1C0751B6230B300A844CF /* tb_3.png in Resources */,
				565B48E21B68D77E0012C7F6 /* jrfw.png in Resources */,
				565B48C81B68D77E0012C7F6 /* xs.png in Resources */,
				56B1C0761B6230B300A844CF /* tb_4.png in Resources */,
				565B48E81B68D77E0012C7F6 /* shbz.png in Resources */,
				565B48DE1B68D77E0012C7F6 /* flsfsm.png in Resources */,
				565B48DB1B68D77E0012C7F6 /* cxly.png in Resources */,
				565B48C71B68D77E0012C7F6 /* tzz.png in Resources */,
				56B1C06D1B6230B300A844CF /* gmjj.png in Resources */,
				565B48C51B68D77E0012C7F6 /* et.png in Resources */,
				56B1C0901B6230B300A844CF /* xw_bj.png in Resources */,
				565B48C91B68D77E0012C7F6 /* aqfh.png in Resources */,
				565B48E91B68D77E0012C7F6 /* shqz.png in Resources */,
				565B48E71B68D77E0012C7F6 /* lnsh.png in Resources */,
				565B48C21B68D77E0012C7F6 /* zxbscx.png in Resources */,
				56C99EAE1B6321890046EABC /* jz.png in Resources */,
				565B48C41B68D77E0012C7F6 /* cjr.png in Resources */,
				56C99EBE1B6322430046EABC /* yjzm.png in Resources */,
				56B1C0891B6230B300A844CF /* hd2.png in Resources */,
				565B48E31B68D77E0012C7F6 /* jtcl.png in Resources */,
				565B48CA1B68D77E0012C7F6 /* cssw.png in Resources */,
				56B1C0711B6230B300A844CF /* tb_1.png in Resources */,
				56B1C09B1B6232B500A844CF /* qxkx.png in Resources */,
				56B1C05F1B6230B300A844CF /* zi_1.png in Resources */,
				56C99EC41B6326C80046EABC /* xian.png in Resources */,
				565B48D21B68D77E0012C7F6 /* njbl.png in Resources */,
				56B1C0781B6230B300A844CF /* tb_6.png in Resources */,
				565B48CF1B68D77E0012C7F6 /* jrbx.png in Resources */,
				565B48C31B68D77E0012C7F6 /* bm.png in Resources */,
				56C99EB91B6322430046EABC /* ycdmm_1.png in Resources */,
				565B48BE1B68D77E0012C7F6 /* sm.png in Resources */,
				565B48EE1B68D77E0012C7F6 /* zjbl.png in Resources */,
				56C99EB71B6322430046EABC /* ghp_1.png in Resources */,
				565B48DF1B68D77E0012C7F6 /* ggsy.png in Resources */,
				565B48EB1B68D77E0012C7F6 /* tdzf.png in Resources */,
				56C99F601B632EFE0046EABC /* pull_refresh@2x.png in Resources */,
				56BAB2251B4D093700E3CE50 /* AdDataPlist.plist in Resources */,
				565B48B81B68D77E0012C7F6 /* bsgg.png in Resources */,
				56B1C0991B6232B500A844CF /* gzhy.png in Resources */,
				56B1C0731B6230B300A844CF /* tb_11.png in Resources */,
				56B1C07A1B6230B300A844CF /* tb_8.png in Resources */,
			);
			runOnlyForDeploymentPostprocessing = 0;
		};
		564B56361B43E78F003A4A14 /* Resources */ = {
			isa = PBXResourcesBuildPhase;
			buildActionMask = 2147483647;
			files = (
			);
			runOnlyForDeploymentPostprocessing = 0;
		};
/* End PBXResourcesBuildPhase section */

/* Begin PBXSourcesBuildPhase section */
		564B561B1B43E78F003A4A14 /* Sources */ = {
			isa = PBXSourcesBuildPhase;
			buildActionMask = 2147483647;
			files = (
				56C33B7E1B708DEA0025952F /* CustomBtnTableViewCell.m in Sources */,
				56DAE2FA1B5E1A8C0003C44E /* DJRefreshBottomView.m in Sources */,
				56CD31BD1B68793800D5F35B /* OnlineBusinessViewController.m in Sources */,
				5600BB831B58DF0100092FD3 /* DetailWebViewController.m in Sources */,
				5600BB841B58DF0100092FD3 /* VDLPlaybackViewController.m in Sources */,
				56C99F531B632E4D0046EABC /* NewsViewController.m in Sources */,
				565B48711B68CD020012C7F6 /* AnnouncementOfWorkViewController.m in Sources */,
				564B56561B43E823003A4A14 /* AppDelegate.m in Sources */,
				564B56581B43E823003A4A14 /* IntoPZHViewController.m in Sources */,
				564B56251B43E78F003A4A14 /* main.m in Sources */,
				56BAB2231B4D093700E3CE50 /* AdScrollView.m in Sources */,
				56C33B781B7050E90025952F /* ForTheCitizensViewController.m in Sources */,
				56DAE2F91B5E1A8C0003C44E /* DJRefresh.m in Sources */,
				56D68EA31B4B6DF800C1F60C /* GMDCircleLoader.m in Sources */,
				56BAB2241B4D093700E3CE50 /* AdDataModel.m in Sources */,
				56DAE2FC1B5E1A8C0003C44E /* DJRefreshView.m in Sources */,
				565B48771B68D6D40012C7F6 /* StatisticsOfWorkViewController.m in Sources */,
				564B56591B43E823003A4A14 /* MainViewController.m in Sources */,
				564B565A1B43E823003A4A14 /* PicForPZHViewController.m in Sources */,
				565B48741B68D5F20012C7F6 /* OnlineBusinessSearchViewController.m in Sources */,
				56C1B0951B65D2AB00370975 /* CustomTableViewCell.m in Sources */,
				56DAE2FB1B5E1A8C0003C44E /* DJRefreshTopView.m in Sources */,
				564B56571B43E823003A4A14 /* ConnectionAPI.m in Sources */,
				56C99F5D1B632EFE0046EABC /* DJRefreshProgressView.m in Sources */,
				56ECAAB61B54EBCD004480BC /* EconomyViewController.m in Sources */,
				564B565B1B43E823003A4A14 /* VideoForPZHViewController.m in Sources */,
				56C064631B5397820054D8C4 /* HYSegmentedControl.m in Sources */,
				5645C55A1B4669AB0037C505 /* VDLViewController.m in Sources */,
				56C33B7B1B70650B0025952F /* DetailCellViewController.m in Sources */,
				56C99F621B632EFE0046EABC /* SampleRefreshView.m in Sources */,
				56B1BFA21B6215B000A844CF /* OpenGovernmentAffairsViewController.m in Sources */,
			);
			runOnlyForDeploymentPostprocessing = 0;
		};
		564B56341B43E78F003A4A14 /* Sources */ = {
			isa = PBXSourcesBuildPhase;
			buildActionMask = 2147483647;
			files = (
				564B563F1B43E78F003A4A14 /* PZHTests.m in Sources */,
			);
			runOnlyForDeploymentPostprocessing = 0;
		};
/* End PBXSourcesBuildPhase section */

/* Begin PBXTargetDependency section */
		564B563A1B43E78F003A4A14 /* PBXTargetDependency */ = {
			isa = PBXTargetDependency;
			target = 564B561E1B43E78F003A4A14 /* PZH */;
			targetProxy = 564B56391B43E78F003A4A14 /* PBXContainerItemProxy */;
		};
/* End PBXTargetDependency section */

/* Begin XCBuildConfiguration section */
		564B56401B43E78F003A4A14 /* Debug */ = {
			isa = XCBuildConfiguration;
			buildSettings = {
				ALWAYS_SEARCH_USER_PATHS = NO;
				CLANG_CXX_LANGUAGE_STANDARD = "gnu++0x";
				CLANG_CXX_LIBRARY = "libc++";
				CLANG_ENABLE_MODULES = YES;
				CLANG_ENABLE_OBJC_ARC = YES;
				CLANG_WARN_BOOL_CONVERSION = YES;
				CLANG_WARN_CONSTANT_CONVERSION = YES;
				CLANG_WARN_DIRECT_OBJC_ISA_USAGE = YES_ERROR;
				CLANG_WARN_EMPTY_BODY = YES;
				CLANG_WARN_ENUM_CONVERSION = YES;
				CLANG_WARN_INT_CONVERSION = YES;
				CLANG_WARN_OBJC_ROOT_CLASS = YES_ERROR;
				CLANG_WARN_UNREACHABLE_CODE = YES;
				CLANG_WARN__DUPLICATE_METHOD_MATCH = YES;
				"CODE_SIGN_IDENTITY[sdk=iphoneos*]" = "iPhone Developer";
				COPY_PHASE_STRIP = NO;
				DEBUG_INFORMATION_FORMAT = "dwarf-with-dsym";
				ENABLE_STRICT_OBJC_MSGSEND = YES;
				GCC_C_LANGUAGE_STANDARD = gnu99;
				GCC_DYNAMIC_NO_PIC = NO;
				GCC_NO_COMMON_BLOCKS = YES;
				GCC_OPTIMIZATION_LEVEL = 0;
				GCC_PREPROCESSOR_DEFINITIONS = (
					"DEBUG=1",
					"$(inherited)",
				);
				GCC_SYMBOLS_PRIVATE_EXTERN = NO;
				GCC_WARN_64_TO_32_BIT_CONVERSION = YES;
				GCC_WARN_ABOUT_RETURN_TYPE = YES_ERROR;
				GCC_WARN_UNDECLARED_SELECTOR = YES;
				GCC_WARN_UNINITIALIZED_AUTOS = YES_AGGRESSIVE;
				GCC_WARN_UNUSED_FUNCTION = YES;
				GCC_WARN_UNUSED_VARIABLE = YES;
				IPHONEOS_DEPLOYMENT_TARGET = 6.1;
				MTL_ENABLE_DEBUG_INFO = YES;
				ONLY_ACTIVE_ARCH = YES;
				SDKROOT = iphoneos;
				TARGETED_DEVICE_FAMILY = "1,2";
			};
			name = Debug;
		};
		564B56411B43E78F003A4A14 /* Release */ = {
			isa = XCBuildConfiguration;
			buildSettings = {
				ALWAYS_SEARCH_USER_PATHS = NO;
				CLANG_CXX_LANGUAGE_STANDARD = "gnu++0x";
				CLANG_CXX_LIBRARY = "libc++";
				CLANG_ENABLE_MODULES = YES;
				CLANG_ENABLE_OBJC_ARC = YES;
				CLANG_WARN_BOOL_CONVERSION = YES;
				CLANG_WARN_CONSTANT_CONVERSION = YES;
				CLANG_WARN_DIRECT_OBJC_ISA_USAGE = YES_ERROR;
				CLANG_WARN_EMPTY_BODY = YES;
				CLANG_WARN_ENUM_CONVERSION = YES;
				CLANG_WARN_INT_CONVERSION = YES;
				CLANG_WARN_OBJC_ROOT_CLASS = YES_ERROR;
				CLANG_WARN_UNREACHABLE_CODE = YES;
				CLANG_WARN__DUPLICATE_METHOD_MATCH = YES;
				"CODE_SIGN_IDENTITY[sdk=iphoneos*]" = "iPhone Developer";
				COPY_PHASE_STRIP = NO;
				DEBUG_INFORMATION_FORMAT = "dwarf-with-dsym";
				ENABLE_NS_ASSERTIONS = NO;
				ENABLE_STRICT_OBJC_MSGSEND = YES;
				GCC_C_LANGUAGE_STANDARD = gnu99;
				GCC_NO_COMMON_BLOCKS = YES;
				GCC_WARN_64_TO_32_BIT_CONVERSION = YES;
				GCC_WARN_ABOUT_RETURN_TYPE = YES_ERROR;
				GCC_WARN_UNDECLARED_SELECTOR = YES;
				GCC_WARN_UNINITIALIZED_AUTOS = YES_AGGRESSIVE;
				GCC_WARN_UNUSED_FUNCTION = YES;
				GCC_WARN_UNUSED_VARIABLE = YES;
				IPHONEOS_DEPLOYMENT_TARGET = 6.1;
				MTL_ENABLE_DEBUG_INFO = NO;
				SDKROOT = iphoneos;
				TARGETED_DEVICE_FAMILY = "1,2";
				VALIDATE_PRODUCT = YES;
			};
			name = Release;
		};
		564B56431B43E78F003A4A14 /* Debug */ = {
			isa = XCBuildConfiguration;
			buildSettings = {
				ASSETCATALOG_COMPILER_APPICON_NAME = AppIcon;
				ASSETCATALOG_COMPILER_LAUNCHIMAGE_NAME = LaunchImage;
				CODE_SIGN_IDENTITY = "iPhone Developer";
				"CODE_SIGN_IDENTITY[sdk=iphoneos*]" = "iPhone Developer";
				FRAMEWORK_SEARCH_PATHS = (
					"$(inherited)",
					"$(PROJECT_DIR)/PZH",
					/Users/ZengYifei/Project/VLC/VLC,
				);
				GCC_C_LANGUAGE_STANDARD = gnu99;
				GCC_PREFIX_HEADER = /Users/ZengYifei/project/PZH/PZH/PrefixHeader.pch;
				INFOPLIST_FILE = PZH/Info.plist;
				LD_RUNPATH_SEARCH_PATHS = "$(inherited) @executable_path/Frameworks";
				PRODUCT_NAME = "$(TARGET_NAME)";
				PROVISIONING_PROFILE = "";
			};
			name = Debug;
		};
		564B56441B43E78F003A4A14 /* Release */ = {
			isa = XCBuildConfiguration;
			buildSettings = {
				ASSETCATALOG_COMPILER_APPICON_NAME = AppIcon;
				ASSETCATALOG_COMPILER_LAUNCHIMAGE_NAME = LaunchImage;
				CODE_SIGN_IDENTITY = "iPhone Developer";
				"CODE_SIGN_IDENTITY[sdk=iphoneos*]" = "iPhone Developer";
				FRAMEWORK_SEARCH_PATHS = (
					"$(inherited)",
					"$(PROJECT_DIR)/PZH",
					/Users/ZengYifei/Project/VLC/VLC,
				);
				GCC_C_LANGUAGE_STANDARD = gnu99;
				GCC_PREFIX_HEADER = /Users/ZengYifei/project/PZH/PZH/PrefixHeader.pch;
				INFOPLIST_FILE = PZH/Info.plist;
				LD_RUNPATH_SEARCH_PATHS = "$(inherited) @executable_path/Frameworks";
				PRODUCT_NAME = "$(TARGET_NAME)";
				PROVISIONING_PROFILE = "";
			};
			name = Release;
		};
		564B56461B43E78F003A4A14 /* Debug */ = {
			isa = XCBuildConfiguration;
			buildSettings = {
				BUNDLE_LOADER = "$(TEST_HOST)";
				FRAMEWORK_SEARCH_PATHS = (
					"$(SDKROOT)/Developer/Library/Frameworks",
					"$(inherited)",
				);
				GCC_PREPROCESSOR_DEFINITIONS = (
					"DEBUG=1",
					"$(inherited)",
				);
				INFOPLIST_FILE = PZHTests/Info.plist;
				LD_RUNPATH_SEARCH_PATHS = "$(inherited) @executable_path/Frameworks @loader_path/Frameworks";
				PRODUCT_NAME = "$(TARGET_NAME)";
				TEST_HOST = "$(BUILT_PRODUCTS_DIR)/PZH.app/PZH";
			};
			name = Debug;
		};
		564B56471B43E78F003A4A14 /* Release */ = {
			isa = XCBuildConfiguration;
			buildSettings = {
				BUNDLE_LOADER = "$(TEST_HOST)";
				FRAMEWORK_SEARCH_PATHS = (
					"$(SDKROOT)/Developer/Library/Frameworks",
					"$(inherited)",
				);
				INFOPLIST_FILE = PZHTests/Info.plist;
				LD_RUNPATH_SEARCH_PATHS = "$(inherited) @executable_path/Frameworks @loader_path/Frameworks";
				PRODUCT_NAME = "$(TARGET_NAME)";
				TEST_HOST = "$(BUILT_PRODUCTS_DIR)/PZH.app/PZH";
			};
			name = Release;
		};
/* End XCBuildConfiguration section */

/* Begin XCConfigurationList section */
		564B561A1B43E78F003A4A14 /* Build configuration list for PBXProject "PZH" */ = {
			isa = XCConfigurationList;
			buildConfigurations = (
				564B56401B43E78F003A4A14 /* Debug */,
				564B56411B43E78F003A4A14 /* Release */,
			);
			defaultConfigurationIsVisible = 0;
			defaultConfigurationName = Release;
		};
		564B56421B43E78F003A4A14 /* Build configuration list for PBXNativeTarget "PZH" */ = {
			isa = XCConfigurationList;
			buildConfigurations = (
				564B56431B43E78F003A4A14 /* Debug */,
				564B56441B43E78F003A4A14 /* Release */,
			);
			defaultConfigurationIsVisible = 0;
			defaultConfigurationName = Release;
		};
		564B56451B43E78F003A4A14 /* Build configuration list for PBXNativeTarget "PZHTests" */ = {
			isa = XCConfigurationList;
			buildConfigurations = (
				564B56461B43E78F003A4A14 /* Debug */,
				564B56471B43E78F003A4A14 /* Release */,
			);
			defaultConfigurationIsVisible = 0;
			defaultConfigurationName = Release;
		};
/* End XCConfigurationList section */
	};
	rootObject = 564B56171B43E78F003A4A14 /* Project object */;
}
