// !$*UTF8*$!
{
	archiveVersion = 1;
	classes = {
	};
	objectVersion = 46;
	objects = {

/* Begin PBXBuildFile section */
		5600BB831B58DF0100092FD3 /* DetailWebViewController.m in Sources */ = {isa = PBXBuildFile; fileRef = 562821611B4A47B10044B4A9 /* DetailWebViewController.m */; };
		5600BB841B58DF0100092FD3 /* VDLPlaybackViewController.m in Sources */ = {isa = PBXBuildFile; fileRef = 56D4377F1B56645B0010CFB2 /* VDLPlaybackViewController.m */; };
		562EEF6B1B45166C006ADF6D /* Security.framework in Frameworks */ = {isa = PBXBuildFile; fileRef = 562EEF6A1B45166C006ADF6D /* Security.framework */; };
		562EEF6D1B45167B006ADF6D /* MediaPlayer.framework in Frameworks */ = {isa = PBXBuildFile; fileRef = 562EEF6C1B45167B006ADF6D /* MediaPlayer.framework */; };
		562EEF6F1B45168A006ADF6D /* CoreGraphics.framework in Frameworks */ = {isa = PBXBuildFile; fileRef = 562EEF6E1B45168A006ADF6D /* CoreGraphics.framework */; };
		562EEF711B451710006ADF6D /* QuartzCore.framework in Frameworks */ = {isa = PBXBuildFile; fileRef = 562EEF701B451710006ADF6D /* QuartzCore.framework */; };
		562EEF731B451727006ADF6D /* libstdc++.dylib in Frameworks */ = {isa = PBXBuildFile; fileRef = 562EEF721B451727006ADF6D /* libstdc++.dylib */; };
		562EEF771B45197B006ADF6D /* libiconv.dylib in Frameworks */ = {isa = PBXBuildFile; fileRef = 562EEF761B45197B006ADF6D /* libiconv.dylib */; };
		562EEF791B4519A3006ADF6D /* libbz2.dylib in Frameworks */ = {isa = PBXBuildFile; fileRef = 562EEF781B4519A3006ADF6D /* libbz2.dylib */; };
		562EEF7B1B451C5E006ADF6D /* CoreText.framework in Frameworks */ = {isa = PBXBuildFile; fileRef = 562EEF7A1B451C5E006ADF6D /* CoreText.framework */; };
		562EEF7D1B451C68006ADF6D /* CFNetwork.framework in Frameworks */ = {isa = PBXBuildFile; fileRef = 562EEF7C1B451C68006ADF6D /* CFNetwork.framework */; };
		562EEF7F1B451C76006ADF6D /* OpenGLES.framework in Frameworks */ = {isa = PBXBuildFile; fileRef = 562EEF7E1B451C76006ADF6D /* OpenGLES.framework */; };
		562EEF811B451C83006ADF6D /* AudioToolbox.framework in Frameworks */ = {isa = PBXBuildFile; fileRef = 562EEF801B451C83006ADF6D /* AudioToolbox.framework */; };
		562EEF831B451C8E006ADF6D /* UIKit.framework in Frameworks */ = {isa = PBXBuildFile; fileRef = 562EEF821B451C8E006ADF6D /* UIKit.framework */; };
		562EEF851B451CA6006ADF6D /* Foundation.framework in Frameworks */ = {isa = PBXBuildFile; fileRef = 562EEF841B451CA6006ADF6D /* Foundation.framework */; };
		5645C55A1B4669AB0037C505 /* VDLViewController.m in Sources */ = {isa = PBXBuildFile; fileRef = 5645C5581B4669AB0037C505 /* VDLViewController.m */; };
		5645C55B1B4669AB0037C505 /* VDLViewController.xib in Resources */ = {isa = PBXBuildFile; fileRef = 5645C5591B4669AB0037C505 /* VDLViewController.xib */; };
		5645C55D1B466A8C0037C505 /* MobileVLCKit.framework in Frameworks */ = {isa = PBXBuildFile; fileRef = 5645C55C1B466A8C0037C505 /* MobileVLCKit.framework */; };
		564B56251B43E78F003A4A14 /* main.m in Sources */ = {isa = PBXBuildFile; fileRef = 564B56241B43E78F003A4A14 /* main.m */; };
		564B56301B43E78F003A4A14 /* Images.xcassets in Resources */ = {isa = PBXBuildFile; fileRef = 564B562F1B43E78F003A4A14 /* Images.xcassets */; };
		564B563F1B43E78F003A4A14 /* PZHTests.m in Sources */ = {isa = PBXBuildFile; fileRef = 564B563E1B43E78F003A4A14 /* PZHTests.m */; };
		564B56561B43E823003A4A14 /* AppDelegate.m in Sources */ = {isa = PBXBuildFile; fileRef = 564B56491B43E823003A4A14 /* AppDelegate.m */; };
		564B56571B43E823003A4A14 /* ConnectionAPI.m in Sources */ = {isa = PBXBuildFile; fileRef = 564B564B1B43E823003A4A14 /* ConnectionAPI.m */; };
		564B56581B43E823003A4A14 /* IntoPZHViewController.m in Sources */ = {isa = PBXBuildFile; fileRef = 564B564D1B43E823003A4A14 /* IntoPZHViewController.m */; };
		564B56591B43E823003A4A14 /* MainViewController.m in Sources */ = {isa = PBXBuildFile; fileRef = 564B564F1B43E823003A4A14 /* MainViewController.m */; };
		564B565A1B43E823003A4A14 /* PicForPZHViewController.m in Sources */ = {isa = PBXBuildFile; fileRef = 564B56511B43E823003A4A14 /* PicForPZHViewController.m */; };
		564B565B1B43E823003A4A14 /* VideoForPZHViewController.m in Sources */ = {isa = PBXBuildFile; fileRef = 564B56531B43E823003A4A14 /* VideoForPZHViewController.m */; };
		56858B751B43ED93007873FE /* AVFoundation.framework in Frameworks */ = {isa = PBXBuildFile; fileRef = 56858B741B43ED93007873FE /* AVFoundation.framework */; };
		56B1BFA21B6215B000A844CF /* OpenGovernmentAffairsViewController.m in Sources */ = {isa = PBXBuildFile; fileRef = 56B1BFA11B6215B000A844CF /* OpenGovernmentAffairsViewController.m */; };
		56B1C0561B6230B300A844CF /* dj_1.png in Resources */ = {isa = PBXBuildFile; fileRef = 56B1C0141B6230B300A844CF /* dj_1.png */; };
		56B1C05F1B6230B300A844CF /* zi_1.png in Resources */ = {isa = PBXBuildFile; fileRef = 56B1C01E1B6230B300A844CF /* zi_1.png */; };
		56B1C0601B6230B300A844CF /* zi_2.png in Resources */ = {isa = PBXBuildFile; fileRef = 56B1C01F1B6230B300A844CF /* zi_2.png */; };
		56B1C0611B6230B300A844CF /* zi_3.png in Resources */ = {isa = PBXBuildFile; fileRef = 56B1C0201B6230B300A844CF /* zi_3.png */; };
		56B1C0621B6230B300A844CF /* zi_4.png in Resources */ = {isa = PBXBuildFile; fileRef = 56B1C0211B6230B300A844CF /* zi_4.png */; };
		56B1C0631B6230B300A844CF /* zi_5.png in Resources */ = {isa = PBXBuildFile; fileRef = 56B1C0221B6230B300A844CF /* zi_5.png */; };
		56B1C0641B6230B300A844CF /* sq.png in Resources */ = {isa = PBXBuildFile; fileRef = 56B1C0241B6230B300A844CF /* sq.png */; };
		56B1C0651B6230B300A844CF /* zr.png in Resources */ = {isa = PBXBuildFile; fileRef = 56B1C0251B6230B300A844CF /* zr.png */; };
		56B1C0661B6230B300A844CF /* gm.png in Resources */ = {isa = PBXBuildFile; fileRef = 56B1C0261B6230B300A844CF /* gm.png */; };
		56B1C0671B6230B300A844CF /* tk.png in Resources */ = {isa = PBXBuildFile; fileRef = 56B1C0271B6230B300A844CF /* tk.png */; };
		56B1C0681B6230B300A844CF /* sp.png in Resources */ = {isa = PBXBuildFile; fileRef = 56B1C0281B6230B300A844CF /* sp.png */; };
		56B1C06B1B6230B300A844CF /* sqgk.png in Resources */ = {isa = PBXBuildFile; fileRef = 56B1C02B1B6230B300A844CF /* sqgk.png */; };
		56B1C06C1B6230B300A844CF /* zrgk.png in Resources */ = {isa = PBXBuildFile; fileRef = 56B1C02C1B6230B300A844CF /* zrgk.png */; };
		56B1C06D1B6230B300A844CF /* gmjj.png in Resources */ = {isa = PBXBuildFile; fileRef = 56B1C02D1B6230B300A844CF /* gmjj.png */; };
		56B1C06E1B6230B300A844CF /* tkpzh.png in Resources */ = {isa = PBXBuildFile; fileRef = 56B1C02E1B6230B300A844CF /* tkpzh.png */; };
		56B1C06F1B6230B300A844CF /* sppzh.png in Resources */ = {isa = PBXBuildFile; fileRef = 56B1C02F1B6230B300A844CF /* sppzh.png */; };
		56B1C0701B6230B300A844CF /* iconBackground.png in Resources */ = {isa = PBXBuildFile; fileRef = 56B1C0311B6230B300A844CF /* iconBackground.png */; };
		56B1C0711B6230B300A844CF /* tb_1.png in Resources */ = {isa = PBXBuildFile; fileRef = 56B1C0321B6230B300A844CF /* tb_1.png */; };
		56B1C0721B6230B300A844CF /* tb_10.png in Resources */ = {isa = PBXBuildFile; fileRef = 56B1C0331B6230B300A844CF /* tb_10.png */; };
		56B1C0731B6230B300A844CF /* tb_11.png in Resources */ = {isa = PBXBuildFile; fileRef = 56B1C0341B6230B300A844CF /* tb_11.png */; };
		56B1C0741B6230B300A844CF /* tb_2.png in Resources */ = {isa = PBXBuildFile; fileRef = 56B1C0351B6230B300A844CF /* tb_2.png */; };
		56B1C0751B6230B300A844CF /* tb_3.png in Resources */ = {isa = PBXBuildFile; fileRef = 56B1C0361B6230B300A844CF /* tb_3.png */; };
		56B1C0761B6230B300A844CF /* tb_4.png in Resources */ = {isa = PBXBuildFile; fileRef = 56B1C0371B6230B300A844CF /* tb_4.png */; };
		56B1C0771B6230B300A844CF /* tb_5.png in Resources */ = {isa = PBXBuildFile; fileRef = 56B1C0381B6230B300A844CF /* tb_5.png */; };
		56B1C0781B6230B300A844CF /* tb_6.png in Resources */ = {isa = PBXBuildFile; fileRef = 56B1C0391B6230B300A844CF /* tb_6.png */; };
		56B1C0791B6230B300A844CF /* tb_7.png in Resources */ = {isa = PBXBuildFile; fileRef = 56B1C03A1B6230B300A844CF /* tb_7.png */; };
		56B1C07A1B6230B300A844CF /* tb_8.png in Resources */ = {isa = PBXBuildFile; fileRef = 56B1C03B1B6230B300A844CF /* tb_8.png */; };
		56B1C07B1B6230B300A844CF /* tb_9.png in Resources */ = {isa = PBXBuildFile; fileRef = 56B1C03C1B6230B300A844CF /* tb_9.png */; };
		56B1C0881B6230B300A844CF /* hd1.png in Resources */ = {isa = PBXBuildFile; fileRef = 56B1C04B1B6230B300A844CF /* hd1.png */; };
		56B1C0891B6230B300A844CF /* hd2.png in Resources */ = {isa = PBXBuildFile; fileRef = 56B1C04C1B6230B300A844CF /* hd2.png */; };
		56B1C08A1B6230B300A844CF /* hd3.png in Resources */ = {isa = PBXBuildFile; fileRef = 56B1C04D1B6230B300A844CF /* hd3.png */; };
		56B1C08B1B6230B300A844CF /* ph.png in Resources */ = {isa = PBXBuildFile; fileRef = 56B1C04E1B6230B300A844CF /* ph.png */; };
		56B1C08C1B6230B300A844CF /* zjpzh.png in Resources */ = {isa = PBXBuildFile; fileRef = 56B1C04F1B6230B300A844CF /* zjpzh.png */; };
		56B1C08D1B6230B300A844CF /* zwgk.png in Resources */ = {isa = PBXBuildFile; fileRef = 56B1C0501B6230B300A844CF /* zwgk.png */; };
		56B1C08E1B6230B300A844CF /* wsbs.png in Resources */ = {isa = PBXBuildFile; fileRef = 56B1C0511B6230B300A844CF /* wsbs.png */; };
		56B1C08F1B6230B300A844CF /* ggfw.png in Resources */ = {isa = PBXBuildFile; fileRef = 56B1C0521B6230B300A844CF /* ggfw.png */; };
		56B1C0901B6230B300A844CF /* xw_bj.png in Resources */ = {isa = PBXBuildFile; fileRef = 56B1C0531B6230B300A844CF /* xw_bj.png */; };
		56B1C0971B6232B500A844CF /* bmdt.png in Resources */ = {isa = PBXBuildFile; fileRef = 56B1C0921B6232B500A844CF /* bmdt.png */; };
		56B1C0981B6232B500A844CF /* gggs.png in Resources */ = {isa = PBXBuildFile; fileRef = 56B1C0931B6232B500A844CF /* gggs.png */; };
		56B1C0991B6232B500A844CF /* gzhy.png in Resources */ = {isa = PBXBuildFile; fileRef = 56B1C0941B6232B500A844CF /* gzhy.png */; };
		56B1C09A1B6232B500A844CF /* ldhd.png in Resources */ = {isa = PBXBuildFile; fileRef = 56B1C0951B6232B500A844CF /* ldhd.png */; };
		56B1C09B1B6232B500A844CF /* qxkx.png in Resources */ = {isa = PBXBuildFile; fileRef = 56B1C0961B6232B500A844CF /* qxkx.png */; };
		56BAB2231B4D093700E3CE50 /* AdScrollView.m in Sources */ = {isa = PBXBuildFile; fileRef = 56BAB21F1B4D093700E3CE50 /* AdScrollView.m */; };
		56BAB2241B4D093700E3CE50 /* AdDataModel.m in Sources */ = {isa = PBXBuildFile; fileRef = 56BAB2211B4D093700E3CE50 /* AdDataModel.m */; };
		56BAB2251B4D093700E3CE50 /* AdDataPlist.plist in Resources */ = {isa = PBXBuildFile; fileRef = 56BAB2221B4D093700E3CE50 /* AdDataPlist.plist */; };
		56C064631B5397820054D8C4 /* HYSegmentedControl.m in Sources */ = {isa = PBXBuildFile; fileRef = 56C064621B5397820054D8C4 /* HYSegmentedControl.m */; };
		56C99EA31B631B2A0046EABC /* hd.png in Resources */ = {isa = PBXBuildFile; fileRef = 56C99E9D1B631B2A0046EABC /* hd.png */; };
		56C99EA41B631B2A0046EABC /* hy.png in Resources */ = {isa = PBXBuildFile; fileRef = 56C99E9E1B631B2A0046EABC /* hy.png */; };
		56C99EA51B631B2A0046EABC /* jh.png in Resources */ = {isa = PBXBuildFile; fileRef = 56C99E9F1B631B2A0046EABC /* jh.png */; };
		56C99EA61B631B2A0046EABC /* qt.png in Resources */ = {isa = PBXBuildFile; fileRef = 56C99EA01B631B2A0046EABC /* qt.png */; };
		56C99EA71B631B2A0046EABC /* ty.png in Resources */ = {isa = PBXBuildFile; fileRef = 56C99EA11B631B2A0046EABC /* ty.png */; };
		56C99EA81B631B2A0046EABC /* bg.png in Resources */ = {isa = PBXBuildFile; fileRef = 56C99EA21B631B2A0046EABC /* bg.png */; };
		56C99EAB1B631F690046EABC /* sppzh_1.png in Resources */ = {isa = PBXBuildFile; fileRef = 56C99EA91B631F690046EABC /* sppzh_1.png */; };
		56C99EAC1B631F690046EABC /* tkpzh_1.png in Resources */ = {isa = PBXBuildFile; fileRef = 56C99EAA1B631F690046EABC /* tkpzh_1.png */; };
		56C99EAE1B6321890046EABC /* jz.png in Resources */ = {isa = PBXBuildFile; fileRef = 56C99EAD1B6321890046EABC /* jz.png */; };
		56C99EB71B6322430046EABC /* ghp_1.png in Resources */ = {isa = PBXBuildFile; fileRef = 56C99EAF1B6322430046EABC /* ghp_1.png */; };
		56C99EB81B6322430046EABC /* ghp.png in Resources */ = {isa = PBXBuildFile; fileRef = 56C99EB01B6322430046EABC /* ghp.png */; };
		56C99EB91B6322430046EABC /* ycdmm_1.png in Resources */ = {isa = PBXBuildFile; fileRef = 56C99EB11B6322430046EABC /* ycdmm_1.png */; };
		56C99EBA1B6322430046EABC /* xxp_1.png in Resources */ = {isa = PBXBuildFile; fileRef = 56C99EB21B6322430046EABC /* xxp_1.png */; };
		56C99EBB1B6322430046EABC /* xxp.png in Resources */ = {isa = PBXBuildFile; fileRef = 56C99EB31B6322430046EABC /* xxp.png */; };
		56C99EBC1B6322430046EABC /* ycdmm.png in Resources */ = {isa = PBXBuildFile; fileRef = 56C99EB41B6322430046EABC /* ycdmm.png */; };
		56C99EBD1B6322430046EABC /* yjzm_1.png in Resources */ = {isa = PBXBuildFile; fileRef = 56C99EB51B6322430046EABC /* yjzm_1.png */; };
		56C99EBE1B6322430046EABC /* yjzm.png in Resources */ = {isa = PBXBuildFile; fileRef = 56C99EB61B6322430046EABC /* yjzm.png */; };
		56C99EC21B6326C80046EABC /* bdj_bj.png in Resources */ = {isa = PBXBuildFile; fileRef = 56C99EBF1B6326C80046EABC /* bdj_bj.png */; };
		56C99EC31B6326C80046EABC /* dj_bj.png in Resources */ = {isa = PBXBuildFile; fileRef = 56C99EC01B6326C80046EABC /* dj_bj.png */; };
		56C99EC41B6326C80046EABC /* xian.png in Resources */ = {isa = PBXBuildFile; fileRef = 56C99EC11B6326C80046EABC /* xian.png */; };
		56C99EFE1B6326DD0046EABC /* bjan.png in Resources */ = {isa = PBXBuildFile; fileRef = 56C99EC61B6326DD0046EABC /* bjan.png */; };
		56C99EFF1B6326DD0046EABC /* bs.png in Resources */ = {isa = PBXBuildFile; fileRef = 56C99EC71B6326DD0046EABC /* bs.png */; };
		56C99F001B6326DD0046EABC /* bsgg.png in Resources */ = {isa = PBXBuildFile; fileRef = 56C99EC81B6326DD0046EABC /* bsgg.png */; };
		56C99F011B6326DD0046EABC /* ls.png in Resources */ = {isa = PBXBuildFile; fileRef = 56C99EC91B6326DD0046EABC /* ls.png */; };
		56C99F021B6326DD0046EABC /* lstd.png in Resources */ = {isa = PBXBuildFile; fileRef = 56C99ECA1B6326DD0046EABC /* lstd.png */; };
		56C99F031B6326DD0046EABC /* mxqy.png in Resources */ = {isa = PBXBuildFile; fileRef = 56C99ECB1B6326DD0046EABC /* mxqy.png */; };
		56C99F041B6326DD0046EABC /* mxsm.png in Resources */ = {isa = PBXBuildFile; fileRef = 56C99ECC1B6326DD0046EABC /* mxsm.png */; };
		56C99F051B6326DD0046EABC /* qy.png in Resources */ = {isa = PBXBuildFile; fileRef = 56C99ECD1B6326DD0046EABC /* qy.png */; };
		56C99F061B6326DD0046EABC /* sm.png in Resources */ = {isa = PBXBuildFile; fileRef = 56C99ECE1B6326DD0046EABC /* sm.png */; };
		56C99F071B6326DD0046EABC /* bm.png in Resources */ = {isa = PBXBuildFile; fileRef = 56C99ED01B6326DD0046EABC /* bm.png */; };
		56C99F081B6326DD0046EABC /* cjr.png in Resources */ = {isa = PBXBuildFile; fileRef = 56C99ED11B6326DD0046EABC /* cjr.png */; };
		56C99F091B6326DD0046EABC /* et.png in Resources */ = {isa = PBXBuildFile; fileRef = 56C99ED21B6326DD0046EABC /* et.png */; };
		56C99F0A1B6326DD0046EABC /* fl.png in Resources */ = {isa = PBXBuildFile; fileRef = 56C99ED31B6326DD0046EABC /* fl.png */; };
		56C99F0B1B6326DD0046EABC /* tzz.png in Resources */ = {isa = PBXBuildFile; fileRef = 56C99ED41B6326DD0046EABC /* tzz.png */; };
		56C99F0C1B6326DD0046EABC /* xs.png in Resources */ = {isa = PBXBuildFile; fileRef = 56C99ED51B6326DD0046EABC /* xs.png */; };
		56C99F0D1B6326DD0046EABC /* aqfh.png in Resources */ = {isa = PBXBuildFile; fileRef = 56C99ED71B6326DD0046EABC /* aqfh.png */; };
		56C99F0E1B6326DD0046EABC /* cssw.png in Resources */ = {isa = PBXBuildFile; fileRef = 56C99ED81B6326DD0046EABC /* cssw.png */; };
		56C99F0F1B6326DD0046EABC /* dwmy.png in Resources */ = {isa = PBXBuildFile; fileRef = 56C99ED91B6326DD0046EABC /* dwmy.png */; };
		56C99F101B6326DD0046EABC /* flsf.png in Resources */ = {isa = PBXBuildFile; fileRef = 56C99EDA1B6326DD0046EABC /* flsf.png */; };
		56C99F111B6326DD0046EABC /* gcjs.png in Resources */ = {isa = PBXBuildFile; fileRef = 56C99EDB1B6326DD0046EABC /* gcjs.png */; };
		56C99F121B6326DD0046EABC /* hblh.png in Resources */ = {isa = PBXBuildFile; fileRef = 56C99EDC1B6326DD0046EABC /* hblh.png */; };
		56C99F131B6326DD0046EABC /* jrbx.png in Resources */ = {isa = PBXBuildFile; fileRef = 56C99EDD1B6326DD0046EABC /* jrbx.png */; };
		56C99F141B6326DD0046EABC /* jygl.png in Resources */ = {isa = PBXBuildFile; fileRef = 56C99EDE1B6326DD0046EABC /* jygl.png */; };
		56C99F151B6326DD0046EABC /* ldbz.png in Resources */ = {isa = PBXBuildFile; fileRef = 56C99EDF1B6326DD0046EABC /* ldbz.png */; };
		56C99F161B6326DD0046EABC /* njbl.png in Resources */ = {isa = PBXBuildFile; fileRef = 56C99EE01B6326DD0046EABC /* njbl.png */; };
		56C99F171B6326DD0046EABC /* pcsb.png in Resources */ = {isa = PBXBuildFile; fileRef = 56C99EE11B6326DD0046EABC /* pcsb.png */; };
		56C99F181B6326DD0046EABC /* rlzy.png in Resources */ = {isa = PBXBuildFile; fileRef = 56C99EE21B6326DD0046EABC /* rlzy.png */; };
		56C99F191B6326DD0046EABC /* tdfc.png in Resources */ = {isa = PBXBuildFile; fileRef = 56C99EE31B6326DD0046EABC /* tdfc.png */; };
		56C99F1A1B6326DD0046EABC /* xwcb.png in Resources */ = {isa = PBXBuildFile; fileRef = 56C99EE41B6326DD0046EABC /* xwcb.png */; };
		56C99F1B1B6326DD0046EABC /* zhqt.png in Resources */ = {isa = PBXBuildFile; fileRef = 56C99EE51B6326DD0046EABC /* zhqt.png */; };
		56C99F1C1B6326DD0046EABC /* zljd.png in Resources */ = {isa = PBXBuildFile; fileRef = 56C99EE61B6326DD0046EABC /* zljd.png */; };
		56C99F1D1B6326DD0046EABC /* zscq.png in Resources */ = {isa = PBXBuildFile; fileRef = 56C99EE71B6326DD0046EABC /* zscq.png */; };
		56C99F1E1B6326DD0046EABC /* byfw.png in Resources */ = {isa = PBXBuildFile; fileRef = 56C99EE91B6326DD0046EABC /* byfw.png */; };
		56C99F1F1B6326DD0046EABC /* cxly.png in Resources */ = {isa = PBXBuildFile; fileRef = 56C99EEA1B6326DD0046EABC /* cxly.png */; };
		56C99F201B6326DD0046EABC /* cyzs.png in Resources */ = {isa = PBXBuildFile; fileRef = 56C99EEB1B6326DD0046EABC /* cyzs.png */; };
		56C99F211B6326DD0046EABC /* etfw.png in Resources */ = {isa = PBXBuildFile; fileRef = 56C99EEC1B6326DD0046EABC /* etfw.png */; };
		56C99F221B6326DD0046EABC /* flsf.png in Resources */ = {isa = PBXBuildFile; fileRef = 56C99EED1B6326DD0046EABC /* flsf.png */; };
		56C99F231B6326DD0046EABC /* ggsy.png in Resources */ = {isa = PBXBuildFile; fileRef = 56C99EEE1B6326DD0046EABC /* ggsy.png */; };
		56C99F241B6326DD0046EABC /* gwyl.png in Resources */ = {isa = PBXBuildFile; fileRef = 56C99EEF1B6326DD0046EABC /* gwyl.png */; };
		56C99F251B6326DD0046EABC /* hyfw.png in Resources */ = {isa = PBXBuildFile; fileRef = 56C99EF01B6326DD0046EABC /* hyfw.png */; };
		56C99F261B6326DD0046EABC /* jrfw.png in Resources */ = {isa = PBXBuildFile; fileRef = 56C99EF11B6326DD0046EABC /* jrfw.png */; };
		56C99F271B6326DD0046EABC /* jtcl.png in Resources */ = {isa = PBXBuildFile; fileRef = 56C99EF21B6326DD0046EABC /* jtcl.png */; };
		56C99F281B6326DD0046EABC /* jtsq.png in Resources */ = {isa = PBXBuildFile; fileRef = 56C99EF31B6326DD0046EABC /* jtsq.png */; };
		56C99F291B6326DD0046EABC /* jyfw.png in Resources */ = {isa = PBXBuildFile; fileRef = 56C99EF41B6326DD0046EABC /* jyfw.png */; };
		56C99F2A1B6326DD0046EABC /* jzqy.png in Resources */ = {isa = PBXBuildFile; fileRef = 56C99EF51B6326DD0046EABC /* jzqy.png */; };
		56C99F2B1B6326DD0046EABC /* lnsh.png in Resources */ = {isa = PBXBuildFile; fileRef = 56C99EF61B6326DD0046EABC /* lnsh.png */; };
		56C99F2C1B6326DD0046EABC /* shbz.png in Resources */ = {isa = PBXBuildFile; fileRef = 56C99EF71B6326DD0046EABC /* shbz.png */; };
		56C99F2D1B6326DD0046EABC /* shqz.png in Resources */ = {isa = PBXBuildFile; fileRef = 56C99EF81B6326DD0046EABC /* shqz.png */; };
		56C99F2E1B6326DD0046EABC /* syfw.png in Resources */ = {isa = PBXBuildFile; fileRef = 56C99EF91B6326DD0046EABC /* syfw.png */; };
		56C99F2F1B6326DD0046EABC /* tdzf.png in Resources */ = {isa = PBXBuildFile; fileRef = 56C99EFA1B6326DD0046EABC /* tdzf.png */; };
		56C99F301B6326DD0046EABC /* xfqy.png in Resources */ = {isa = PBXBuildFile; fileRef = 56C99EFB1B6326DD0046EABC /* xfqy.png */; };
		56C99F311B6326DD0046EABC /* ylbj.png in Resources */ = {isa = PBXBuildFile; fileRef = 56C99EFC1B6326DD0046EABC /* ylbj.png */; };
		56C99F321B6326DD0046EABC /* zjbl.png in Resources */ = {isa = PBXBuildFile; fileRef = 56C99EFD1B6326DD0046EABC /* zjbl.png */; };
		56C99F411B6326FC0046EABC /* an.png in Resources */ = {isa = PBXBuildFile; fileRef = 56C99F341B6326FC0046EABC /* an.png */; };
		56C99F421B6326FC0046EABC /* gysy.png in Resources */ = {isa = PBXBuildFile; fileRef = 56C99F351B6326FC0046EABC /* gysy.png */; };
		56C99F431B6326FC0046EABC /* hysy.png in Resources */ = {isa = PBXBuildFile; fileRef = 56C99F361B6326FC0046EABC /* hysy.png */; };
		56C99F441B6326FC0046EABC /* jiy.png in Resources */ = {isa = PBXBuildFile; fileRef = 56C99F371B6326FC0046EABC /* jiy.png */; };
		56C99F451B6326FC0046EABC /* jt.png in Resources */ = {isa = PBXBuildFile; fileRef = 56C99F381B6326FC0046EABC /* jt.png */; };
		56C99F461B6326FC0046EABC /* jy.png in Resources */ = {isa = PBXBuildFile; fileRef = 56C99F391B6326FC0046EABC /* jy.png */; };
		56C99F471B6326FC0046EABC /* jyns.png in Resources */ = {isa = PBXBuildFile; fileRef = 56C99F3A1B6326FC0046EABC /* jyns.png */; };
		56C99F481B6326FC0046EABC /* qykb.png in Resources */ = {isa = PBXBuildFile; fileRef = 56C99F3B1B6326FC0046EABC /* qykb.png */; };
		56C99F491B6326FC0046EABC /* sb.png in Resources */ = {isa = PBXBuildFile; fileRef = 56C99F3C1B6326FC0046EABC /* sb.png */; };
		56C99F4A1B6326FC0046EABC /* yl.png in Resources */ = {isa = PBXBuildFile; fileRef = 56C99F3D1B6326FC0046EABC /* yl.png */; };
		56C99F4B1B6326FC0046EABC /* zf.png in Resources */ = {isa = PBXBuildFile; fileRef = 56C99F3E1B6326FC0046EABC /* zf.png */; };
		56C99F4C1B6326FC0046EABC /* zjbl.png in Resources */ = {isa = PBXBuildFile; fileRef = 56C99F3F1B6326FC0046EABC /* zjbl.png */; };
		56C99F4D1B6326FC0046EABC /* zzrz.png in Resources */ = {isa = PBXBuildFile; fileRef = 56C99F401B6326FC0046EABC /* zzrz.png */; };
		56D437821B56645B0010CFB2 /* VDLPlaybackViewController.xib in Resources */ = {isa = PBXBuildFile; fileRef = 56D437801B56645B0010CFB2 /* VDLPlaybackViewController.xib */; };
		56D68EA31B4B6DF800C1F60C /* GMDCircleLoader.m in Sources */ = {isa = PBXBuildFile; fileRef = 56D68EA21B4B6DF800C1F60C /* GMDCircleLoader.m */; };
		56D68EA91B4BA3EE00C1F60C /* SXZWMainViewController.m in Sources */ = {isa = PBXBuildFile; fileRef = 56D68EA71B4BA3EE00C1F60C /* SXZWMainViewController.m */; };
		56D68EAC1B4BC99D00C1F60C /* CustomScrollView.m in Sources */ = {isa = PBXBuildFile; fileRef = 56D68EAB1B4BC99D00C1F60C /* CustomScrollView.m */; };
		56DAE2F81B5E1A8C0003C44E /* DJRefresh.bundle in Resources */ = {isa = PBXBuildFile; fileRef = 56DAE2ED1B5E1A8C0003C44E /* DJRefresh.bundle */; };
		56DAE2F91B5E1A8C0003C44E /* DJRefresh.m in Sources */ = {isa = PBXBuildFile; fileRef = 56DAE2EF1B5E1A8C0003C44E /* DJRefresh.m */; };
		56DAE2FA1B5E1A8C0003C44E /* DJRefreshBottomView.m in Sources */ = {isa = PBXBuildFile; fileRef = 56DAE2F21B5E1A8C0003C44E /* DJRefreshBottomView.m */; };
		56DAE2FB1B5E1A8C0003C44E /* DJRefreshTopView.m in Sources */ = {isa = PBXBuildFile; fileRef = 56DAE2F51B5E1A8C0003C44E /* DJRefreshTopView.m */; };
		56DAE2FC1B5E1A8C0003C44E /* DJRefreshView.m in Sources */ = {isa = PBXBuildFile; fileRef = 56DAE2F71B5E1A8C0003C44E /* DJRefreshView.m */; };
		56DAE2FF1B5E1AA40003C44E /* CollectionViewController.m in Sources */ = {isa = PBXBuildFile; fileRef = 56DAE2FE1B5E1AA40003C44E /* CollectionViewController.m */; };
		56ECAAB61B54EBCD004480BC /* EconomyViewController.m in Sources */ = {isa = PBXBuildFile; fileRef = 56ECAAB51B54EBCD004480BC /* EconomyViewController.m */; };
/* End PBXBuildFile section */

/* Begin PBXContainerItemProxy section */
		564B56391B43E78F003A4A14 /* PBXContainerItemProxy */ = {
			isa = PBXContainerItemProxy;
			containerPortal = 564B56171B43E78F003A4A14 /* Project object */;
			proxyType = 1;
			remoteGlobalIDString = 564B561E1B43E78F003A4A14;
			remoteInfo = PZH;
		};
/* End PBXContainerItemProxy section */

/* Begin PBXCopyFilesBuildPhase section */
		5600BB811B58D9CC00092FD3 /* CopyFiles */ = {
			isa = PBXCopyFilesBuildPhase;
			buildActionMask = 2147483647;
			dstPath = "";
			dstSubfolderSpec = 7;
			files = (
			);
			runOnlyForDeploymentPostprocessing = 0;
		};
/* End PBXCopyFilesBuildPhase section */

/* Begin PBXFileReference section */
		562821601B4A47B10044B4A9 /* DetailWebViewController.h */ = {isa = PBXFileReference; fileEncoding = 4; lastKnownFileType = sourcecode.c.h; path = DetailWebViewController.h; sourceTree = "<group>"; };
		562821611B4A47B10044B4A9 /* DetailWebViewController.m */ = {isa = PBXFileReference; fileEncoding = 4; lastKnownFileType = sourcecode.c.objc; path = DetailWebViewController.m; sourceTree = "<group>"; };
		562EEF6A1B45166C006ADF6D /* Security.framework */ = {isa = PBXFileReference; lastKnownFileType = wrapper.framework; name = Security.framework; path = System/Library/Frameworks/Security.framework; sourceTree = SDKROOT; };
		562EEF6C1B45167B006ADF6D /* MediaPlayer.framework */ = {isa = PBXFileReference; lastKnownFileType = wrapper.framework; name = MediaPlayer.framework; path = System/Library/Frameworks/MediaPlayer.framework; sourceTree = SDKROOT; };
		562EEF6E1B45168A006ADF6D /* CoreGraphics.framework */ = {isa = PBXFileReference; lastKnownFileType = wrapper.framework; name = CoreGraphics.framework; path = System/Library/Frameworks/CoreGraphics.framework; sourceTree = SDKROOT; };
		562EEF701B451710006ADF6D /* QuartzCore.framework */ = {isa = PBXFileReference; lastKnownFileType = wrapper.framework; name = QuartzCore.framework; path = System/Library/Frameworks/QuartzCore.framework; sourceTree = SDKROOT; };
		562EEF721B451727006ADF6D /* libstdc++.dylib */ = {isa = PBXFileReference; lastKnownFileType = "compiled.mach-o.dylib"; name = "libstdc++.dylib"; path = "usr/lib/libstdc++.dylib"; sourceTree = SDKROOT; };
		562EEF761B45197B006ADF6D /* libiconv.dylib */ = {isa = PBXFileReference; lastKnownFileType = "compiled.mach-o.dylib"; name = libiconv.dylib; path = usr/lib/libiconv.dylib; sourceTree = SDKROOT; };
		562EEF781B4519A3006ADF6D /* libbz2.dylib */ = {isa = PBXFileReference; lastKnownFileType = "compiled.mach-o.dylib"; name = libbz2.dylib; path = usr/lib/libbz2.dylib; sourceTree = SDKROOT; };
		562EEF7A1B451C5E006ADF6D /* CoreText.framework */ = {isa = PBXFileReference; lastKnownFileType = wrapper.framework; name = CoreText.framework; path = System/Library/Frameworks/CoreText.framework; sourceTree = SDKROOT; };
		562EEF7C1B451C68006ADF6D /* CFNetwork.framework */ = {isa = PBXFileReference; lastKnownFileType = wrapper.framework; name = CFNetwork.framework; path = System/Library/Frameworks/CFNetwork.framework; sourceTree = SDKROOT; };
		562EEF7E1B451C76006ADF6D /* OpenGLES.framework */ = {isa = PBXFileReference; lastKnownFileType = wrapper.framework; name = OpenGLES.framework; path = System/Library/Frameworks/OpenGLES.framework; sourceTree = SDKROOT; };
		562EEF801B451C83006ADF6D /* AudioToolbox.framework */ = {isa = PBXFileReference; lastKnownFileType = wrapper.framework; name = AudioToolbox.framework; path = System/Library/Frameworks/AudioToolbox.framework; sourceTree = SDKROOT; };
		562EEF821B451C8E006ADF6D /* UIKit.framework */ = {isa = PBXFileReference; lastKnownFileType = wrapper.framework; name = UIKit.framework; path = System/Library/Frameworks/UIKit.framework; sourceTree = SDKROOT; };
		562EEF841B451CA6006ADF6D /* Foundation.framework */ = {isa = PBXFileReference; lastKnownFileType = wrapper.framework; name = Foundation.framework; path = System/Library/Frameworks/Foundation.framework; sourceTree = SDKROOT; };
		5645C5571B4669AB0037C505 /* VDLViewController.h */ = {isa = PBXFileReference; fileEncoding = 4; lastKnownFileType = sourcecode.c.h; path = VDLViewController.h; sourceTree = "<group>"; };
		5645C5581B4669AB0037C505 /* VDLViewController.m */ = {isa = PBXFileReference; fileEncoding = 4; lastKnownFileType = sourcecode.c.objc; path = VDLViewController.m; sourceTree = "<group>"; };
		5645C5591B4669AB0037C505 /* VDLViewController.xib */ = {isa = PBXFileReference; fileEncoding = 4; lastKnownFileType = file.xib; path = VDLViewController.xib; sourceTree = "<group>"; };
		5645C55C1B466A8C0037C505 /* MobileVLCKit.framework */ = {isa = PBXFileReference; lastKnownFileType = wrapper.framework; name = MobileVLCKit.framework; path = ../../VLC/VLC/MobileVLCKit.framework; sourceTree = "<group>"; };
		564B561F1B43E78F003A4A14 /* PZH.app */ = {isa = PBXFileReference; explicitFileType = wrapper.application; includeInIndex = 0; path = PZH.app; sourceTree = BUILT_PRODUCTS_DIR; };
		564B56231B43E78F003A4A14 /* Info.plist */ = {isa = PBXFileReference; lastKnownFileType = text.plist.xml; path = Info.plist; sourceTree = "<group>"; };
		564B56241B43E78F003A4A14 /* main.m */ = {isa = PBXFileReference; lastKnownFileType = sourcecode.c.objc; path = main.m; sourceTree = "<group>"; };
		564B562F1B43E78F003A4A14 /* Images.xcassets */ = {isa = PBXFileReference; lastKnownFileType = folder.assetcatalog; path = Images.xcassets; sourceTree = "<group>"; };
		564B56381B43E78F003A4A14 /* PZHTests.xctest */ = {isa = PBXFileReference; explicitFileType = wrapper.cfbundle; includeInIndex = 0; path = PZHTests.xctest; sourceTree = BUILT_PRODUCTS_DIR; };
		564B563D1B43E78F003A4A14 /* Info.plist */ = {isa = PBXFileReference; lastKnownFileType = text.plist.xml; path = Info.plist; sourceTree = "<group>"; };
		564B563E1B43E78F003A4A14 /* PZHTests.m */ = {isa = PBXFileReference; lastKnownFileType = sourcecode.c.objc; path = PZHTests.m; sourceTree = "<group>"; };
		564B56481B43E823003A4A14 /* AppDelegate.h */ = {isa = PBXFileReference; fileEncoding = 4; lastKnownFileType = sourcecode.c.h; path = AppDelegate.h; sourceTree = "<group>"; };
		564B56491B43E823003A4A14 /* AppDelegate.m */ = {isa = PBXFileReference; fileEncoding = 4; lastKnownFileType = sourcecode.c.objc; path = AppDelegate.m; sourceTree = "<group>"; };
		564B564A1B43E823003A4A14 /* ConnectionAPI.h */ = {isa = PBXFileReference; fileEncoding = 4; lastKnownFileType = sourcecode.c.h; path = ConnectionAPI.h; sourceTree = "<group>"; };
		564B564B1B43E823003A4A14 /* ConnectionAPI.m */ = {isa = PBXFileReference; fileEncoding = 4; lastKnownFileType = sourcecode.c.objc; path = ConnectionAPI.m; sourceTree = "<group>"; };
		564B564C1B43E823003A4A14 /* IntoPZHViewController.h */ = {isa = PBXFileReference; fileEncoding = 4; lastKnownFileType = sourcecode.c.h; path = IntoPZHViewController.h; sourceTree = "<group>"; };
		564B564D1B43E823003A4A14 /* IntoPZHViewController.m */ = {isa = PBXFileReference; fileEncoding = 4; lastKnownFileType = sourcecode.c.objc; path = IntoPZHViewController.m; sourceTree = "<group>"; };
		564B564E1B43E823003A4A14 /* MainViewController.h */ = {isa = PBXFileReference; fileEncoding = 4; lastKnownFileType = sourcecode.c.h; path = MainViewController.h; sourceTree = "<group>"; };
		564B564F1B43E823003A4A14 /* MainViewController.m */ = {isa = PBXFileReference; fileEncoding = 4; lastKnownFileType = sourcecode.c.objc; path = MainViewController.m; sourceTree = "<group>"; };
		564B56501B43E823003A4A14 /* PicForPZHViewController.h */ = {isa = PBXFileReference; fileEncoding = 4; lastKnownFileType = sourcecode.c.h; path = PicForPZHViewController.h; sourceTree = "<group>"; };
		564B56511B43E823003A4A14 /* PicForPZHViewController.m */ = {isa = PBXFileReference; fileEncoding = 4; lastKnownFileType = sourcecode.c.objc; path = PicForPZHViewController.m; sourceTree = "<group>"; };
		564B56521B43E823003A4A14 /* VideoForPZHViewController.h */ = {isa = PBXFileReference; fileEncoding = 4; lastKnownFileType = sourcecode.c.h; path = VideoForPZHViewController.h; sourceTree = "<group>"; };
		564B56531B43E823003A4A14 /* VideoForPZHViewController.m */ = {isa = PBXFileReference; fileEncoding = 4; lastKnownFileType = sourcecode.c.objc; path = VideoForPZHViewController.m; sourceTree = "<group>"; };
		56858B741B43ED93007873FE /* AVFoundation.framework */ = {isa = PBXFileReference; lastKnownFileType = wrapper.framework; name = AVFoundation.framework; path = System/Library/Frameworks/AVFoundation.framework; sourceTree = SDKROOT; };
		56B1BFA01B6215B000A844CF /* OpenGovernmentAffairsViewController.h */ = {isa = PBXFileReference; fileEncoding = 4; lastKnownFileType = sourcecode.c.h; path = OpenGovernmentAffairsViewController.h; sourceTree = "<group>"; };
		56B1BFA11B6215B000A844CF /* OpenGovernmentAffairsViewController.m */ = {isa = PBXFileReference; fileEncoding = 4; lastKnownFileType = sourcecode.c.objc; path = OpenGovernmentAffairsViewController.m; sourceTree = "<group>"; };
		56B1C0141B6230B300A844CF /* dj_1.png */ = {isa = PBXFileReference; lastKnownFileType = image.png; path = dj_1.png; sourceTree = "<group>"; };
		56B1C01E1B6230B300A844CF /* zi_1.png */ = {isa = PBXFileReference; lastKnownFileType = image.png; path = zi_1.png; sourceTree = "<group>"; };
		56B1C01F1B6230B300A844CF /* zi_2.png */ = {isa = PBXFileReference; lastKnownFileType = image.png; path = zi_2.png; sourceTree = "<group>"; };
		56B1C0201B6230B300A844CF /* zi_3.png */ = {isa = PBXFileReference; lastKnownFileType = image.png; path = zi_3.png; sourceTree = "<group>"; };
		56B1C0211B6230B300A844CF /* zi_4.png */ = {isa = PBXFileReference; lastKnownFileType = image.png; path = zi_4.png; sourceTree = "<group>"; };
		56B1C0221B6230B300A844CF /* zi_5.png */ = {isa = PBXFileReference; lastKnownFileType = image.png; path = zi_5.png; sourceTree = "<group>"; };
		56B1C0241B6230B300A844CF /* sq.png */ = {isa = PBXFileReference; lastKnownFileType = image.png; path = sq.png; sourceTree = "<group>"; };
		56B1C0251B6230B300A844CF /* zr.png */ = {isa = PBXFileReference; lastKnownFileType = image.png; path = zr.png; sourceTree = "<group>"; };
		56B1C0261B6230B300A844CF /* gm.png */ = {isa = PBXFileReference; lastKnownFileType = image.png; path = gm.png; sourceTree = "<group>"; };
		56B1C0271B6230B300A844CF /* tk.png */ = {isa = PBXFileReference; lastKnownFileType = image.png; path = tk.png; sourceTree = "<group>"; };
		56B1C0281B6230B300A844CF /* sp.png */ = {isa = PBXFileReference; lastKnownFileType = image.png; path = sp.png; sourceTree = "<group>"; };
		56B1C02B1B6230B300A844CF /* sqgk.png */ = {isa = PBXFileReference; lastKnownFileType = image.png; path = sqgk.png; sourceTree = "<group>"; };
		56B1C02C1B6230B300A844CF /* zrgk.png */ = {isa = PBXFileReference; lastKnownFileType = image.png; path = zrgk.png; sourceTree = "<group>"; };
		56B1C02D1B6230B300A844CF /* gmjj.png */ = {isa = PBXFileReference; lastKnownFileType = image.png; path = gmjj.png; sourceTree = "<group>"; };
		56B1C02E1B6230B300A844CF /* tkpzh.png */ = {isa = PBXFileReference; lastKnownFileType = image.png; path = tkpzh.png; sourceTree = "<group>"; };
		56B1C02F1B6230B300A844CF /* sppzh.png */ = {isa = PBXFileReference; lastKnownFileType = image.png; path = sppzh.png; sourceTree = "<group>"; };
		56B1C0311B6230B300A844CF /* iconBackground.png */ = {isa = PBXFileReference; lastKnownFileType = image.png; path = iconBackground.png; sourceTree = "<group>"; };
		56B1C0321B6230B300A844CF /* tb_1.png */ = {isa = PBXFileReference; lastKnownFileType = image.png; path = tb_1.png; sourceTree = "<group>"; };
		56B1C0331B6230B300A844CF /* tb_10.png */ = {isa = PBXFileReference; lastKnownFileType = image.png; path = tb_10.png; sourceTree = "<group>"; };
		56B1C0341B6230B300A844CF /* tb_11.png */ = {isa = PBXFileReference; lastKnownFileType = image.png; path = tb_11.png; sourceTree = "<group>"; };
		56B1C0351B6230B300A844CF /* tb_2.png */ = {isa = PBXFileReference; lastKnownFileType = image.png; path = tb_2.png; sourceTree = "<group>"; };
		56B1C0361B6230B300A844CF /* tb_3.png */ = {isa = PBXFileReference; lastKnownFileType = image.png; path = tb_3.png; sourceTree = "<group>"; };
		56B1C0371B6230B300A844CF /* tb_4.png */ = {isa = PBXFileReference; lastKnownFileType = image.png; path = tb_4.png; sourceTree = "<group>"; };
		56B1C0381B6230B300A844CF /* tb_5.png */ = {isa = PBXFileReference; lastKnownFileType = image.png; path = tb_5.png; sourceTree = "<group>"; };
		56B1C0391B6230B300A844CF /* tb_6.png */ = {isa = PBXFileReference; lastKnownFileType = image.png; path = tb_6.png; sourceTree = "<group>"; };
		56B1C03A1B6230B300A844CF /* tb_7.png */ = {isa = PBXFileReference; lastKnownFileType = image.png; path = tb_7.png; sourceTree = "<group>"; };
		56B1C03B1B6230B300A844CF /* tb_8.png */ = {isa = PBXFileReference; lastKnownFileType = image.png; path = tb_8.png; sourceTree = "<group>"; };
		56B1C03C1B6230B300A844CF /* tb_9.png */ = {isa = PBXFileReference; lastKnownFileType = image.png; path = tb_9.png; sourceTree = "<group>"; };
		56B1C04B1B6230B300A844CF /* hd1.png */ = {isa = PBXFileReference; lastKnownFileType = image.png; path = hd1.png; sourceTree = "<group>"; };
		56B1C04C1B6230B300A844CF /* hd2.png */ = {isa = PBXFileReference; lastKnownFileType = image.png; path = hd2.png; sourceTree = "<group>"; };
		56B1C04D1B6230B300A844CF /* hd3.png */ = {isa = PBXFileReference; lastKnownFileType = image.png; path = hd3.png; sourceTree = "<group>"; };
		56B1C04E1B6230B300A844CF /* ph.png */ = {isa = PBXFileReference; lastKnownFileType = image.png; path = ph.png; sourceTree = "<group>"; };
		56B1C04F1B6230B300A844CF /* zjpzh.png */ = {isa = PBXFileReference; lastKnownFileType = image.png; path = zjpzh.png; sourceTree = "<group>"; };
		56B1C0501B6230B300A844CF /* zwgk.png */ = {isa = PBXFileReference; lastKnownFileType = image.png; path = zwgk.png; sourceTree = "<group>"; };
		56B1C0511B6230B300A844CF /* wsbs.png */ = {isa = PBXFileReference; lastKnownFileType = image.png; path = wsbs.png; sourceTree = "<group>"; };
		56B1C0521B6230B300A844CF /* ggfw.png */ = {isa = PBXFileReference; lastKnownFileType = image.png; path = ggfw.png; sourceTree = "<group>"; };
		56B1C0531B6230B300A844CF /* xw_bj.png */ = {isa = PBXFileReference; lastKnownFileType = image.png; path = xw_bj.png; sourceTree = "<group>"; };
		56B1C0921B6232B500A844CF /* bmdt.png */ = {isa = PBXFileReference; lastKnownFileType = image.png; path = bmdt.png; sourceTree = "<group>"; };
		56B1C0931B6232B500A844CF /* gggs.png */ = {isa = PBXFileReference; lastKnownFileType = image.png; path = gggs.png; sourceTree = "<group>"; };
		56B1C0941B6232B500A844CF /* gzhy.png */ = {isa = PBXFileReference; lastKnownFileType = image.png; path = gzhy.png; sourceTree = "<group>"; };
		56B1C0951B6232B500A844CF /* ldhd.png */ = {isa = PBXFileReference; lastKnownFileType = image.png; path = ldhd.png; sourceTree = "<group>"; };
		56B1C0961B6232B500A844CF /* qxkx.png */ = {isa = PBXFileReference; lastKnownFileType = image.png; path = qxkx.png; sourceTree = "<group>"; };
		56B972451B4FC1A3009CFE8D /* PrefixHeader.pch */ = {isa = PBXFileReference; lastKnownFileType = sourcecode.c.h; path = PrefixHeader.pch; sourceTree = "<group>"; };
		56BAB21E1B4D093700E3CE50 /* AdScrollView.h */ = {isa = PBXFileReference; fileEncoding = 4; lastKnownFileType = sourcecode.c.h; path = AdScrollView.h; sourceTree = "<group>"; };
		56BAB21F1B4D093700E3CE50 /* AdScrollView.m */ = {isa = PBXFileReference; fileEncoding = 4; lastKnownFileType = sourcecode.c.objc; path = AdScrollView.m; sourceTree = "<group>"; };
		56BAB2201B4D093700E3CE50 /* AdDataModel.h */ = {isa = PBXFileReference; fileEncoding = 4; lastKnownFileType = sourcecode.c.h; path = AdDataModel.h; sourceTree = "<group>"; };
		56BAB2211B4D093700E3CE50 /* AdDataModel.m */ = {isa = PBXFileReference; fileEncoding = 4; lastKnownFileType = sourcecode.c.objc; path = AdDataModel.m; sourceTree = "<group>"; };
		56BAB2221B4D093700E3CE50 /* AdDataPlist.plist */ = {isa = PBXFileReference; fileEncoding = 4; lastKnownFileType = text.plist.xml; path = AdDataPlist.plist; sourceTree = "<group>"; };
		56C064611B5397820054D8C4 /* HYSegmentedControl.h */ = {isa = PBXFileReference; fileEncoding = 4; lastKnownFileType = sourcecode.c.h; path = HYSegmentedControl.h; sourceTree = "<group>"; };
		56C064621B5397820054D8C4 /* HYSegmentedControl.m */ = {isa = PBXFileReference; fileEncoding = 4; lastKnownFileType = sourcecode.c.objc; path = HYSegmentedControl.m; sourceTree = "<group>"; };
		56C99E9D1B631B2A0046EABC /* hd.png */ = {isa = PBXFileReference; lastKnownFileType = image.png; path = hd.png; sourceTree = "<group>"; };
		56C99E9E1B631B2A0046EABC /* hy.png */ = {isa = PBXFileReference; lastKnownFileType = image.png; path = hy.png; sourceTree = "<group>"; };
		56C99E9F1B631B2A0046EABC /* jh.png */ = {isa = PBXFileReference; lastKnownFileType = image.png; path = jh.png; sourceTree = "<group>"; };
		56C99EA01B631B2A0046EABC /* qt.png */ = {isa = PBXFileReference; lastKnownFileType = image.png; path = qt.png; sourceTree = "<group>"; };
		56C99EA11B631B2A0046EABC /* ty.png */ = {isa = PBXFileReference; lastKnownFileType = image.png; path = ty.png; sourceTree = "<group>"; };
		56C99EA21B631B2A0046EABC /* bg.png */ = {isa = PBXFileReference; lastKnownFileType = image.png; path = bg.png; sourceTree = "<group>"; };
		56C99EA91B631F690046EABC /* sppzh_1.png */ = {isa = PBXFileReference; lastKnownFileType = image.png; path = sppzh_1.png; sourceTree = "<group>"; };
		56C99EAA1B631F690046EABC /* tkpzh_1.png */ = {isa = PBXFileReference; lastKnownFileType = image.png; path = tkpzh_1.png; sourceTree = "<group>"; };
		56C99EAD1B6321890046EABC /* jz.png */ = {isa = PBXFileReference; lastKnownFileType = image.png; name = jz.png; path = "图看攀枝花/jz.png"; sourceTree = "<group>"; };
		56C99EAF1B6322430046EABC /* ghp_1.png */ = {isa = PBXFileReference; lastKnownFileType = image.png; path = ghp_1.png; sourceTree = "<group>"; };
		56C99EB01B6322430046EABC /* ghp.png */ = {isa = PBXFileReference; lastKnownFileType = image.png; path = ghp.png; sourceTree = "<group>"; };
		56C99EB11B6322430046EABC /* ycdmm_1.png */ = {isa = PBXFileReference; lastKnownFileType = image.png; path = ycdmm_1.png; sourceTree = "<group>"; };
		56C99EB21B6322430046EABC /* xxp_1.png */ = {isa = PBXFileReference; lastKnownFileType = image.png; path = xxp_1.png; sourceTree = "<group>"; };
		56C99EB31B6322430046EABC /* xxp.png */ = {isa = PBXFileReference; lastKnownFileType = image.png; path = xxp.png; sourceTree = "<group>"; };
		56C99EB41B6322430046EABC /* ycdmm.png */ = {isa = PBXFileReference; lastKnownFileType = image.png; path = ycdmm.png; sourceTree = "<group>"; };
		56C99EB51B6322430046EABC /* yjzm_1.png */ = {isa = PBXFileReference; lastKnownFileType = image.png; path = yjzm_1.png; sourceTree = "<group>"; };
		56C99EB61B6322430046EABC /* yjzm.png */ = {isa = PBXFileReference; lastKnownFileType = image.png; path = yjzm.png; sourceTree = "<group>"; };
		56C99EBF1B6326C80046EABC /* bdj_bj.png */ = {isa = PBXFileReference; lastKnownFileType = image.png; path = bdj_bj.png; sourceTree = "<group>"; };
		56C99EC01B6326C80046EABC /* dj_bj.png */ = {isa = PBXFileReference; lastKnownFileType = image.png; path = dj_bj.png; sourceTree = "<group>"; };
		56C99EC11B6326C80046EABC /* xian.png */ = {isa = PBXFileReference; lastKnownFileType = image.png; path = xian.png; sourceTree = "<group>"; };
		56C99EC61B6326DD0046EABC /* bjan.png */ = {isa = PBXFileReference; lastKnownFileType = image.png; path = bjan.png; sourceTree = "<group>"; };
		56C99EC71B6326DD0046EABC /* bs.png */ = {isa = PBXFileReference; lastKnownFileType = image.png; path = bs.png; sourceTree = "<group>"; };
		56C99EC81B6326DD0046EABC /* bsgg.png */ = {isa = PBXFileReference; lastKnownFileType = image.png; path = bsgg.png; sourceTree = "<group>"; };
		56C99EC91B6326DD0046EABC /* ls.png */ = {isa = PBXFileReference; lastKnownFileType = image.png; path = ls.png; sourceTree = "<group>"; };
		56C99ECA1B6326DD0046EABC /* lstd.png */ = {isa = PBXFileReference; lastKnownFileType = image.png; path = lstd.png; sourceTree = "<group>"; };
		56C99ECB1B6326DD0046EABC /* mxqy.png */ = {isa = PBXFileReference; lastKnownFileType = image.png; path = mxqy.png; sourceTree = "<group>"; };
		56C99ECC1B6326DD0046EABC /* mxsm.png */ = {isa = PBXFileReference; lastKnownFileType = image.png; path = mxsm.png; sourceTree = "<group>"; };
		56C99ECD1B6326DD0046EABC /* qy.png */ = {isa = PBXFileReference; lastKnownFileType = image.png; path = qy.png; sourceTree = "<group>"; };
		56C99ECE1B6326DD0046EABC /* sm.png */ = {isa = PBXFileReference; lastKnownFileType = image.png; path = sm.png; sourceTree = "<group>"; };
		56C99ED01B6326DD0046EABC /* bm.png */ = {isa = PBXFileReference; lastKnownFileType = image.png; path = bm.png; sourceTree = "<group>"; };
		56C99ED11B6326DD0046EABC /* cjr.png */ = {isa = PBXFileReference; lastKnownFileType = image.png; path = cjr.png; sourceTree = "<group>"; };
		56C99ED21B6326DD0046EABC /* et.png */ = {isa = PBXFileReference; lastKnownFileType = image.png; path = et.png; sourceTree = "<group>"; };
		56C99ED31B6326DD0046EABC /* fl.png */ = {isa = PBXFileReference; lastKnownFileType = image.png; path = fl.png; sourceTree = "<group>"; };
		56C99ED41B6326DD0046EABC /* tzz.png */ = {isa = PBXFileReference; lastKnownFileType = image.png; path = tzz.png; sourceTree = "<group>"; };
		56C99ED51B6326DD0046EABC /* xs.png */ = {isa = PBXFileReference; lastKnownFileType = image.png; path = xs.png; sourceTree = "<group>"; };
		56C99ED71B6326DD0046EABC /* aqfh.png */ = {isa = PBXFileReference; lastKnownFileType = image.png; path = aqfh.png; sourceTree = "<group>"; };
		56C99ED81B6326DD0046EABC /* cssw.png */ = {isa = PBXFileReference; lastKnownFileType = image.png; path = cssw.png; sourceTree = "<group>"; };
		56C99ED91B6326DD0046EABC /* dwmy.png */ = {isa = PBXFileReference; lastKnownFileType = image.png; path = dwmy.png; sourceTree = "<group>"; };
		56C99EDA1B6326DD0046EABC /* flsf.png */ = {isa = PBXFileReference; lastKnownFileType = image.png; path = flsf.png; sourceTree = "<group>"; };
		56C99EDB1B6326DD0046EABC /* gcjs.png */ = {isa = PBXFileReference; lastKnownFileType = image.png; path = gcjs.png; sourceTree = "<group>"; };
		56C99EDC1B6326DD0046EABC /* hblh.png */ = {isa = PBXFileReference; lastKnownFileType = image.png; path = hblh.png; sourceTree = "<group>"; };
		56C99EDD1B6326DD0046EABC /* jrbx.png */ = {isa = PBXFileReference; lastKnownFileType = image.png; path = jrbx.png; sourceTree = "<group>"; };
		56C99EDE1B6326DD0046EABC /* jygl.png */ = {isa = PBXFileReference; lastKnownFileType = image.png; path = jygl.png; sourceTree = "<group>"; };
		56C99EDF1B6326DD0046EABC /* ldbz.png */ = {isa = PBXFileReference; lastKnownFileType = image.png; path = ldbz.png; sourceTree = "<group>"; };
		56C99EE01B6326DD0046EABC /* njbl.png */ = {isa = PBXFileReference; lastKnownFileType = image.png; path = njbl.png; sourceTree = "<group>"; };
		56C99EE11B6326DD0046EABC /* pcsb.png */ = {isa = PBXFileReference; lastKnownFileType = image.png; path = pcsb.png; sourceTree = "<group>"; };
		56C99EE21B6326DD0046EABC /* rlzy.png */ = {isa = PBXFileReference; lastKnownFileType = image.png; path = rlzy.png; sourceTree = "<group>"; };
		56C99EE31B6326DD0046EABC /* tdfc.png */ = {isa = PBXFileReference; lastKnownFileType = image.png; path = tdfc.png; sourceTree = "<group>"; };
		56C99EE41B6326DD0046EABC /* xwcb.png */ = {isa = PBXFileReference; lastKnownFileType = image.png; path = xwcb.png; sourceTree = "<group>"; };
		56C99EE51B6326DD0046EABC /* zhqt.png */ = {isa = PBXFileReference; lastKnownFileType = image.png; path = zhqt.png; sourceTree = "<group>"; };
		56C99EE61B6326DD0046EABC /* zljd.png */ = {isa = PBXFileReference; lastKnownFileType = image.png; path = zljd.png; sourceTree = "<group>"; };
		56C99EE71B6326DD0046EABC /* zscq.png */ = {isa = PBXFileReference; lastKnownFileType = image.png; path = zscq.png; sourceTree = "<group>"; };
		56C99EE91B6326DD0046EABC /* byfw.png */ = {isa = PBXFileReference; lastKnownFileType = image.png; path = byfw.png; sourceTree = "<group>"; };
		56C99EEA1B6326DD0046EABC /* cxly.png */ = {isa = PBXFileReference; lastKnownFileType = image.png; path = cxly.png; sourceTree = "<group>"; };
		56C99EEB1B6326DD0046EABC /* cyzs.png */ = {isa = PBXFileReference; lastKnownFileType = image.png; path = cyzs.png; sourceTree = "<group>"; };
		56C99EEC1B6326DD0046EABC /* etfw.png */ = {isa = PBXFileReference; lastKnownFileType = image.png; path = etfw.png; sourceTree = "<group>"; };
		56C99EED1B6326DD0046EABC /* flsf.png */ = {isa = PBXFileReference; lastKnownFileType = image.png; path = flsf.png; sourceTree = "<group>"; };
		56C99EEE1B6326DD0046EABC /* ggsy.png */ = {isa = PBXFileReference; lastKnownFileType = image.png; path = ggsy.png; sourceTree = "<group>"; };
		56C99EEF1B6326DD0046EABC /* gwyl.png */ = {isa = PBXFileReference; lastKnownFileType = image.png; path = gwyl.png; sourceTree = "<group>"; };
		56C99EF01B6326DD0046EABC /* hyfw.png */ = {isa = PBXFileReference; lastKnownFileType = image.png; path = hyfw.png; sourceTree = "<group>"; };
		56C99EF11B6326DD0046EABC /* jrfw.png */ = {isa = PBXFileReference; lastKnownFileType = image.png; path = jrfw.png; sourceTree = "<group>"; };
		56C99EF21B6326DD0046EABC /* jtcl.png */ = {isa = PBXFileReference; lastKnownFileType = image.png; path = jtcl.png; sourceTree = "<group>"; };
		56C99EF31B6326DD0046EABC /* jtsq.png */ = {isa = PBXFileReference; lastKnownFileType = image.png; path = jtsq.png; sourceTree = "<group>"; };
		56C99EF41B6326DD0046EABC /* jyfw.png */ = {isa = PBXFileReference; lastKnownFileType = image.png; path = jyfw.png; sourceTree = "<group>"; };
		56C99EF51B6326DD0046EABC /* jzqy.png */ = {isa = PBXFileReference; lastKnownFileType = image.png; path = jzqy.png; sourceTree = "<group>"; };
		56C99EF61B6326DD0046EABC /* lnsh.png */ = {isa = PBXFileReference; lastKnownFileType = image.png; path = lnsh.png; sourceTree = "<group>"; };
		56C99EF71B6326DD0046EABC /* shbz.png */ = {isa = PBXFileReference; lastKnownFileType = image.png; path = shbz.png; sourceTree = "<group>"; };
		56C99EF81B6326DD0046EABC /* shqz.png */ = {isa = PBXFileReference; lastKnownFileType = image.png; path = shqz.png; sourceTree = "<group>"; };
		56C99EF91B6326DD0046EABC /* syfw.png */ = {isa = PBXFileReference; lastKnownFileType = image.png; path = syfw.png; sourceTree = "<group>"; };
		56C99EFA1B6326DD0046EABC /* tdzf.png */ = {isa = PBXFileReference; lastKnownFileType = image.png; path = tdzf.png; sourceTree = "<group>"; };
		56C99EFB1B6326DD0046EABC /* xfqy.png */ = {isa = PBXFileReference; lastKnownFileType = image.png; path = xfqy.png; sourceTree = "<group>"; };
		56C99EFC1B6326DD0046EABC /* ylbj.png */ = {isa = PBXFileReference; lastKnownFileType = image.png; path = ylbj.png; sourceTree = "<group>"; };
		56C99EFD1B6326DD0046EABC /* zjbl.png */ = {isa = PBXFileReference; lastKnownFileType = image.png; path = zjbl.png; sourceTree = "<group>"; };
		56C99F341B6326FC0046EABC /* an.png */ = {isa = PBXFileReference; lastKnownFileType = image.png; path = an.png; sourceTree = "<group>"; };
		56C99F351B6326FC0046EABC /* gysy.png */ = {isa = PBXFileReference; lastKnownFileType = image.png; path = gysy.png; sourceTree = "<group>"; };
		56C99F361B6326FC0046EABC /* hysy.png */ = {isa = PBXFileReference; lastKnownFileType = image.png; path = hysy.png; sourceTree = "<group>"; };
		56C99F371B6326FC0046EABC /* jiy.png */ = {isa = PBXFileReference; lastKnownFileType = image.png; path = jiy.png; sourceTree = "<group>"; };
		56C99F381B6326FC0046EABC /* jt.png */ = {isa = PBXFileReference; lastKnownFileType = image.png; path = jt.png; sourceTree = "<group>"; };
		56C99F391B6326FC0046EABC /* jy.png */ = {isa = PBXFileReference; lastKnownFileType = image.png; path = jy.png; sourceTree = "<group>"; };
		56C99F3A1B6326FC0046EABC /* jyns.png */ = {isa = PBXFileReference; lastKnownFileType = image.png; path = jyns.png; sourceTree = "<group>"; };
		56C99F3B1B6326FC0046EABC /* qykb.png */ = {isa = PBXFileReference; lastKnownFileType = image.png; path = qykb.png; sourceTree = "<group>"; };
		56C99F3C1B6326FC0046EABC /* sb.png */ = {isa = PBXFileReference; lastKnownFileType = image.png; path = sb.png; sourceTree = "<group>"; };
		56C99F3D1B6326FC0046EABC /* yl.png */ = {isa = PBXFileReference; lastKnownFileType = image.png; path = yl.png; sourceTree = "<group>"; };
		56C99F3E1B6326FC0046EABC /* zf.png */ = {isa = PBXFileReference; lastKnownFileType = image.png; path = zf.png; sourceTree = "<group>"; };
		56C99F3F1B6326FC0046EABC /* zjbl.png */ = {isa = PBXFileReference; lastKnownFileType = image.png; path = zjbl.png; sourceTree = "<group>"; };
		56C99F401B6326FC0046EABC /* zzrz.png */ = {isa = PBXFileReference; lastKnownFileType = image.png; path = zzrz.png; sourceTree = "<group>"; };
		56D4377E1B56645B0010CFB2 /* VDLPlaybackViewController.h */ = {isa = PBXFileReference; fileEncoding = 4; lastKnownFileType = sourcecode.c.h; path = VDLPlaybackViewController.h; sourceTree = "<group>"; };
		56D4377F1B56645B0010CFB2 /* VDLPlaybackViewController.m */ = {isa = PBXFileReference; fileEncoding = 4; lastKnownFileType = sourcecode.c.objc; path = VDLPlaybackViewController.m; sourceTree = "<group>"; };
		56D437801B56645B0010CFB2 /* VDLPlaybackViewController.xib */ = {isa = PBXFileReference; fileEncoding = 4; lastKnownFileType = file.xib; path = VDLPlaybackViewController.xib; sourceTree = "<group>"; };
		56D437831B5665720010CFB2 /* AudioUnit.framework */ = {isa = PBXFileReference; lastKnownFileType = wrapper.framework; name = AudioUnit.framework; path = System/Library/Frameworks/AudioUnit.framework; sourceTree = SDKROOT; };
		56D68EA11B4B6DF800C1F60C /* GMDCircleLoader.h */ = {isa = PBXFileReference; fileEncoding = 4; lastKnownFileType = sourcecode.c.h; path = GMDCircleLoader.h; sourceTree = "<group>"; };
		56D68EA21B4B6DF800C1F60C /* GMDCircleLoader.m */ = {isa = PBXFileReference; fileEncoding = 4; lastKnownFileType = sourcecode.c.objc; path = GMDCircleLoader.m; sourceTree = "<group>"; };
		56D68EA61B4BA3EE00C1F60C /* SXZWMainViewController.h */ = {isa = PBXFileReference; fileEncoding = 4; lastKnownFileType = sourcecode.c.h; path = SXZWMainViewController.h; sourceTree = "<group>"; };
		56D68EA71B4BA3EE00C1F60C /* SXZWMainViewController.m */ = {isa = PBXFileReference; fileEncoding = 4; lastKnownFileType = sourcecode.c.objc; path = SXZWMainViewController.m; sourceTree = "<group>"; };
		56D68EAA1B4BC99D00C1F60C /* CustomScrollView.h */ = {isa = PBXFileReference; fileEncoding = 4; lastKnownFileType = sourcecode.c.h; path = CustomScrollView.h; sourceTree = "<group>"; };
		56D68EAB1B4BC99D00C1F60C /* CustomScrollView.m */ = {isa = PBXFileReference; fileEncoding = 4; lastKnownFileType = sourcecode.c.objc; path = CustomScrollView.m; sourceTree = "<group>"; };
		56DAE2ED1B5E1A8C0003C44E /* DJRefresh.bundle */ = {isa = PBXFileReference; lastKnownFileType = "wrapper.plug-in"; path = DJRefresh.bundle; sourceTree = "<group>"; };
		56DAE2EE1B5E1A8C0003C44E /* DJRefresh.h */ = {isa = PBXFileReference; fileEncoding = 4; lastKnownFileType = sourcecode.c.h; path = DJRefresh.h; sourceTree = "<group>"; };
		56DAE2EF1B5E1A8C0003C44E /* DJRefresh.m */ = {isa = PBXFileReference; fileEncoding = 4; lastKnownFileType = sourcecode.c.objc; path = DJRefresh.m; sourceTree = "<group>"; };
		56DAE2F11B5E1A8C0003C44E /* DJRefreshBottomView.h */ = {isa = PBXFileReference; fileEncoding = 4; lastKnownFileType = sourcecode.c.h; path = DJRefreshBottomView.h; sourceTree = "<group>"; };
		56DAE2F21B5E1A8C0003C44E /* DJRefreshBottomView.m */ = {isa = PBXFileReference; fileEncoding = 4; lastKnownFileType = sourcecode.c.objc; path = DJRefreshBottomView.m; sourceTree = "<group>"; };
		56DAE2F31B5E1A8C0003C44E /* DJRefreshMacro.h */ = {isa = PBXFileReference; fileEncoding = 4; lastKnownFileType = sourcecode.c.h; path = DJRefreshMacro.h; sourceTree = "<group>"; };
		56DAE2F41B5E1A8C0003C44E /* DJRefreshTopView.h */ = {isa = PBXFileReference; fileEncoding = 4; lastKnownFileType = sourcecode.c.h; path = DJRefreshTopView.h; sourceTree = "<group>"; };
		56DAE2F51B5E1A8C0003C44E /* DJRefreshTopView.m */ = {isa = PBXFileReference; fileEncoding = 4; lastKnownFileType = sourcecode.c.objc; path = DJRefreshTopView.m; sourceTree = "<group>"; };
		56DAE2F61B5E1A8C0003C44E /* DJRefreshView.h */ = {isa = PBXFileReference; fileEncoding = 4; lastKnownFileType = sourcecode.c.h; path = DJRefreshView.h; sourceTree = "<group>"; };
		56DAE2F71B5E1A8C0003C44E /* DJRefreshView.m */ = {isa = PBXFileReference; fileEncoding = 4; lastKnownFileType = sourcecode.c.objc; path = DJRefreshView.m; sourceTree = "<group>"; };
		56DAE2FD1B5E1AA40003C44E /* CollectionViewController.h */ = {isa = PBXFileReference; fileEncoding = 4; lastKnownFileType = sourcecode.c.h; path = CollectionViewController.h; sourceTree = "<group>"; };
		56DAE2FE1B5E1AA40003C44E /* CollectionViewController.m */ = {isa = PBXFileReference; fileEncoding = 4; lastKnownFileType = sourcecode.c.objc; path = CollectionViewController.m; sourceTree = "<group>"; };
		56ECAAB41B54EBCD004480BC /* EconomyViewController.h */ = {isa = PBXFileReference; fileEncoding = 4; lastKnownFileType = sourcecode.c.h; path = EconomyViewController.h; sourceTree = "<group>"; };
		56ECAAB51B54EBCD004480BC /* EconomyViewController.m */ = {isa = PBXFileReference; fileEncoding = 4; lastKnownFileType = sourcecode.c.objc; path = EconomyViewController.m; sourceTree = "<group>"; };
/* End PBXFileReference section */

/* Begin PBXFrameworksBuildPhase section */
		564B561C1B43E78F003A4A14 /* Frameworks */ = {
			isa = PBXFrameworksBuildPhase;
			buildActionMask = 2147483647;
			files = (
				5645C55D1B466A8C0037C505 /* MobileVLCKit.framework in Frameworks */,
				562EEF851B451CA6006ADF6D /* Foundation.framework in Frameworks */,
				562EEF831B451C8E006ADF6D /* UIKit.framework in Frameworks */,
				562EEF811B451C83006ADF6D /* AudioToolbox.framework in Frameworks */,
				562EEF7F1B451C76006ADF6D /* OpenGLES.framework in Frameworks */,
				562EEF7D1B451C68006ADF6D /* CFNetwork.framework in Frameworks */,
				562EEF7B1B451C5E006ADF6D /* CoreText.framework in Frameworks */,
				562EEF791B4519A3006ADF6D /* libbz2.dylib in Frameworks */,
				562EEF771B45197B006ADF6D /* libiconv.dylib in Frameworks */,
				562EEF731B451727006ADF6D /* libstdc++.dylib in Frameworks */,
				562EEF711B451710006ADF6D /* QuartzCore.framework in Frameworks */,
				562EEF6F1B45168A006ADF6D /* CoreGraphics.framework in Frameworks */,
				562EEF6D1B45167B006ADF6D /* MediaPlayer.framework in Frameworks */,
				562EEF6B1B45166C006ADF6D /* Security.framework in Frameworks */,
				56858B751B43ED93007873FE /* AVFoundation.framework in Frameworks */,
			);
			runOnlyForDeploymentPostprocessing = 0;
		};
		564B56351B43E78F003A4A14 /* Frameworks */ = {
			isa = PBXFrameworksBuildPhase;
			buildActionMask = 2147483647;
			files = (
			);
			runOnlyForDeploymentPostprocessing = 0;
		};
/* End PBXFrameworksBuildPhase section */

/* Begin PBXGroup section */
		5628215F1B4A477A0044B4A9 /* IntoPZH */ = {
			isa = PBXGroup;
			children = (
				564B564C1B43E823003A4A14 /* IntoPZHViewController.h */,
				564B564D1B43E823003A4A14 /* IntoPZHViewController.m */,
				56ECAAB41B54EBCD004480BC /* EconomyViewController.h */,
				56ECAAB51B54EBCD004480BC /* EconomyViewController.m */,
				564B56501B43E823003A4A14 /* PicForPZHViewController.h */,
				564B56511B43E823003A4A14 /* PicForPZHViewController.m */,
				564B56521B43E823003A4A14 /* VideoForPZHViewController.h */,
				564B56531B43E823003A4A14 /* VideoForPZHViewController.m */,
				562821601B4A47B10044B4A9 /* DetailWebViewController.h */,
				562821611B4A47B10044B4A9 /* DetailWebViewController.m */,
			);
			name = IntoPZH;
			sourceTree = "<group>";
		};
		564B56161B43E78F003A4A14 = {
			isa = PBXGroup;
			children = (
				564B56211B43E78F003A4A14 /* PZH */,
				564B565D1B43E867003A4A14 /* Frameworks */,
				564B563B1B43E78F003A4A14 /* PZHTests */,
				564B56201B43E78F003A4A14 /* Products */,
			);
			sourceTree = "<group>";
		};
		564B56201B43E78F003A4A14 /* Products */ = {
			isa = PBXGroup;
			children = (
				564B561F1B43E78F003A4A14 /* PZH.app */,
				564B56381B43E78F003A4A14 /* PZHTests.xctest */,
			);
			name = Products;
			sourceTree = "<group>";
		};
		564B56211B43E78F003A4A14 /* PZH */ = {
			isa = PBXGroup;
			children = (
				564B56481B43E823003A4A14 /* AppDelegate.h */,
				564B56491B43E823003A4A14 /* AppDelegate.m */,
				564B564E1B43E823003A4A14 /* MainViewController.h */,
				564B564F1B43E823003A4A14 /* MainViewController.m */,
				56B1BF9F1B6214D400A844CF /* openGovernmentAffairs */,
				5628215F1B4A477A0044B4A9 /* IntoPZH */,
				564B562F1B43E78F003A4A14 /* Images.xcassets */,
				564B56221B43E78F003A4A14 /* Supporting Files */,
			);
			path = PZH;
			sourceTree = "<group>";
		};
		564B56221B43E78F003A4A14 /* Supporting Files */ = {
			isa = PBXGroup;
			children = (
				56B1C0121B6230B300A844CF /* Resource */,
				56BAB2261B4D094000E3CE50 /* ScrollVIew */,
				56BAB2271B4D095300E3CE50 /* Player */,
				56BAB2281B4D096700E3CE50 /* NetWork */,
				56B972441B4FC059009CFE8D /* Indicator */,
				56C064641B539DF50054D8C4 /* segment */,
				56DAE2FD1B5E1AA40003C44E /* CollectionViewController.h */,
				56DAE2FE1B5E1AA40003C44E /* CollectionViewController.m */,
				56DAE2EC1B5E1A8C0003C44E /* DJRefresh */,
				564B56231B43E78F003A4A14 /* Info.plist */,
				56B972451B4FC1A3009CFE8D /* PrefixHeader.pch */,
				56D68EAA1B4BC99D00C1F60C /* CustomScrollView.h */,
				56D68EAB1B4BC99D00C1F60C /* CustomScrollView.m */,
				564B56241B43E78F003A4A14 /* main.m */,
				56D68EA61B4BA3EE00C1F60C /* SXZWMainViewController.h */,
				56D68EA71B4BA3EE00C1F60C /* SXZWMainViewController.m */,
			);
			name = "Supporting Files";
			sourceTree = "<group>";
		};
		564B563B1B43E78F003A4A14 /* PZHTests */ = {
			isa = PBXGroup;
			children = (
				564B563E1B43E78F003A4A14 /* PZHTests.m */,
				564B563C1B43E78F003A4A14 /* Supporting Files */,
			);
			path = PZHTests;
			sourceTree = "<group>";
		};
		564B563C1B43E78F003A4A14 /* Supporting Files */ = {
			isa = PBXGroup;
			children = (
				564B563D1B43E78F003A4A14 /* Info.plist */,
			);
			name = "Supporting Files";
			sourceTree = "<group>";
		};
		564B565D1B43E867003A4A14 /* Frameworks */ = {
			isa = PBXGroup;
			children = (
				56D437831B5665720010CFB2 /* AudioUnit.framework */,
				5645C55C1B466A8C0037C505 /* MobileVLCKit.framework */,
				562EEF841B451CA6006ADF6D /* Foundation.framework */,
				562EEF821B451C8E006ADF6D /* UIKit.framework */,
				562EEF801B451C83006ADF6D /* AudioToolbox.framework */,
				562EEF7E1B451C76006ADF6D /* OpenGLES.framework */,
				562EEF7C1B451C68006ADF6D /* CFNetwork.framework */,
				562EEF7A1B451C5E006ADF6D /* CoreText.framework */,
				562EEF781B4519A3006ADF6D /* libbz2.dylib */,
				562EEF761B45197B006ADF6D /* libiconv.dylib */,
				562EEF721B451727006ADF6D /* libstdc++.dylib */,
				562EEF701B451710006ADF6D /* QuartzCore.framework */,
				562EEF6E1B45168A006ADF6D /* CoreGraphics.framework */,
				562EEF6C1B45167B006ADF6D /* MediaPlayer.framework */,
				562EEF6A1B45166C006ADF6D /* Security.framework */,
				56858B741B43ED93007873FE /* AVFoundation.framework */,
			);
			name = Frameworks;
			path = PZHTests;
			sourceTree = "<group>";
		};
		56B1BF9F1B6214D400A844CF /* openGovernmentAffairs */ = {
			isa = PBXGroup;
			children = (
				56B1BFA01B6215B000A844CF /* OpenGovernmentAffairsViewController.h */,
				56B1BFA11B6215B000A844CF /* OpenGovernmentAffairsViewController.m */,
			);
			name = openGovernmentAffairs;
			sourceTree = "<group>";
		};
		56B1C0121B6230B300A844CF /* Resource */ = {
			isa = PBXGroup;
			children = (
				56B1C0141B6230B300A844CF /* dj_1.png */,
				56C99F331B6326FC0046EABC /* 公共服务 */,
				56B1C0181B6230B300A844CF /* 政务公开 */,
				56B1C0231B6230B300A844CF /* 走进攀枝花 */,
				56C99EC51B6326DD0046EABC /* 网上办事 */,
				56B1C04A1B6230B300A844CF /* 首页 */,
			);
			path = Resource;
			sourceTree = SOURCE_ROOT;
		};
		56B1C0181B6230B300A844CF /* 政务公开 */ = {
			isa = PBXGroup;
			children = (
				56C99E9C1B631B2A0046EABC /* 领导活动 */,
				56C99EA21B631B2A0046EABC /* bg.png */,
				56B1C0921B6232B500A844CF /* bmdt.png */,
				56B1C0931B6232B500A844CF /* gggs.png */,
				56B1C0941B6232B500A844CF /* gzhy.png */,
				56B1C0951B6232B500A844CF /* ldhd.png */,
				56B1C0961B6232B500A844CF /* qxkx.png */,
				56B1C01E1B6230B300A844CF /* zi_1.png */,
				56B1C01F1B6230B300A844CF /* zi_2.png */,
				56B1C0201B6230B300A844CF /* zi_3.png */,
				56B1C0211B6230B300A844CF /* zi_4.png */,
				56B1C0221B6230B300A844CF /* zi_5.png */,
			);
			path = "政务公开";
			sourceTree = "<group>";
		};
		56B1C0231B6230B300A844CF /* 走进攀枝花 */ = {
			isa = PBXGroup;
			children = (
				56B1C0241B6230B300A844CF /* sq.png */,
				56B1C0251B6230B300A844CF /* zr.png */,
				56B1C0261B6230B300A844CF /* gm.png */,
				56B1C0271B6230B300A844CF /* tk.png */,
				56B1C0281B6230B300A844CF /* sp.png */,
				56B1C02B1B6230B300A844CF /* sqgk.png */,
				56B1C02C1B6230B300A844CF /* zrgk.png */,
				56B1C02D1B6230B300A844CF /* gmjj.png */,
				56B1C02E1B6230B300A844CF /* tkpzh.png */,
				56B1C02F1B6230B300A844CF /* sppzh.png */,
				56C99EA91B631F690046EABC /* sppzh_1.png */,
				56C99EAA1B631F690046EABC /* tkpzh_1.png */,
				56C99E9B1B631ACB0046EABC /* 图看攀枝花 */,
				56B1C0301B6230B300A844CF /* 国民经济 */,
				56B1C03D1B6230B300A844CF /* 视频攀枝花 */,
			);
			path = "走进攀枝花";
			sourceTree = "<group>";
		};
		56B1C0301B6230B300A844CF /* 国民经济 */ = {
			isa = PBXGroup;
			children = (
				56B1C0311B6230B300A844CF /* iconBackground.png */,
				56B1C0321B6230B300A844CF /* tb_1.png */,
				56B1C0331B6230B300A844CF /* tb_10.png */,
				56B1C0341B6230B300A844CF /* tb_11.png */,
				56B1C0351B6230B300A844CF /* tb_2.png */,
				56B1C0361B6230B300A844CF /* tb_3.png */,
				56B1C0371B6230B300A844CF /* tb_4.png */,
				56B1C0381B6230B300A844CF /* tb_5.png */,
				56B1C0391B6230B300A844CF /* tb_6.png */,
				56B1C03A1B6230B300A844CF /* tb_7.png */,
				56B1C03B1B6230B300A844CF /* tb_8.png */,
				56B1C03C1B6230B300A844CF /* tb_9.png */,
			);
			path = "国民经济";
			sourceTree = "<group>";
		};
		56B1C03D1B6230B300A844CF /* 视频攀枝花 */ = {
			isa = PBXGroup;
			children = (
				56C99EAF1B6322430046EABC /* ghp_1.png */,
				56C99EB01B6322430046EABC /* ghp.png */,
				56C99EB11B6322430046EABC /* ycdmm_1.png */,
				56C99EB21B6322430046EABC /* xxp_1.png */,
				56C99EB31B6322430046EABC /* xxp.png */,
				56C99EB41B6322430046EABC /* ycdmm.png */,
				56C99EB51B6322430046EABC /* yjzm_1.png */,
				56C99EB61B6322430046EABC /* yjzm.png */,
			);
			path = "视频攀枝花";
			sourceTree = "<group>";
		};
		56B1C04A1B6230B300A844CF /* 首页 */ = {
			isa = PBXGroup;
			children = (
				56C99EBF1B6326C80046EABC /* bdj_bj.png */,
				56C99EC01B6326C80046EABC /* dj_bj.png */,
				56C99EC11B6326C80046EABC /* xian.png */,
				56B1C04B1B6230B300A844CF /* hd1.png */,
				56B1C04C1B6230B300A844CF /* hd2.png */,
				56B1C04D1B6230B300A844CF /* hd3.png */,
				56B1C04E1B6230B300A844CF /* ph.png */,
				56B1C04F1B6230B300A844CF /* zjpzh.png */,
				56B1C0501B6230B300A844CF /* zwgk.png */,
				56B1C0511B6230B300A844CF /* wsbs.png */,
				56B1C0521B6230B300A844CF /* ggfw.png */,
				56B1C0531B6230B300A844CF /* xw_bj.png */,
			);
			path = "首页";
			sourceTree = "<group>";
		};
		56B972441B4FC059009CFE8D /* Indicator */ = {
			isa = PBXGroup;
			children = (
				56D68EA11B4B6DF800C1F60C /* GMDCircleLoader.h */,
				56D68EA21B4B6DF800C1F60C /* GMDCircleLoader.m */,
			);
			name = Indicator;
			sourceTree = "<group>";
		};
		56BAB2261B4D094000E3CE50 /* ScrollVIew */ = {
			isa = PBXGroup;
			children = (
				56BAB21E1B4D093700E3CE50 /* AdScrollView.h */,
				56BAB21F1B4D093700E3CE50 /* AdScrollView.m */,
				56BAB2201B4D093700E3CE50 /* AdDataModel.h */,
				56BAB2211B4D093700E3CE50 /* AdDataModel.m */,
				56BAB2221B4D093700E3CE50 /* AdDataPlist.plist */,
			);
			name = ScrollVIew;
			sourceTree = "<group>";
		};
		56BAB2271B4D095300E3CE50 /* Player */ = {
			isa = PBXGroup;
			children = (
				5645C5571B4669AB0037C505 /* VDLViewController.h */,
				5645C5581B4669AB0037C505 /* VDLViewController.m */,
				5645C5591B4669AB0037C505 /* VDLViewController.xib */,
				56D4377E1B56645B0010CFB2 /* VDLPlaybackViewController.h */,
				56D4377F1B56645B0010CFB2 /* VDLPlaybackViewController.m */,
				56D437801B56645B0010CFB2 /* VDLPlaybackViewController.xib */,
			);
			name = Player;
			sourceTree = "<group>";
		};
		56BAB2281B4D096700E3CE50 /* NetWork */ = {
			isa = PBXGroup;
			children = (
				564B564A1B43E823003A4A14 /* ConnectionAPI.h */,
				564B564B1B43E823003A4A14 /* ConnectionAPI.m */,
			);
			name = NetWork;
			sourceTree = "<group>";
		};
		56C064641B539DF50054D8C4 /* segment */ = {
			isa = PBXGroup;
			children = (
				56C064611B5397820054D8C4 /* HYSegmentedControl.h */,
				56C064621B5397820054D8C4 /* HYSegmentedControl.m */,
			);
			name = segment;
			sourceTree = "<group>";
		};
		56C99E9B1B631ACB0046EABC /* 图看攀枝花 */ = {
			isa = PBXGroup;
			children = (
				56C99EAD1B6321890046EABC /* jz.png */,
			);
			name = "图看攀枝花";
			sourceTree = "<group>";
		};
		56C99E9C1B631B2A0046EABC /* 领导活动 */ = {
			isa = PBXGroup;
			children = (
				56C99E9D1B631B2A0046EABC /* hd.png */,
				56C99E9E1B631B2A0046EABC /* hy.png */,
				56C99E9F1B631B2A0046EABC /* jh.png */,
				56C99EA01B631B2A0046EABC /* qt.png */,
				56C99EA11B631B2A0046EABC /* ty.png */,
			);
			path = "领导活动";
			sourceTree = "<group>";
		};
		56C99EC51B6326DD0046EABC /* 网上办事 */ = {
			isa = PBXGroup;
			children = (
				56C99EC61B6326DD0046EABC /* bjan.png */,
				56C99EC71B6326DD0046EABC /* bs.png */,
				56C99EC81B6326DD0046EABC /* bsgg.png */,
				56C99EC91B6326DD0046EABC /* ls.png */,
				56C99ECA1B6326DD0046EABC /* lstd.png */,
				56C99ECB1B6326DD0046EABC /* mxqy.png */,
				56C99ECC1B6326DD0046EABC /* mxsm.png */,
				56C99ECD1B6326DD0046EABC /* qy.png */,
				56C99ECE1B6326DD0046EABC /* sm.png */,
				56C99ECF1B6326DD0046EABC /* 绿色通道 */,
				56C99ED61B6326DD0046EABC /* 面向企业 */,
				56C99EE81B6326DD0046EABC /* 面向市民 */,
			);
			name = "网上办事";
			path = "Resource/网上办事";
			sourceTree = SOURCE_ROOT;
		};
		56C99ECF1B6326DD0046EABC /* 绿色通道 */ = {
			isa = PBXGroup;
			children = (
				56C99ED01B6326DD0046EABC /* bm.png */,
				56C99ED11B6326DD0046EABC /* cjr.png */,
				56C99ED21B6326DD0046EABC /* et.png */,
				56C99ED31B6326DD0046EABC /* fl.png */,
				56C99ED41B6326DD0046EABC /* tzz.png */,
				56C99ED51B6326DD0046EABC /* xs.png */,
			);
			path = "绿色通道";
			sourceTree = "<group>";
		};
		56C99ED61B6326DD0046EABC /* 面向企业 */ = {
			isa = PBXGroup;
			children = (
				56C99ED71B6326DD0046EABC /* aqfh.png */,
				56C99ED81B6326DD0046EABC /* cssw.png */,
				56C99ED91B6326DD0046EABC /* dwmy.png */,
				56C99EDA1B6326DD0046EABC /* flsf.png */,
				56C99EDB1B6326DD0046EABC /* gcjs.png */,
				56C99EDC1B6326DD0046EABC /* hblh.png */,
				56C99EDD1B6326DD0046EABC /* jrbx.png */,
				56C99EDE1B6326DD0046EABC /* jygl.png */,
				56C99EDF1B6326DD0046EABC /* ldbz.png */,
				56C99EE01B6326DD0046EABC /* njbl.png */,
				56C99EE11B6326DD0046EABC /* pcsb.png */,
				56C99EE21B6326DD0046EABC /* rlzy.png */,
				56C99EE31B6326DD0046EABC /* tdfc.png */,
				56C99EE41B6326DD0046EABC /* xwcb.png */,
				56C99EE51B6326DD0046EABC /* zhqt.png */,
				56C99EE61B6326DD0046EABC /* zljd.png */,
				56C99EE71B6326DD0046EABC /* zscq.png */,
			);
			path = "面向企业";
			sourceTree = "<group>";
		};
		56C99EE81B6326DD0046EABC /* 面向市民 */ = {
			isa = PBXGroup;
			children = (
				56C99EE91B6326DD0046EABC /* byfw.png */,
				56C99EEA1B6326DD0046EABC /* cxly.png */,
				56C99EEB1B6326DD0046EABC /* cyzs.png */,
				56C99EEC1B6326DD0046EABC /* etfw.png */,
				56C99EED1B6326DD0046EABC /* flsf.png */,
				56C99EEE1B6326DD0046EABC /* ggsy.png */,
				56C99EEF1B6326DD0046EABC /* gwyl.png */,
				56C99EF01B6326DD0046EABC /* hyfw.png */,
				56C99EF11B6326DD0046EABC /* jrfw.png */,
				56C99EF21B6326DD0046EABC /* jtcl.png */,
				56C99EF31B6326DD0046EABC /* jtsq.png */,
				56C99EF41B6326DD0046EABC /* jyfw.png */,
				56C99EF51B6326DD0046EABC /* jzqy.png */,
				56C99EF61B6326DD0046EABC /* lnsh.png */,
				56C99EF71B6326DD0046EABC /* shbz.png */,
				56C99EF81B6326DD0046EABC /* shqz.png */,
				56C99EF91B6326DD0046EABC /* syfw.png */,
				56C99EFA1B6326DD0046EABC /* tdzf.png */,
				56C99EFB1B6326DD0046EABC /* xfqy.png */,
				56C99EFC1B6326DD0046EABC /* ylbj.png */,
				56C99EFD1B6326DD0046EABC /* zjbl.png */,
			);
			path = "面向市民";
			sourceTree = "<group>";
		};
		56C99F331B6326FC0046EABC /* 公共服务 */ = {
			isa = PBXGroup;
			children = (
				56C99F341B6326FC0046EABC /* an.png */,
				56C99F351B6326FC0046EABC /* gysy.png */,
				56C99F361B6326FC0046EABC /* hysy.png */,
				56C99F371B6326FC0046EABC /* jiy.png */,
				56C99F381B6326FC0046EABC /* jt.png */,
				56C99F391B6326FC0046EABC /* jy.png */,
				56C99F3A1B6326FC0046EABC /* jyns.png */,
				56C99F3B1B6326FC0046EABC /* qykb.png */,
				56C99F3C1B6326FC0046EABC /* sb.png */,
				56C99F3D1B6326FC0046EABC /* yl.png */,
				56C99F3E1B6326FC0046EABC /* zf.png */,
				56C99F3F1B6326FC0046EABC /* zjbl.png */,
				56C99F401B6326FC0046EABC /* zzrz.png */,
			);
			path = "公共服务";
			sourceTree = "<group>";
		};
		56DAE2EC1B5E1A8C0003C44E /* DJRefresh */ = {
			isa = PBXGroup;
			children = (
				56DAE2ED1B5E1A8C0003C44E /* DJRefresh.bundle */,
				56DAE2EE1B5E1A8C0003C44E /* DJRefresh.h */,
				56DAE2EF1B5E1A8C0003C44E /* DJRefresh.m */,
				56DAE2F01B5E1A8C0003C44E /* DJRefreshView */,
			);
			path = DJRefresh;
			sourceTree = "<group>";
		};
		56DAE2F01B5E1A8C0003C44E /* DJRefreshView */ = {
			isa = PBXGroup;
			children = (
				56DAE2F11B5E1A8C0003C44E /* DJRefreshBottomView.h */,
				56DAE2F21B5E1A8C0003C44E /* DJRefreshBottomView.m */,
				56DAE2F31B5E1A8C0003C44E /* DJRefreshMacro.h */,
				56DAE2F41B5E1A8C0003C44E /* DJRefreshTopView.h */,
				56DAE2F51B5E1A8C0003C44E /* DJRefreshTopView.m */,
				56DAE2F61B5E1A8C0003C44E /* DJRefreshView.h */,
				56DAE2F71B5E1A8C0003C44E /* DJRefreshView.m */,
			);
			path = DJRefreshView;
			sourceTree = "<group>";
		};
/* End PBXGroup section */

/* Begin PBXNativeTarget section */
		564B561E1B43E78F003A4A14 /* PZH */ = {
			isa = PBXNativeTarget;
			buildConfigurationList = 564B56421B43E78F003A4A14 /* Build configuration list for PBXNativeTarget "PZH" */;
			buildPhases = (
				564B561B1B43E78F003A4A14 /* Sources */,
				564B561C1B43E78F003A4A14 /* Frameworks */,
				564B561D1B43E78F003A4A14 /* Resources */,
				5600BB811B58D9CC00092FD3 /* CopyFiles */,
			);
			buildRules = (
			);
			dependencies = (
			);
			name = PZH;
			productName = PZH;
			productReference = 564B561F1B43E78F003A4A14 /* PZH.app */;
			productType = "com.apple.product-type.application";
		};
		564B56371B43E78F003A4A14 /* PZHTests */ = {
			isa = PBXNativeTarget;
			buildConfigurationList = 564B56451B43E78F003A4A14 /* Build configuration list for PBXNativeTarget "PZHTests" */;
			buildPhases = (
				564B56341B43E78F003A4A14 /* Sources */,
				564B56351B43E78F003A4A14 /* Frameworks */,
				564B56361B43E78F003A4A14 /* Resources */,
			);
			buildRules = (
			);
			dependencies = (
				564B563A1B43E78F003A4A14 /* PBXTargetDependency */,
			);
			name = PZHTests;
			productName = PZHTests;
			productReference = 564B56381B43E78F003A4A14 /* PZHTests.xctest */;
			productType = "com.apple.product-type.bundle.unit-test";
		};
/* End PBXNativeTarget section */

/* Begin PBXProject section */
		564B56171B43E78F003A4A14 /* Project object */ = {
			isa = PBXProject;
			attributes = {
				LastUpgradeCheck = 0640;
				ORGANIZATIONNAME = "IOS-developer";
				TargetAttributes = {
					564B561E1B43E78F003A4A14 = {
						CreatedOnToolsVersion = 6.4;
						DevelopmentTeam = 2FQ7N87PG5;
					};
					564B56371B43E78F003A4A14 = {
						CreatedOnToolsVersion = 6.4;
						TestTargetID = 564B561E1B43E78F003A4A14;
					};
				};
			};
			buildConfigurationList = 564B561A1B43E78F003A4A14 /* Build configuration list for PBXProject "PZH" */;
			compatibilityVersion = "Xcode 3.2";
			developmentRegion = English;
			hasScannedForEncodings = 0;
			knownRegions = (
				en,
				Base,
			);
			mainGroup = 564B56161B43E78F003A4A14;
			productRefGroup = 564B56201B43E78F003A4A14 /* Products */;
			projectDirPath = "";
			projectRoot = "";
			targets = (
				564B561E1B43E78F003A4A14 /* PZH */,
				564B56371B43E78F003A4A14 /* PZHTests */,
			);
		};
/* End PBXProject section */

/* Begin PBXResourcesBuildPhase section */
		564B561D1B43E78F003A4A14 /* Resources */ = {
			isa = PBXResourcesBuildPhase;
			buildActionMask = 2147483647;
			files = (
				56C99F4A1B6326FC0046EABC /* yl.png in Resources */,
				56B1C0651B6230B300A844CF /* zr.png in Resources */,
				56C99EC31B6326C80046EABC /* dj_bj.png in Resources */,
				56C99F1D1B6326DD0046EABC /* zscq.png in Resources */,
				56C99F021B6326DD0046EABC /* lstd.png in Resources */,
				564B56301B43E78F003A4A14 /* Images.xcassets in Resources */,
				56C99EA81B631B2A0046EABC /* bg.png in Resources */,
				56C99F091B6326DD0046EABC /* et.png in Resources */,
				56C99F421B6326FC0046EABC /* gysy.png in Resources */,
				56B1C06E1B6230B300A844CF /* tkpzh.png in Resources */,
				56B1C0611B6230B300A844CF /* zi_3.png in Resources */,
				56C99F301B6326DD0046EABC /* xfqy.png in Resources */,
				56C99F001B6326DD0046EABC /* bsgg.png in Resources */,
				56B1C08E1B6230B300A844CF /* wsbs.png in Resources */,
				56C99F181B6326DD0046EABC /* rlzy.png in Resources */,
				56C99F081B6326DD0046EABC /* cjr.png in Resources */,
				56C99F141B6326DD0046EABC /* jygl.png in Resources */,
				56C99F0F1B6326DD0046EABC /* dwmy.png in Resources */,
				56C99F031B6326DD0046EABC /* mxqy.png in Resources */,
				56B1C0701B6230B300A844CF /* iconBackground.png in Resources */,
				56B1C0741B6230B300A844CF /* tb_2.png in Resources */,
				56DAE2F81B5E1A8C0003C44E /* DJRefresh.bundle in Resources */,
				56D437821B56645B0010CFB2 /* VDLPlaybackViewController.xib in Resources */,
				56C99EC21B6326C80046EABC /* bdj_bj.png in Resources */,
				56C99F411B6326FC0046EABC /* an.png in Resources */,
				56C99F101B6326DD0046EABC /* flsf.png in Resources */,
				56B1C0641B6230B300A844CF /* sq.png in Resources */,
				56C99F161B6326DD0046EABC /* njbl.png in Resources */,
				56C99EAB1B631F690046EABC /* sppzh_1.png in Resources */,
				56B1C08A1B6230B300A844CF /* hd3.png in Resources */,
				56B1C0631B6230B300A844CF /* zi_5.png in Resources */,
				56C99F4D1B6326FC0046EABC /* zzrz.png in Resources */,
				56C99F271B6326DD0046EABC /* jtcl.png in Resources */,
				56C99EA71B631B2A0046EABC /* ty.png in Resources */,
				56B1C0971B6232B500A844CF /* bmdt.png in Resources */,
				56B1C0561B6230B300A844CF /* dj_1.png in Resources */,
				56C99EA61B631B2A0046EABC /* qt.png in Resources */,
				56C99F2E1B6326DD0046EABC /* syfw.png in Resources */,
				56B1C08C1B6230B300A844CF /* zjpzh.png in Resources */,
				56C99F191B6326DD0046EABC /* tdfc.png in Resources */,
				56B1C0681B6230B300A844CF /* sp.png in Resources */,
				56B1C0791B6230B300A844CF /* tb_7.png in Resources */,
				56C99EBD1B6322430046EABC /* yjzm_1.png in Resources */,
				56C99F0D1B6326DD0046EABC /* aqfh.png in Resources */,
				56B1C0661B6230B300A844CF /* gm.png in Resources */,
				56C99EBC1B6322430046EABC /* ycdmm.png in Resources */,
				56C99EA41B631B2A0046EABC /* hy.png in Resources */,
				56B1C08D1B6230B300A844CF /* zwgk.png in Resources */,
				56B1C0671B6230B300A844CF /* tk.png in Resources */,
				56C99F151B6326DD0046EABC /* ldbz.png in Resources */,
				5645C55B1B4669AB0037C505 /* VDLViewController.xib in Resources */,
				56C99EBB1B6322430046EABC /* xxp.png in Resources */,
				56C99F481B6326FC0046EABC /* qykb.png in Resources */,
				56C99F0C1B6326DD0046EABC /* xs.png in Resources */,
				56C99F4C1B6326FC0046EABC /* zjbl.png in Resources */,
				56B1C07B1B6230B300A844CF /* tb_9.png in Resources */,
				56C99F071B6326DD0046EABC /* bm.png in Resources */,
				56C99F1A1B6326DD0046EABC /* xwcb.png in Resources */,
				56C99F441B6326FC0046EABC /* jiy.png in Resources */,
				56C99F2C1B6326DD0046EABC /* shbz.png in Resources */,
				56B1C06C1B6230B300A844CF /* zrgk.png in Resources */,
				56C99F201B6326DD0046EABC /* cyzs.png in Resources */,
				56C99F4B1B6326FC0046EABC /* zf.png in Resources */,
				56C99F1C1B6326DD0046EABC /* zljd.png in Resources */,
				56C99F1E1B6326DD0046EABC /* byfw.png in Resources */,
				56C99F0B1B6326DD0046EABC /* tzz.png in Resources */,
				56B1C08F1B6230B300A844CF /* ggfw.png in Resources */,
				56B1C0771B6230B300A844CF /* tb_5.png in Resources */,
				56C99F2A1B6326DD0046EABC /* jzqy.png in Resources */,
				56C99F261B6326DD0046EABC /* jrfw.png in Resources */,
				56C99EA31B631B2A0046EABC /* hd.png in Resources */,
				56C99EA51B631B2A0046EABC /* jh.png in Resources */,
				56B1C0881B6230B300A844CF /* hd1.png in Resources */,
				56C99F471B6326FC0046EABC /* jyns.png in Resources */,
				56C99F0E1B6326DD0046EABC /* cssw.png in Resources */,
				56C99EFF1B6326DD0046EABC /* bs.png in Resources */,
				56B1C0981B6232B500A844CF /* gggs.png in Resources */,
				56B1C0621B6230B300A844CF /* zi_4.png in Resources */,
				56C99F291B6326DD0046EABC /* jyfw.png in Resources */,
				56B1C0721B6230B300A844CF /* tb_10.png in Resources */,
				56C99F311B6326DD0046EABC /* ylbj.png in Resources */,
				56C99F061B6326DD0046EABC /* sm.png in Resources */,
				56C99EBA1B6322430046EABC /* xxp_1.png in Resources */,
				56B1C06F1B6230B300A844CF /* sppzh.png in Resources */,
				56C99F121B6326DD0046EABC /* hblh.png in Resources */,
				56C99F241B6326DD0046EABC /* gwyl.png in Resources */,
				56C99F281B6326DD0046EABC /* jtsq.png in Resources */,
				56B1C09A1B6232B500A844CF /* ldhd.png in Resources */,
				56C99F2D1B6326DD0046EABC /* shqz.png in Resources */,
				56C99F251B6326DD0046EABC /* hyfw.png in Resources */,
				56C99F171B6326DD0046EABC /* pcsb.png in Resources */,
				56C99EAC1B631F690046EABC /* tkpzh_1.png in Resources */,
				56C99F231B6326DD0046EABC /* ggsy.png in Resources */,
				56B1C0601B6230B300A844CF /* zi_2.png in Resources */,
				56B1C08B1B6230B300A844CF /* ph.png in Resources */,
				56B1C06B1B6230B300A844CF /* sqgk.png in Resources */,
				56C99F111B6326DD0046EABC /* gcjs.png in Resources */,
				56C99EB81B6322430046EABC /* ghp.png in Resources */,
				56B1C0751B6230B300A844CF /* tb_3.png in Resources */,
				56B1C0761B6230B300A844CF /* tb_4.png in Resources */,
				56B1C06D1B6230B300A844CF /* gmjj.png in Resources */,
				56C99F131B6326DD0046EABC /* jrbx.png in Resources */,
				56B1C0901B6230B300A844CF /* xw_bj.png in Resources */,
				56C99F011B6326DD0046EABC /* ls.png in Resources */,
				56C99EAE1B6321890046EABC /* jz.png in Resources */,
				56C99EBE1B6322430046EABC /* yjzm.png in Resources */,
				56B1C0891B6230B300A844CF /* hd2.png in Resources */,
				56B1C0711B6230B300A844CF /* tb_1.png in Resources */,
				56C99F221B6326DD0046EABC /* flsf.png in Resources */,
				56C99F491B6326FC0046EABC /* sb.png in Resources */,
				56B1C09B1B6232B500A844CF /* qxkx.png in Resources */,
				56C99F321B6326DD0046EABC /* zjbl.png in Resources */,
				56C99F451B6326FC0046EABC /* jt.png in Resources */,
				56B1C05F1B6230B300A844CF /* zi_1.png in Resources */,
				56C99EC41B6326C80046EABC /* xian.png in Resources */,
				56C99F051B6326DD0046EABC /* qy.png in Resources */,
				56B1C0781B6230B300A844CF /* tb_6.png in Resources */,
				56C99F1B1B6326DD0046EABC /* zhqt.png in Resources */,
				56C99EB91B6322430046EABC /* ycdmm_1.png in Resources */,
				56C99EB71B6322430046EABC /* ghp_1.png in Resources */,
				56BAB2251B4D093700E3CE50 /* AdDataPlist.plist in Resources */,
				56B1C0991B6232B500A844CF /* gzhy.png in Resources */,
				56C99F1F1B6326DD0046EABC /* cxly.png in Resources */,
				56C99F2B1B6326DD0046EABC /* lnsh.png in Resources */,
				56C99F2F1B6326DD0046EABC /* tdzf.png in Resources */,
				56C99F431B6326FC0046EABC /* hysy.png in Resources */,
				56C99F0A1B6326DD0046EABC /* fl.png in Resources */,
				56C99F041B6326DD0046EABC /* mxsm.png in Resources */,
				56B1C0731B6230B300A844CF /* tb_11.png in Resources */,
				56C99EFE1B6326DD0046EABC /* bjan.png in Resources */,
				56C99F211B6326DD0046EABC /* etfw.png in Resources */,
				56C99F461B6326FC0046EABC /* jy.png in Resources */,
				56B1C07A1B6230B300A844CF /* tb_8.png in Resources */,
			);
			runOnlyForDeploymentPostprocessing = 0;
		};
		564B56361B43E78F003A4A14 /* Resources */ = {
			isa = PBXResourcesBuildPhase;
			buildActionMask = 2147483647;
			files = (
			);
			runOnlyForDeploymentPostprocessing = 0;
		};
/* End PBXResourcesBuildPhase section */

/* Begin PBXSourcesBuildPhase section */
		564B561B1B43E78F003A4A14 /* Sources */ = {
			isa = PBXSourcesBuildPhase;
			buildActionMask = 2147483647;
			files = (
				56DAE2FA1B5E1A8C0003C44E /* DJRefreshBottomView.m in Sources */,
				5600BB831B58DF0100092FD3 /* DetailWebViewController.m in Sources */,
				5600BB841B58DF0100092FD3 /* VDLPlaybackViewController.m in Sources */,
				564B56561B43E823003A4A14 /* AppDelegate.m in Sources */,
				564B56581B43E823003A4A14 /* IntoPZHViewController.m in Sources */,
				564B56251B43E78F003A4A14 /* main.m in Sources */,
				56BAB2231B4D093700E3CE50 /* AdScrollView.m in Sources */,
				56DAE2FF1B5E1AA40003C44E /* CollectionViewController.m in Sources */,
				56DAE2F91B5E1A8C0003C44E /* DJRefresh.m in Sources */,
				56D68EA31B4B6DF800C1F60C /* GMDCircleLoader.m in Sources */,
				56BAB2241B4D093700E3CE50 /* AdDataModel.m in Sources */,
				56DAE2FC1B5E1A8C0003C44E /* DJRefreshView.m in Sources */,
				564B56591B43E823003A4A14 /* MainViewController.m in Sources */,
				564B565A1B43E823003A4A14 /* PicForPZHViewController.m in Sources */,
				56DAE2FB1B5E1A8C0003C44E /* DJRefreshTopView.m in Sources */,
				564B56571B43E823003A4A14 /* ConnectionAPI.m in Sources */,
				56D68EAC1B4BC99D00C1F60C /* CustomScrollView.m in Sources */,
				56ECAAB61B54EBCD004480BC /* EconomyViewController.m in Sources */,
				564B565B1B43E823003A4A14 /* VideoForPZHViewController.m in Sources */,
				56C064631B5397820054D8C4 /* HYSegmentedControl.m in Sources */,
				5645C55A1B4669AB0037C505 /* VDLViewController.m in Sources */,
				56D68EA91B4BA3EE00C1F60C /* SXZWMainViewController.m in Sources */,
				56B1BFA21B6215B000A844CF /* OpenGovernmentAffairsViewController.m in Sources */,
			);
			runOnlyForDeploymentPostprocessing = 0;
		};
		564B56341B43E78F003A4A14 /* Sources */ = {
			isa = PBXSourcesBuildPhase;
			buildActionMask = 2147483647;
			files = (
				564B563F1B43E78F003A4A14 /* PZHTests.m in Sources */,
			);
			runOnlyForDeploymentPostprocessing = 0;
		};
/* End PBXSourcesBuildPhase section */

/* Begin PBXTargetDependency section */
		564B563A1B43E78F003A4A14 /* PBXTargetDependency */ = {
			isa = PBXTargetDependency;
			target = 564B561E1B43E78F003A4A14 /* PZH */;
			targetProxy = 564B56391B43E78F003A4A14 /* PBXContainerItemProxy */;
		};
/* End PBXTargetDependency section */

/* Begin XCBuildConfiguration section */
		564B56401B43E78F003A4A14 /* Debug */ = {
			isa = XCBuildConfiguration;
			buildSettings = {
				ALWAYS_SEARCH_USER_PATHS = NO;
				CLANG_CXX_LANGUAGE_STANDARD = "gnu++0x";
				CLANG_CXX_LIBRARY = "libc++";
				CLANG_ENABLE_MODULES = YES;
				CLANG_ENABLE_OBJC_ARC = YES;
				CLANG_WARN_BOOL_CONVERSION = YES;
				CLANG_WARN_CONSTANT_CONVERSION = YES;
				CLANG_WARN_DIRECT_OBJC_ISA_USAGE = YES_ERROR;
				CLANG_WARN_EMPTY_BODY = YES;
				CLANG_WARN_ENUM_CONVERSION = YES;
				CLANG_WARN_INT_CONVERSION = YES;
				CLANG_WARN_OBJC_ROOT_CLASS = YES_ERROR;
				CLANG_WARN_UNREACHABLE_CODE = YES;
				CLANG_WARN__DUPLICATE_METHOD_MATCH = YES;
				"CODE_SIGN_IDENTITY[sdk=iphoneos*]" = "iPhone Developer";
				COPY_PHASE_STRIP = NO;
				DEBUG_INFORMATION_FORMAT = "dwarf-with-dsym";
				ENABLE_STRICT_OBJC_MSGSEND = YES;
				GCC_C_LANGUAGE_STANDARD = gnu99;
				GCC_DYNAMIC_NO_PIC = NO;
				GCC_NO_COMMON_BLOCKS = YES;
				GCC_OPTIMIZATION_LEVEL = 0;
				GCC_PREPROCESSOR_DEFINITIONS = (
					"DEBUG=1",
					"$(inherited)",
				);
				GCC_SYMBOLS_PRIVATE_EXTERN = NO;
				GCC_WARN_64_TO_32_BIT_CONVERSION = YES;
				GCC_WARN_ABOUT_RETURN_TYPE = YES_ERROR;
				GCC_WARN_UNDECLARED_SELECTOR = YES;
				GCC_WARN_UNINITIALIZED_AUTOS = YES_AGGRESSIVE;
				GCC_WARN_UNUSED_FUNCTION = YES;
				GCC_WARN_UNUSED_VARIABLE = YES;
				IPHONEOS_DEPLOYMENT_TARGET = 6.1;
				MTL_ENABLE_DEBUG_INFO = YES;
				ONLY_ACTIVE_ARCH = YES;
				SDKROOT = iphoneos;
				TARGETED_DEVICE_FAMILY = "1,2";
			};
			name = Debug;
		};
		564B56411B43E78F003A4A14 /* Release */ = {
			isa = XCBuildConfiguration;
			buildSettings = {
				ALWAYS_SEARCH_USER_PATHS = NO;
				CLANG_CXX_LANGUAGE_STANDARD = "gnu++0x";
				CLANG_CXX_LIBRARY = "libc++";
				CLANG_ENABLE_MODULES = YES;
				CLANG_ENABLE_OBJC_ARC = YES;
				CLANG_WARN_BOOL_CONVERSION = YES;
				CLANG_WARN_CONSTANT_CONVERSION = YES;
				CLANG_WARN_DIRECT_OBJC_ISA_USAGE = YES_ERROR;
				CLANG_WARN_EMPTY_BODY = YES;
				CLANG_WARN_ENUM_CONVERSION = YES;
				CLANG_WARN_INT_CONVERSION = YES;
				CLANG_WARN_OBJC_ROOT_CLASS = YES_ERROR;
				CLANG_WARN_UNREACHABLE_CODE = YES;
				CLANG_WARN__DUPLICATE_METHOD_MATCH = YES;
				"CODE_SIGN_IDENTITY[sdk=iphoneos*]" = "iPhone Developer";
				COPY_PHASE_STRIP = NO;
				DEBUG_INFORMATION_FORMAT = "dwarf-with-dsym";
				ENABLE_NS_ASSERTIONS = NO;
				ENABLE_STRICT_OBJC_MSGSEND = YES;
				GCC_C_LANGUAGE_STANDARD = gnu99;
				GCC_NO_COMMON_BLOCKS = YES;
				GCC_WARN_64_TO_32_BIT_CONVERSION = YES;
				GCC_WARN_ABOUT_RETURN_TYPE = YES_ERROR;
				GCC_WARN_UNDECLARED_SELECTOR = YES;
				GCC_WARN_UNINITIALIZED_AUTOS = YES_AGGRESSIVE;
				GCC_WARN_UNUSED_FUNCTION = YES;
				GCC_WARN_UNUSED_VARIABLE = YES;
				IPHONEOS_DEPLOYMENT_TARGET = 6.1;
				MTL_ENABLE_DEBUG_INFO = NO;
				SDKROOT = iphoneos;
				TARGETED_DEVICE_FAMILY = "1,2";
				VALIDATE_PRODUCT = YES;
			};
			name = Release;
		};
		564B56431B43E78F003A4A14 /* Debug */ = {
			isa = XCBuildConfiguration;
			buildSettings = {
				ASSETCATALOG_COMPILER_APPICON_NAME = AppIcon;
				ASSETCATALOG_COMPILER_LAUNCHIMAGE_NAME = LaunchImage;
				CODE_SIGN_IDENTITY = "iPhone Developer";
				"CODE_SIGN_IDENTITY[sdk=iphoneos*]" = "iPhone Developer";
				FRAMEWORK_SEARCH_PATHS = (
					"$(inherited)",
					"$(PROJECT_DIR)/PZH",
					/Users/ZengYifei/Project/VLC/VLC,
				);
				GCC_C_LANGUAGE_STANDARD = gnu99;
				GCC_PREFIX_HEADER = /Users/ZengYifei/project/PZH/PZH/PrefixHeader.pch;
				INFOPLIST_FILE = PZH/Info.plist;
				LD_RUNPATH_SEARCH_PATHS = "$(inherited) @executable_path/Frameworks";
				PRODUCT_NAME = "$(TARGET_NAME)";
				PROVISIONING_PROFILE = "";
			};
			name = Debug;
		};
		564B56441B43E78F003A4A14 /* Release */ = {
			isa = XCBuildConfiguration;
			buildSettings = {
				ASSETCATALOG_COMPILER_APPICON_NAME = AppIcon;
				ASSETCATALOG_COMPILER_LAUNCHIMAGE_NAME = LaunchImage;
				CODE_SIGN_IDENTITY = "iPhone Developer";
				"CODE_SIGN_IDENTITY[sdk=iphoneos*]" = "iPhone Developer";
				FRAMEWORK_SEARCH_PATHS = (
					"$(inherited)",
					"$(PROJECT_DIR)/PZH",
					/Users/ZengYifei/Project/VLC/VLC,
				);
				GCC_C_LANGUAGE_STANDARD = gnu99;
				GCC_PREFIX_HEADER = /Users/ZengYifei/project/PZH/PZH/PrefixHeader.pch;
				INFOPLIST_FILE = PZH/Info.plist;
				LD_RUNPATH_SEARCH_PATHS = "$(inherited) @executable_path/Frameworks";
				PRODUCT_NAME = "$(TARGET_NAME)";
				PROVISIONING_PROFILE = "";
			};
			name = Release;
		};
		564B56461B43E78F003A4A14 /* Debug */ = {
			isa = XCBuildConfiguration;
			buildSettings = {
				BUNDLE_LOADER = "$(TEST_HOST)";
				FRAMEWORK_SEARCH_PATHS = (
					"$(SDKROOT)/Developer/Library/Frameworks",
					"$(inherited)",
				);
				GCC_PREPROCESSOR_DEFINITIONS = (
					"DEBUG=1",
					"$(inherited)",
				);
				INFOPLIST_FILE = PZHTests/Info.plist;
				LD_RUNPATH_SEARCH_PATHS = "$(inherited) @executable_path/Frameworks @loader_path/Frameworks";
				PRODUCT_NAME = "$(TARGET_NAME)";
				TEST_HOST = "$(BUILT_PRODUCTS_DIR)/PZH.app/PZH";
			};
			name = Debug;
		};
		564B56471B43E78F003A4A14 /* Release */ = {
			isa = XCBuildConfiguration;
			buildSettings = {
				BUNDLE_LOADER = "$(TEST_HOST)";
				FRAMEWORK_SEARCH_PATHS = (
					"$(SDKROOT)/Developer/Library/Frameworks",
					"$(inherited)",
				);
				INFOPLIST_FILE = PZHTests/Info.plist;
				LD_RUNPATH_SEARCH_PATHS = "$(inherited) @executable_path/Frameworks @loader_path/Frameworks";
				PRODUCT_NAME = "$(TARGET_NAME)";
				TEST_HOST = "$(BUILT_PRODUCTS_DIR)/PZH.app/PZH";
			};
			name = Release;
		};
/* End XCBuildConfiguration section */

/* Begin XCConfigurationList section */
		564B561A1B43E78F003A4A14 /* Build configuration list for PBXProject "PZH" */ = {
			isa = XCConfigurationList;
			buildConfigurations = (
				564B56401B43E78F003A4A14 /* Debug */,
				564B56411B43E78F003A4A14 /* Release */,
			);
			defaultConfigurationIsVisible = 0;
			defaultConfigurationName = Release;
		};
		564B56421B43E78F003A4A14 /* Build configuration list for PBXNativeTarget "PZH" */ = {
			isa = XCConfigurationList;
			buildConfigurations = (
				564B56431B43E78F003A4A14 /* Debug */,
				564B56441B43E78F003A4A14 /* Release */,
			);
			defaultConfigurationIsVisible = 0;
			defaultConfigurationName = Release;
		};
		564B56451B43E78F003A4A14 /* Build configuration list for PBXNativeTarget "PZHTests" */ = {
			isa = XCConfigurationList;
			buildConfigurations = (
				564B56461B43E78F003A4A14 /* Debug */,
				564B56471B43E78F003A4A14 /* Release */,
			);
			defaultConfigurationIsVisible = 0;
			defaultConfigurationName = Release;
		};
/* End XCConfigurationList section */
	};
	rootObject = 564B56171B43E78F003A4A14 /* Project object */;
}
